{
  "object": {
    "pins": [
      {
        "package": "AttributedText",
        "repositoryURL": "https://github.com/gonzalezreal/AttributedText",
        "state": {
          "branch": null,
          "revision": "c345033e22d5a1cd0e9fe0ec405cc809a8349586",
          "version": "0.3.1"
        }
      },
      {
        "package": "Base58Swift",
        "repositoryURL": "https://github.com/keefertaylor/Base58Swift",
        "state": {
          "branch": null,
          "revision": "1c13ea6b07f1584660526f8bde3d4cc150e91acd",
          "version": "2.1.14"
        }
      },
      {
        "package": "CLifeHash",
        "repositoryURL": "https://github.com/BlockchainCommons/bc-lifehash",
        "state": {
          "branch": null,
          "revision": "518f4398982a327fd14d745d192e28b23f44463f",
          "version": "0.4.0"
        }
      },
      {
        "package": "BCFoundation",
        "repositoryURL": "https://github.com/BlockchainCommons/BCSwiftFoundation",
        "state": {
          "branch": null,
          "revision": "28797c3c62c915635833e9adecd7199e23f0374c",
          "version": "2.1.1"
        }
      },
      {
        "package": "BCSwiftNFC",
        "repositoryURL": "https://github.com/BlockchainCommons/BCSwiftNFC.git",
        "state": {
          "branch": "master",
          "revision": "8c05e3db563a9d0692c7d63d11c07e61bc25de70",
          "version": null
        }
      },
      {
        "package": "BigInt",
        "repositoryURL": "https://github.com/attaswift/BigInt.git",
        "state": {
          "branch": null,
          "revision": "0ed110f7555c34ff468e72e1686e59721f2b0da6",
          "version": "5.3.0"
        }
      },
      {
        "package": "combine-schedulers",
        "repositoryURL": "https://github.com/pointfreeco/combine-schedulers",
        "state": {
          "branch": null,
          "revision": "4cf088c29a20f52be0f2ca54992b492c54e0076b",
          "version": "0.5.3"
        }
      },
      {
        "package": "CryptoSwift",
        "repositoryURL": "https://github.com/krzyzanowskim/CryptoSwift.git",
        "state": {
          "branch": null,
          "revision": "12f2389aca4a07e0dd54c86ec23d0721ed88b8db",
          "version": "1.4.3"
        }
      },
      {
        "package": "Flexer",
        "repositoryURL": "https://github.com/ChimeHQ/Flexer.git",
        "state": {
          "branch": null,
          "revision": "fc83238259c8be6eade1af40d81c41e235e1d178",
          "version": "0.1.0"
        }
      },
      {
        "package": "Interpolate",
        "repositoryURL": "https://github.com/wolfmcnally/Interpolate.git",
        "state": {
          "branch": null,
          "revision": "093dbe309b50c769701b444bfe8b1404fe8d8411",
          "version": "1.0.0"
        }
      },
      {
        "package": "LifeHash",
        "repositoryURL": "https://github.com/BlockchainCommons/LifeHash.git",
        "state": {
          "branch": null,
          "revision": "f9a6b2a843778c0e4d7ebab096e5959c142e96c9",
          "version": "6.2.1"
        }
      },
      {
        "package": "MarkdownUI",
        "repositoryURL": "https://github.com/gonzalezreal/MarkdownUI.git",
        "state": {
          "branch": null,
          "revision": "29d94710545952dd4c724cc2ca901848eef54ded",
          "version": "0.5.2"
        }
      },
      {
        "package": "NetworkImage",
        "repositoryURL": "https://github.com/gonzalezreal/NetworkImage",
        "state": {
          "branch": null,
          "revision": "04167e81ed89a14b5da9b856ead306b969bb5abd",
          "version": "3.1.2"
        }
      },
      {
        "package": "QRCodeGenerator",
        "repositoryURL": "https://github.com/BlockchainCommons/QRCodeGenerator.git",
        "state": {
          "branch": null,
          "revision": "6ae33d4a611e9031413a61e8ba81fd8539f51e49",
          "version": "1.0.5"
        }
      },
      {
        "package": "cmark",
        "repositoryURL": "https://github.com/SwiftDocOrg/swift-cmark.git",
        "state": {
          "branch": null,
          "revision": "9c8096a23f44794bde297452d87c455fc4f76d42",
          "version": "0.29.0+20210102.9c8096a"
        }
      },
      {
        "package": "swift-numerics",
        "repositoryURL": "https://github.com/apple/swift-numerics",
        "state": {
          "branch": null,
          "revision": "6583ac70c326c3ee080c1d42d9ca3361dca816cd",
          "version": "0.1.0"
        }
      },
      {
        "package": "SwiftCommonMark",
        "repositoryURL": "https://github.com/gonzalezreal/SwiftCommonMark",
        "state": {
          "branch": null,
          "revision": "ed60da54305c244d0f77bc8d08495e04161e96a4",
          "version": "0.1.2"
        }
      },
      {
        "package": "SwiftUIFlowLayout",
        "repositoryURL": "https://github.com/globulus/swiftui-flow-layout.git",
        "state": {
          "branch": null,
          "revision": "96f9a3fdb83fd0b73525f6324b8a35ef0dc235fd",
          "version": "1.0.4"
        }
      },
      {
        "package": "SwiftUIPrint",
        "repositoryURL": "https://github.com/wolfmcnally/SwiftUIPrint",
        "state": {
          "branch": null,
          "revision": "06e1953ceff40c08a0e899e604658f2c38358c3e",
          "version": "2.0.1"
        }
      },
      {
        "package": "UIImageColors",
        "repositoryURL": "https://github.com/wolfmcnally/UIImageColors.git",
        "state": {
          "branch": null,
          "revision": "4a918ecb01ab5eee5da03bef2ecb8494c4c255c6",
          "version": "2.1.1"
        }
      },
      {
        "package": "URKit",
        "repositoryURL": "https://github.com/BlockchainCommons/URKit.git",
        "state": {
          "branch": null,
          "revision": "f9716050285389915e1e17d7116ed2a71a95e8ed",
          "version": "3.0.2"
        }
      },
      {
        "package": "URUI",
        "repositoryURL": "https://github.com/BlockchainCommons/URUI.git",
        "state": {
          "branch": null,
          "revision": "dd03cb61ae809709bce31fdb4110488b9419f579",
          "version": "4.0.2"
        }
      },
      {
        "package": "WolfColor",
        "repositoryURL": "https://github.com/wolfmcnally/WolfColor.git",
        "state": {
          "branch": null,
          "revision": "fcc793b82316c5d9496da7796c4b53a81ebb5292",
          "version": "5.1.0"
        }
      },
      {
        "package": "WolfLorem",
        "repositoryURL": "https://github.com/wolfmcnally/WolfLorem.git",
        "state": {
          "branch": null,
          "revision": "31282c368b5f04e2933315c37549f7df685e65eb",
          "version": "2.1.0"
        }
      },
      {
        "package": "WolfOrdinal",
        "repositoryURL": "https://github.com/wolfmcnally/WolfOrdinal.git",
        "state": {
          "branch": null,
          "revision": "ca09719809da66b8dcfa74d2f5ffff00ac6dc735",
          "version": "1.0.2"
        }
      },
      {
        "package": "WolfSwiftUI",
        "repositoryURL": "https://github.com/wolfmcnally/WolfSwiftUI.git",
        "state": {
          "branch": null,
          "revision": "ab6d27548fa577e039d29c99a5a256d4dba4185f",
          "version": "2.1.0"
        }
      },
      {
        "package": "xctest-dynamic-overlay",
        "repositoryURL": "https://github.com/pointfreeco/xctest-dynamic-overlay",
        "state": {
          "branch": null,
          "revision": "50a70a9d3583fe228ce672e8923010c8df2deddd",
          "version": "0.2.1"
        }
      }
    ]
  },
  "version": 1
}
