{
  "pins" : [
    {
      "identity" : "attributedtext",
      "kind" : "remoteSourceControl",
      "location" : "https://github.com/gonzalezreal/AttributedText",
      "state" : {
        "revision" : "0e811cb14de367bbd58a94d12259687e5ee08bea",
        "version" : "1.0.1"
      }
    },
    {
      "identity" : "base58swift",
      "kind" : "remoteSourceControl",
      "location" : "https://github.com/keefertaylor/Base58Swift",
      "state" : {
        "revision" : "1c13ea6b07f1584660526f8bde3d4cc150e91acd",
        "version" : "2.1.14"
      }
    },
    {
      "identity" : "bc-lifehash",
      "kind" : "remoteSourceControl",
      "location" : "https://github.com/BlockchainCommons/bc-lifehash",
      "state" : {
        "revision" : "9f1d125749b763b932619e682588bb7f26933d29",
        "version" : "0.4.1"
      }
    },
    {
      "identity" : "bcswiftcrypto",
      "kind" : "remoteSourceControl",
      "location" : "https://github.com/BlockchainCommons/BCSwiftCrypto.git",
      "state" : {
        "revision" : "e4af871818343284575ecfec5248c427fe9ba0a1",
        "version" : "0.7.1"
      }
    },
    {
      "identity" : "bcswiftdcbor",
      "kind" : "remoteSourceControl",
      "location" : "https://github.com/BlockchainCommons/BCSwiftDCBOR",
      "state" : {
        "revision" : "9affa75e38b60932c6273b03629d6873e8e7598d",
        "version" : "0.10.0"
      }
    },
    {
      "identity" : "bcswiftfloat16",
      "kind" : "remoteSourceControl",
      "location" : "https://github.com/blockchaincommons/BCSwiftFloat16.git",
      "state" : {
        "revision" : "b1aefcdddbef4581579af9e35225c70cf6df107e",
        "version" : "0.2.0"
      }
    },
    {
      "identity" : "bcswiftnfc",
      "kind" : "remoteSourceControl",
      "location" : "https://github.com/BlockchainCommons/BCSwiftNFC.git",
      "state" : {
        "revision" : "972dcce2206066a77eeb3e2cc736de6ce9f8a95d",
        "version" : "2.1.1"
      }
    },
    {
      "identity" : "bcswiftsecurecomponents",
      "kind" : "remoteSourceControl",
      "location" : "https://github.com/BlockchainCommons/BCSwiftSecureComponents.git",
      "state" : {
        "revision" : "c0652efb8f61d7cde47ef07446f63ffb4119de15",
        "version" : "4.5.1"
      }
    },
    {
      "identity" : "bigint",
      "kind" : "remoteSourceControl",
      "location" : "https://github.com/attaswift/BigInt.git",
      "state" : {
        "revision" : "0ed110f7555c34ff468e72e1686e59721f2b0da6",
        "version" : "5.3.0"
      }
    },
    {
      "identity" : "combine-schedulers",
      "kind" : "remoteSourceControl",
      "location" : "https://github.com/pointfreeco/combine-schedulers",
      "state" : {
        "revision" : "ec62f32d21584214a4b27c8cee2b2ad70ab2c38a",
        "version" : "0.11.0"
      }
    },
    {
      "identity" : "cryptoswift",
      "kind" : "remoteSourceControl",
      "location" : "https://github.com/krzyzanowskim/CryptoSwift.git",
      "state" : {
        "revision" : "32f641cf24fc7abc1c591a2025e9f2f572648b0f",
        "version" : "1.7.2"
      }
    },
    {
      "identity" : "flexer",
      "kind" : "remoteSourceControl",
      "location" : "https://github.com/ChimeHQ/Flexer.git",
      "state" : {
        "revision" : "6a3ab33a479bf9e3a057b29e3708569c1dc9460f",
        "version" : "0.2.0"
      }
    },
    {
      "identity" : "graph",
      "kind" : "remoteSourceControl",
      "location" : "https://github.com/WolfMcNally/Graph.git",
      "state" : {
        "revision" : "04538aebf46f120dcce1392a215a7a850c45b4e6",
        "version" : "0.7.0"
      }
    },
    {
      "identity" : "graphdot",
      "kind" : "remoteSourceControl",
      "location" : "https://github.com/WolfMcNally/GraphDot.git",
      "state" : {
        "revision" : "dafe511afa3873e22c5cfd8478a9025d65480f99",
        "version" : "0.4.0"
      }
    },
    {
      "identity" : "graphmermaid",
      "kind" : "remoteSourceControl",
      "location" : "https://github.com/WolfMcNally/GraphMermaid.git",
      "state" : {
        "revision" : "251b091ef0bc75629ab8891784495701b7723465",
        "version" : "0.4.0"
      }
    },
    {
      "identity" : "lifehash",
      "kind" : "remoteSourceControl",
      "location" : "https://github.com/BlockchainCommons/LifeHash.git",
      "state" : {
        "revision" : "fb842d1378b960be6750267e98ae6ce8f287054d",
        "version" : "6.3.2"
      }
    },
    {
      "identity" : "markdownui",
      "kind" : "remoteSourceControl",
      "location" : "https://github.com/gonzalezreal/MarkdownUI.git",
      "state" : {
        "revision" : "6a33c60ad430772d69ac5278e35474d6b3e5d30a",
        "version" : "1.1.1"
      }
    },
    {
      "identity" : "networkimage",
      "kind" : "remoteSourceControl",
      "location" : "https://github.com/gonzalezreal/NetworkImage",
      "state" : {
        "revision" : "c97f83e771c95186af80ef6118f158852a9e54be",
        "version" : "4.0.1"
      }
    },
    {
      "identity" : "qrcodegenerator",
      "kind" : "remoteSourceControl",
      "location" : "https://github.com/BlockchainCommons/QRCodeGenerator.git",
      "state" : {
        "revision" : "6ae33d4a611e9031413a61e8ba81fd8539f51e49",
        "version" : "1.0.5"
      }
    },
    {
      "identity" : "secp256k1-zkp.swift",
      "kind" : "remoteSourceControl",
      "location" : "https://github.com/BlockchainCommons/secp256k1-zkp.swift.git",
      "state" : {
        "revision" : "e8f21c7d8d4dd7ac778e51427b908194f3fd9d82",
        "version" : "0.5.1"
      }
    },
    {
      "identity" : "swift-algorithms",
      "kind" : "remoteSourceControl",
      "location" : "https://github.com/apple/swift-algorithms.git",
      "state" : {
        "revision" : "b14b7f4c528c942f121c8b860b9410b2bf57825e",
        "version" : "1.0.0"
      }
    },
    {
      "identity" : "swift-collections",
      "kind" : "remoteSourceControl",
      "location" : "https://github.com/wolfmcnally/swift-collections",
      "state" : {
        "revision" : "53a8adc54374f620002a3b6401d39e0feb3c57ae",
        "version" : "1.1.0"
      }
    },
    {
      "identity" : "swift-concurrency-extras",
      "kind" : "remoteSourceControl",
      "location" : "https://github.com/pointfreeco/swift-concurrency-extras",
      "state" : {
        "revision" : "479750bd98fac2e813fffcf2af0728b5b0085795",
        "version" : "0.1.1"
      }
    },
    {
      "identity" : "swift-docc-plugin",
      "kind" : "remoteSourceControl",
      "location" : "https://github.com/apple/swift-docc-plugin",
      "state" : {
        "revision" : "26ac5758409154cc448d7ab82389c520fa8a8247",
        "version" : "1.3.0"
      }
    },
    {
      "identity" : "swift-docc-symbolkit",
      "kind" : "remoteSourceControl",
      "location" : "https://github.com/apple/swift-docc-symbolkit",
      "state" : {
        "revision" : "b45d1f2ed151d057b54504d653e0da5552844e34",
        "version" : "1.0.0"
      }
    },
    {
      "identity" : "swift-numerics",
      "kind" : "remoteSourceControl",
      "location" : "https://github.com/apple/swift-numerics",
      "state" : {
        "revision" : "0a5bc04095a675662cf24757cc0640aa2204253b",
        "version" : "1.0.2"
      }
    },
    {
      "identity" : "swiftcommonmark",
      "kind" : "remoteSourceControl",
      "location" : "https://github.com/gonzalezreal/SwiftCommonMark",
      "state" : {
        "revision" : "ed252beaddecce28ea6363f800c773d6169011b8",
        "version" : "1.0.0"
      }
    },
    {
      "identity" : "swiftui-flow-layout",
      "kind" : "remoteSourceControl",
      "location" : "https://github.com/globulus/swiftui-flow-layout.git",
      "state" : {
        "revision" : "de7da3440c3b87ba94adfa98c698828d7746a76d",
        "version" : "1.0.5"
      }
    },
    {
      "identity" : "swiftuiprint",
      "kind" : "remoteSourceControl",
      "location" : "https://github.com/wolfmcnally/SwiftUIPrint",
      "state" : {
        "revision" : "06e1953ceff40c08a0e899e604658f2c38358c3e",
        "version" : "2.0.1"
      }
    },
    {
      "identity" : "treedistance",
      "kind" : "remoteSourceControl",
      "location" : "https://github.com/WolfMcNally/TreeDistance.git",
      "state" : {
        "revision" : "d655b0e516def12b1d4ec30935ecc833ad073f24",
        "version" : "0.1.0"
      }
    },
    {
      "identity" : "uiimagecolors",
      "kind" : "remoteSourceControl",
      "location" : "https://github.com/wolfmcnally/UIImageColors.git",
      "state" : {
        "revision" : "4a918ecb01ab5eee5da03bef2ecb8494c4c255c6",
        "version" : "2.1.1"
      }
    },
    {
      "identity" : "urkit",
      "kind" : "remoteSourceControl",
      "location" : "https://github.com/BlockchainCommons/URKit.git",
      "state" : {
        "revision" : "f1fd22eac3d75ab1eecbb9955b6bdc8d9a65ba5a",
        "version" : "11.3.1"
      }
    },
    {
      "identity" : "urui",
      "kind" : "remoteSourceControl",
      "location" : "https://github.com/BlockchainCommons/URUI.git",
      "state" : {
        "revision" : "ff26f9e771e541a9b3ab3a48fd538491a0bf5234",
        "version" : "8.1.1"
      }
    },
    {
      "identity" : "wolfbase",
      "kind" : "remoteSourceControl",
      "location" : "https://github.com/WolfMcNally/WolfBase",
      "state" : {
        "revision" : "d7219c703316956c42a7f47f926a442d082f043f",
        "version" : "5.3.1"
      }
    },
    {
      "identity" : "wolflorem",
      "kind" : "remoteSourceControl",
      "location" : "https://github.com/wolfmcnally/WolfLorem.git",
      "state" : {
        "revision" : "f2f6258bbd4df953036cd3a8689047ee502b1c1f",
        "version" : "2.3.0"
      }
    },
    {
      "identity" : "wolfordinal",
      "kind" : "remoteSourceControl",
      "location" : "https://github.com/wolfmcnally/WolfOrdinal.git",
      "state" : {
        "revision" : "d70bfe418043755209e5eb82680eefd95dbee564",
        "version" : "2.1.0"
      }
    },
    {
      "identity" : "wolfswiftui",
      "kind" : "remoteSourceControl",
      "location" : "https://github.com/wolfmcnally/WolfSwiftUI.git",
      "state" : {
        "revision" : "59ac45ba4d031b17ff990a3d9c827561953ab033",
        "version" : "2.3.0"
      }
    },
    {
      "identity" : "xctest-dynamic-overlay",
      "kind" : "remoteSourceControl",
      "location" : "https://github.com/pointfreeco/xctest-dynamic-overlay",
      "state" : {
        "revision" : "50843cbb8551db836adec2290bb4bc6bac5c1865",
        "version" : "0.9.0"
      }
    }
  ],
  "version" : 2
}
