{
  "object": {
    "pins": [
      {
        "package": "Interpolate",
        "repositoryURL": "https://github.com/wolfmcnally/Interpolate.git",
        "state": {
          "branch": null,
          "revision": "162839b3b10c17016b67579b5f683173f7c4f1ce",
          "version": "0.2.0"
        }
      },
      {
        "package": "LifeHash",
        "repositoryURL": "https://github.com/BlockchainCommons/LifeHash.git",
        "state": {
          "branch": null,
          "revision": "8ab9141ac2b03089046284dd9cdb8078e3782670",
          "version": "4.3.2"
        }
      },
      {
        "package": "swift-numerics",
        "repositoryURL": "https://github.com/apple/swift-numerics",
        "state": {
          "branch": null,
          "revision": "6b24333510e9044cf4716a07bed65eeed6bc6393",
          "version": "0.0.8"
        }
      },
      {
        "package": "URKit",
        "repositoryURL": "https://github.com/BlockchainCommons/URKit.git",
        "state": {
          "branch": null,
          "revision": "22ba684f02d034f1a970a08cd070934972b809eb",
          "version": "2.1.0"
        }
      },
      {
        "package": "URUI",
        "repositoryURL": "https://github.com/BlockchainCommons/URUI.git",
        "state": {
          "branch": null,
          "revision": "f1701c016e9f78c3f1d3a9f7656ef85df594a549",
          "version": "1.0.0"
        }
      },
      {
        "package": "WolfLorem",
        "repositoryURL": "https://github.com/wolfmcnally/WolfLorem.git",
        "state": {
          "branch": null,
          "revision": "31282c368b5f04e2933315c37549f7df685e65eb",
          "version": "2.1.0"
        }
      },
      {
        "package": "WolfSwiftUI",
        "repositoryURL": "https://github.com/wolfmcnally/WolfSwiftUI.git",
        "state": {
          "branch": null,
          "revision": "6b5edc5aaf5063f97845d4a4171ac7595eeb5561",
          "version": "1.2.0"
        }
      }
    ]
  },
  "version": 1
}
