{
  "object": {
    "pins": [
      {
        "package": "Interpolate",
        "repositoryURL": "https://github.com/wolfmcnally/Interpolate.git",
        "state": {
          "branch": null,
          "revision": "162839b3b10c17016b67579b5f683173f7c4f1ce",
          "version": "0.2.0"
        }
      },
      {
        "package": "LifeHash",
        "repositoryURL": "https://github.com/BlockchainCommons/LifeHash.git",
        "state": {
          "branch": null,
          "revision": "4db94725d381be22dcf84630780e651a77e682fc",
          "version": "4.4.0"
        }
      },
      {
        "package": "swift-numerics",
        "repositoryURL": "https://github.com/apple/swift-numerics",
        "state": {
          "branch": null,
          "revision": "6b24333510e9044cf4716a07bed65eeed6bc6393",
          "version": "0.0.8"
        }
      },
      {
        "package": "UIImageColors",
        "repositoryURL": "https://github.com/wolfmcnally/UIImageColors.git",
        "state": {
          "branch": null,
          "revision": "4a918ecb01ab5eee5da03bef2ecb8494c4c255c6",
          "version": "2.1.1"
        }
      },
      {
        "package": "URKit",
        "repositoryURL": "https://github.com/BlockchainCommons/URKit.git",
        "state": {
          "branch": null,
          "revision": "9be7772f975e4e64f416c3274e2c80066b925a45",
          "version": "2.2.0"
        }
      },
      {
        "package": "URUI",
        "repositoryURL": "https://github.com/BlockchainCommons/URUI.git",
        "state": {
          "branch": null,
          "revision": "f1701c016e9f78c3f1d3a9f7656ef85df594a549",
          "version": "1.0.0"
        }
      },
      {
        "package": "WolfColor",
        "repositoryURL": "https://github.com/wolfmcnally/WolfColor.git",
        "state": {
          "branch": null,
          "revision": "7c57c629d9554c994d5c89a93ab17d922f0f5522",
          "version": "5.0.1"
        }
      },
      {
        "package": "WolfLorem",
        "repositoryURL": "https://github.com/wolfmcnally/WolfLorem.git",
        "state": {
          "branch": null,
          "revision": "31282c368b5f04e2933315c37549f7df685e65eb",
          "version": "2.1.0"
        }
      },
      {
        "package": "WolfSwiftUI",
        "repositoryURL": "https://github.com/wolfmcnally/WolfSwiftUI.git",
        "state": {
          "branch": null,
          "revision": "6b5edc5aaf5063f97845d4a4171ac7595eeb5561",
          "version": "1.2.0"
        }
      }
    ]
  },
  "version": 1
}
