{
  "object": {
    "pins": [
      {
        "package": "Interpolate",
        "repositoryURL": "https://github.com/wolfmcnally/Interpolate.git",
        "state": {
          "branch": null,
          "revision": "162839b3b10c17016b67579b5f683173f7c4f1ce",
          "version": "0.2.0"
        }
      },
      {
        "package": "LifeHash",
        "repositoryURL": "https://github.com/BlockchainCommons/LifeHash.git",
        "state": {
          "branch": null,
          "revision": "0e9f0e646a3d1c0c8b18f2072680eb17e777d1eb",
          "version": "6.0.2"
        }
      },
      {
        "package": "swift-numerics",
        "repositoryURL": "https://github.com/apple/swift-numerics",
        "state": {
          "branch": null,
          "revision": "6b24333510e9044cf4716a07bed65eeed6bc6393",
          "version": "0.0.8"
        }
      },
      {
        "package": "UIImageColors",
        "repositoryURL": "https://github.com/wolfmcnally/UIImageColors.git",
        "state": {
          "branch": null,
          "revision": "4a918ecb01ab5eee5da03bef2ecb8494c4c255c6",
          "version": "2.1.1"
        }
      },
      {
        "package": "URKit",
        "repositoryURL": "https://github.com/BlockchainCommons/URKit.git",
        "state": {
          "branch": null,
          "revision": "10389433bafde9b088692224f27a8409eae87b27",
          "version": "2.3.0"
        }
      },
      {
        "package": "URUI",
        "repositoryURL": "https://github.com/BlockchainCommons/URUI.git",
        "state": {
          "branch": null,
          "revision": "1f69db6bed3c508ba69dee373fa0c45d86bffcda",
          "version": "1.0.1"
        }
      },
      {
        "package": "WolfColor",
        "repositoryURL": "https://github.com/wolfmcnally/WolfColor.git",
        "state": {
          "branch": null,
          "revision": "bce9faee9998c629b45c3c6164ab24ca0e080f9b",
          "version": "5.0.2"
        }
      },
      {
        "package": "WolfLorem",
        "repositoryURL": "https://github.com/wolfmcnally/WolfLorem.git",
        "state": {
          "branch": null,
          "revision": "31282c368b5f04e2933315c37549f7df685e65eb",
          "version": "2.1.0"
        }
      },
      {
        "package": "WolfSwiftUI",
        "repositoryURL": "https://github.com/wolfmcnally/WolfSwiftUI.git",
        "state": {
          "branch": null,
          "revision": "6b5edc5aaf5063f97845d4a4171ac7595eeb5561",
          "version": "1.2.0"
        }
      }
    ]
  },
  "version": 1
}
