// !$*UTF8*$!
{
	archiveVersion = 1;
	classes = {
	};
	objectVersion = 52;
	objects = {

/* Begin PBXBuildFile section */
		032DD3472589C6D800AE1A97 /* CryptoBase.xcframework in Frameworks */ = {isa = PBXBuildFile; fileRef = 032DD3442589C6D800AE1A97 /* CryptoBase.xcframework */; };
		032DD3482589C6D800AE1A97 /* CryptoBase.xcframework in Embed Frameworks */ = {isa = PBXBuildFile; fileRef = 032DD3442589C6D800AE1A97 /* CryptoBase.xcframework */; settings = {ATTRIBUTES = (CodeSignOnCopy, RemoveHeadersOnCopy, ); }; };
		032DD3492589C6D900AE1A97 /* SSKR.xcframework in Frameworks */ = {isa = PBXBuildFile; fileRef = 032DD3452589C6D800AE1A97 /* SSKR.xcframework */; };
		032DD34A2589C6D900AE1A97 /* SSKR.xcframework in Embed Frameworks */ = {isa = PBXBuildFile; fileRef = 032DD3452589C6D800AE1A97 /* SSKR.xcframework */; settings = {ATTRIBUTES = (CodeSignOnCopy, RemoveHeadersOnCopy, ); }; };
		032DD34B2589C6D900AE1A97 /* BIP39.xcframework in Frameworks */ = {isa = PBXBuildFile; fileRef = 032DD3462589C6D800AE1A97 /* BIP39.xcframework */; };
		032DD34C2589C6D900AE1A97 /* BIP39.xcframework in Embed Frameworks */ = {isa = PBXBuildFile; fileRef = 032DD3462589C6D800AE1A97 /* BIP39.xcframework */; settings = {ATTRIBUTES = (CodeSignOnCopy, RemoveHeadersOnCopy, ); }; };
		0335E68F257CA81200A009D3 /* ValueViewable.swift in Sources */ = {isa = PBXBuildFile; fileRef = 0335E68E257CA81200A009D3 /* ValueViewable.swift */; };
		0335E692257CA83600A009D3 /* DieToken.swift in Sources */ = {isa = PBXBuildFile; fileRef = 0335E691257CA83600A009D3 /* DieToken.swift */; };
		0335E695257CB09900A009D3 /* KeypadButtonStyle.swift in Sources */ = {isa = PBXBuildFile; fileRef = 0335E694257CB09900A009D3 /* KeypadButtonStyle.swift */; };
		0335E69A257CB20E00A009D3 /* KeypadFunctionButton.swift in Sources */ = {isa = PBXBuildFile; fileRef = 0335E699257CB20E00A009D3 /* KeypadFunctionButton.swift */; };
		0335E69D257CDAF900A009D3 /* KeypadDeleteButton.swift in Sources */ = {isa = PBXBuildFile; fileRef = 0335E69C257CDAF900A009D3 /* KeypadDeleteButton.swift */; };
		0335E6A0257CDFC400A009D3 /* ByteToken.swift in Sources */ = {isa = PBXBuildFile; fileRef = 0335E69F257CDFC400A009D3 /* ByteToken.swift */; };
		0335E6A3257CE08100A009D3 /* ByteKeypad.swift in Sources */ = {isa = PBXBuildFile; fileRef = 0335E6A2257CE08100A009D3 /* ByteKeypad.swift */; };
		0335E6A6257DA6C400A009D3 /* BitToken.swift in Sources */ = {isa = PBXBuildFile; fileRef = 0335E6A5257DA6C400A009D3 /* BitToken.swift */; };
		0335E6A9257DA7E300A009D3 /* BitKeypad.swift in Sources */ = {isa = PBXBuildFile; fileRef = 0335E6A8257DA7E300A009D3 /* BitKeypad.swift */; };
		0335E6AC257DAB2600A009D3 /* ContextMenuItem.swift in Sources */ = {isa = PBXBuildFile; fileRef = 0335E6AB257DAB2600A009D3 /* ContextMenuItem.swift */; };
		0335E6B2257DB7A700A009D3 /* DataExtensions.swift in Sources */ = {isa = PBXBuildFile; fileRef = 0335E6B1257DB7A700A009D3 /* DataExtensions.swift */; };
		033AA654258CB9320008284D /* SSKRGenerator.swift in Sources */ = {isa = PBXBuildFile; fileRef = 033AA653258CB9320008284D /* SSKRGenerator.swift */; };
		034E6B5E25900E9100A9EC91 /* TapToDismiss.swift in Sources */ = {isa = PBXBuildFile; fileRef = 034E6B5D25900E9100A9EC91 /* TapToDismiss.swift */; };
		034E6B6025902F9200A9EC91 /* Validation.swift in Sources */ = {isa = PBXBuildFile; fileRef = 034E6B5F25902F9200A9EC91 /* Validation.swift */; };
		034E6B6825906CC900A9EC91 /* UIImageColors in Frameworks */ = {isa = PBXBuildFile; productRef = 034E6B6725906CC900A9EC91 /* UIImageColors */; };
		034E6B6A25906CDC00A9EC91 /* ColorUtils.swift in Sources */ = {isa = PBXBuildFile; fileRef = 034E6B6925906CDC00A9EC91 /* ColorUtils.swift */; };
		034E6B6C25906DD200A9EC91 /* NamedColors.json in Resources */ = {isa = PBXBuildFile; fileRef = 034E6B6B25906DD200A9EC91 /* NamedColors.json */; };
		034E6BB525907E6E00A9EC91 /* WolfColor in Frameworks */ = {isa = PBXBuildFile; productRef = 034E6BB425907E6E00A9EC91 /* WolfColor */; };
		034E6BB72590806200A9EC91 /* LifeHashNameGenerator.swift in Sources */ = {isa = PBXBuildFile; fileRef = 034E6BB62590806200A9EC91 /* LifeHashNameGenerator.swift */; };
		034E6BBC25913C8B00A9EC91 /* Keychain.swift in Sources */ = {isa = PBXBuildFile; fileRef = 034E6BBB25913C8B00A9EC91 /* Keychain.swift */; };
		034E6BBE259158D900A9EC91 /* GeneralError.swift in Sources */ = {isa = PBXBuildFile; fileRef = 034E6BBD259158D900A9EC91 /* GeneralError.swift */; };
		034E6BC02591768000A9EC91 /* FourCharCode.swift in Sources */ = {isa = PBXBuildFile; fileRef = 034E6BBF2591768000A9EC91 /* FourCharCode.swift */; };
		034E6BC225917C4100A9EC91 /* UUIDExtensions.swift in Sources */ = {isa = PBXBuildFile; fileRef = 034E6BC125917C4100A9EC91 /* UUIDExtensions.swift */; };
		037474BD2580730D00211084 /* Interpolate in Frameworks */ = {isa = PBXBuildFile; productRef = 037474BC2580730D00211084 /* Interpolate */; };
		037474C0258074AB00211084 /* FloatingPointExtensions.swift in Sources */ = {isa = PBXBuildFile; fileRef = 037474BF258074AB00211084 /* FloatingPointExtensions.swift */; };
		037474C3258085B600211084 /* EntropyStrength.swift in Sources */ = {isa = PBXBuildFile; fileRef = 037474C2258085B600211084 /* EntropyStrength.swift */; };
		037474C62580980100211084 /* KeypadRoll1Button.swift in Sources */ = {isa = PBXBuildFile; fileRef = 037474C52580980100211084 /* KeypadRoll1Button.swift */; };
		037474C92580A1D500211084 /* Token.swift in Sources */ = {isa = PBXBuildFile; fileRef = 037474C82580A1D500211084 /* Token.swift */; };
		037474CE2580AB0200211084 /* Card.swift in Sources */ = {isa = PBXBuildFile; fileRef = 037474CD2580AB0200211084 /* Card.swift */; };
		037474D62580AEFB00211084 /* SecureRandomNumberGenerator.swift in Sources */ = {isa = PBXBuildFile; fileRef = 037474D52580AEFB00211084 /* SecureRandomNumberGenerator.swift */; };
		037474DD2580CB3700211084 /* KeypadFunctionButtons.swift in Sources */ = {isa = PBXBuildFile; fileRef = 037474DC2580CB3700211084 /* KeypadFunctionButtons.swift */; };
		037474E02580CFD400211084 /* NewSeed.swift in Sources */ = {isa = PBXBuildFile; fileRef = 037474DF2580CFD400211084 /* NewSeed.swift */; };
		037474EF25810B9800211084 /* URKit in Frameworks */ = {isa = PBXBuildFile; productRef = 037474EE25810B9800211084 /* URKit */; };
		037474F325810BB900211084 /* URUI in Frameworks */ = {isa = PBXBuildFile; productRef = 037474F225810BB900211084 /* URUI */; };
		03747568258135F500211084 /* WordToken.swift in Sources */ = {isa = PBXBuildFile; fileRef = 03747567258135F500211084 /* WordToken.swift */; };
		0374756B258140DD00211084 /* LifeHash in Frameworks */ = {isa = PBXBuildFile; productRef = 0374756A258140DD00211084 /* LifeHash */; };
		0374756D258141B000211084 /* Seed.swift in Sources */ = {isa = PBXBuildFile; fileRef = 0374756C258141B000211084 /* Seed.swift */; };
		0374756F2581422700211084 /* SeedList.swift in Sources */ = {isa = PBXBuildFile; fileRef = 0374756E2581422700211084 /* SeedList.swift */; };
		037475712581428B00211084 /* Model.swift in Sources */ = {isa = PBXBuildFile; fileRef = 037475702581428B00211084 /* Model.swift */; };
		0374757825814D2F00211084 /* WolfLorem in Frameworks */ = {isa = PBXBuildFile; productRef = 0374757725814D2F00211084 /* WolfLorem */; };
		0374757A2581D60400211084 /* Save.swift in Sources */ = {isa = PBXBuildFile; fileRef = 037475792581D60400211084 /* Save.swift */; };
		0374757C2581D75A00211084 /* FileManagerExtensions.swift in Sources */ = {isa = PBXBuildFile; fileRef = 0374757B2581D75A00211084 /* FileManagerExtensions.swift */; };
		03852CB02582E80F00A116B0 /* SeedDetail.swift in Sources */ = {isa = PBXBuildFile; fileRef = 03852CAF2582E80F00A116B0 /* SeedDetail.swift */; };
		03852CB22582FEA700A116B0 /* NameNewSeed.swift in Sources */ = {isa = PBXBuildFile; fileRef = 03852CB12582FEA700A116B0 /* NameNewSeed.swift */; };
		03852CB7258342C700A116B0 /* FieldClearButton.swift in Sources */ = {isa = PBXBuildFile; fileRef = 03852CB6258342C700A116B0 /* FieldClearButton.swift */; };
		03852CB9258342E400A116B0 /* FieldRandomTitleButton.swift in Sources */ = {isa = PBXBuildFile; fileRef = 03852CB8258342E400A116B0 /* FieldRandomTitleButton.swift */; };
		03852CBB2583431500A116B0 /* ModelObjectType.swift in Sources */ = {isa = PBXBuildFile; fileRef = 03852CBA2583431500A116B0 /* ModelObjectType.swift */; };
		03852CBD2583433500A116B0 /* ModelObjectTypeIcon.swift in Sources */ = {isa = PBXBuildFile; fileRef = 03852CBC2583433500A116B0 /* ModelObjectTypeIcon.swift */; };
		03852CBF2583434E00A116B0 /* ModelObjectIdentity.swift in Sources */ = {isa = PBXBuildFile; fileRef = 03852CBE2583434E00A116B0 /* ModelObjectIdentity.swift */; };
		03852CC22583805C00A116B0 /* FieldStyle.swift in Sources */ = {isa = PBXBuildFile; fileRef = 03852CC12583805C00A116B0 /* FieldStyle.swift */; };
		03852CC72583951D00A116B0 /* TokenStyle.swift in Sources */ = {isa = PBXBuildFile; fileRef = 03852CC62583951D00A116B0 /* TokenStyle.swift */; };
		03852CC92583954200A116B0 /* StringTransformable.swift in Sources */ = {isa = PBXBuildFile; fileRef = 03852CC82583954200A116B0 /* StringTransformable.swift */; };
		03852CCB2584451200A116B0 /* DeleteConfirmation.swift in Sources */ = {isa = PBXBuildFile; fileRef = 03852CCA2584451200A116B0 /* DeleteConfirmation.swift */; };
		03852CCD2584829900A116B0 /* SeedProducer.swift in Sources */ = {isa = PBXBuildFile; fileRef = 03852CCC2584829900A116B0 /* SeedProducer.swift */; };
		03852CCF2584891B00A116B0 /* DeterministicRandom.swift in Sources */ = {isa = PBXBuildFile; fileRef = 03852CCE2584891B00A116B0 /* DeterministicRandom.swift */; };
		0397282D257B4D65008B9B29 /* FehuApp.swift in Sources */ = {isa = PBXBuildFile; fileRef = 0397282C257B4D65008B9B29 /* FehuApp.swift */; };
		0397282F257B4D65008B9B29 /* ContentView.swift in Sources */ = {isa = PBXBuildFile; fileRef = 0397282E257B4D65008B9B29 /* ContentView.swift */; };
		03972831257B4D66008B9B29 /* Assets.xcassets in Resources */ = {isa = PBXBuildFile; fileRef = 03972830257B4D66008B9B29 /* Assets.xcassets */; };
		03972834257B4D66008B9B29 /* Preview Assets.xcassets in Resources */ = {isa = PBXBuildFile; fileRef = 03972833257B4D66008B9B29 /* Preview Assets.xcassets */; };
		03972842257B57B0008B9B29 /* CardKeypad.swift in Sources */ = {isa = PBXBuildFile; fileRef = 03972841257B57B0008B9B29 /* CardKeypad.swift */; };
		03972846257B5C55008B9B29 /* WolfSwiftUI in Frameworks */ = {isa = PBXBuildFile; productRef = 03972845257B5C55008B9B29 /* WolfSwiftUI */; };
		03972849257B7FB7008B9B29 /* CardToken.swift in Sources */ = {isa = PBXBuildFile; fileRef = 03972848257B7FB7008B9B29 /* CardToken.swift */; };
		0397284C257B8885008B9B29 /* TouchEventModifier.swift in Sources */ = {isa = PBXBuildFile; fileRef = 0397284B257B8885008B9B29 /* TouchEventModifier.swift */; };
		03972850257B91B4008B9B29 /* KeypadButton.swift in Sources */ = {isa = PBXBuildFile; fileRef = 0397284F257B91B3008B9B29 /* KeypadButton.swift */; };
		03972853257B94BD008B9B29 /* Keypad.swift in Sources */ = {isa = PBXBuildFile; fileRef = 03972852257B94BD008B9B29 /* Keypad.swift */; };
		03972856257B94D0008B9B29 /* DieKeypad.swift in Sources */ = {isa = PBXBuildFile; fileRef = 03972855257B94D0008B9B29 /* DieKeypad.swift */; };
		03972859257C5411008B9B29 /* EntropyViewModel.swift in Sources */ = {isa = PBXBuildFile; fileRef = 03972858257C5411008B9B29 /* EntropyViewModel.swift */; };
		0397285C257C543E008B9B29 /* EntropyView.swift in Sources */ = {isa = PBXBuildFile; fileRef = 0397285B257C543E008B9B29 /* EntropyView.swift */; };
		0397285F257C5C75008B9B29 /* ArrayExtensions.swift in Sources */ = {isa = PBXBuildFile; fileRef = 0397285E257C5C75008B9B29 /* ArrayExtensions.swift */; };
		03A18D222586BFD500AE5FE4 /* Security.framework in Frameworks */ = {isa = PBXBuildFile; fileRef = 037474D92580AF6C00211084 /* Security.framework */; };
		03A22B63258ECA91006C130F /* ImportURModel.swift in Sources */ = {isa = PBXBuildFile; fileRef = 03A22B62258ECA91006C130F /* ImportURModel.swift */; };
		03F6AB182589F4440025CA34 /* URView.swift in Sources */ = {isa = PBXBuildFile; fileRef = 03F6AB172589F4440025CA34 /* URView.swift */; };
		03F6AB1A2589F5260025CA34 /* ModelObject.swift in Sources */ = {isa = PBXBuildFile; fileRef = 03F6AB192589F5260025CA34 /* ModelObject.swift */; };
		03F6AB1C258ADFB80025CA34 /* TopBar.swift in Sources */ = {isa = PBXBuildFile; fileRef = 03F6AB1B258ADFB80025CA34 /* TopBar.swift */; };
		03F6AB1E258AFE500025CA34 /* PasteboardCoordinator.swift in Sources */ = {isa = PBXBuildFile; fileRef = 03F6AB1D258AFE500025CA34 /* PasteboardCoordinator.swift */; };
		03F6AB20258B01D30025CA34 /* ConfirmationOverlay.swift in Sources */ = {isa = PBXBuildFile; fileRef = 03F6AB1F258B01D30025CA34 /* ConfirmationOverlay.swift */; };
		03F6AB22258B06F10025CA34 /* BlurView.swift in Sources */ = {isa = PBXBuildFile; fileRef = 03F6AB21258B06F10025CA34 /* BlurView.swift */; };
		03F6AB29258B46A70025CA34 /* SSKRSetup.swift in Sources */ = {isa = PBXBuildFile; fileRef = 03F6AB28258B46A70025CA34 /* SSKRSetup.swift */; };
		03F6AB2B258BF1160025CA34 /* SSKRDisplay.swift in Sources */ = {isa = PBXBuildFile; fileRef = 03F6AB2A258BF1160025CA34 /* SSKRDisplay.swift */; };
		03F6AB2D258BF2CA0025CA34 /* SSKRModel.swift in Sources */ = {isa = PBXBuildFile; fileRef = 03F6AB2C258BF2CA0025CA34 /* SSKRModel.swift */; };
		03F6AB2F258BF54E0025CA34 /* RevealButton.swift in Sources */ = {isa = PBXBuildFile; fileRef = 03F6AB2E258BF54E0025CA34 /* RevealButton.swift */; };
		7942BEF12594113400906FA4 /* ImportChildView.swift in Sources */ = {isa = PBXBuildFile; fileRef = 7942BEF02594113400906FA4 /* ImportChildView.swift */; };
		7942BEF3259413CF00906FA4 /* ImportBIP39Model.swift in Sources */ = {isa = PBXBuildFile; fileRef = 7942BEF2259413CF00906FA4 /* ImportBIP39Model.swift */; };
		7942BEFC2594262A00906FA4 /* ImportSSKRModel.swift in Sources */ = {isa = PBXBuildFile; fileRef = 7942BEFB2594262A00906FA4 /* ImportSSKRModel.swift */; };
		7942BEFE2594275600906FA4 /* SSKRDecoder.swift in Sources */ = {isa = PBXBuildFile; fileRef = 7942BEFD2594275500906FA4 /* SSKRDecoder.swift */; };
		7942BF002595511D00906FA4 /* FeedbackGenerator.swift in Sources */ = {isa = PBXBuildFile; fileRef = 7942BEFF2595511D00906FA4 /* FeedbackGenerator.swift */; };
		7942BF022595515200906FA4 /* Feedback.swift in Sources */ = {isa = PBXBuildFile; fileRef = 7942BF012595515200906FA4 /* Feedback.swift */; };
		7942BF042595518800906FA4 /* Sounds in Resources */ = {isa = PBXBuildFile; fileRef = 7942BF032595518700906FA4 /* Sounds */; };
		7942BF0625955CCE00906FA4 /* Scanner.swift in Sources */ = {isa = PBXBuildFile; fileRef = 7942BF0525955CCE00906FA4 /* Scanner.swift */; };
		7942BF0825956A1700906FA4 /* AVFoundation.framework in Frameworks */ = {isa = PBXBuildFile; fileRef = 7942BF0725956A1700906FA4 /* AVFoundation.framework */; };
		795BC0212592EF5F00A6042C /* Importer.swift in Sources */ = {isa = PBXBuildFile; fileRef = 795BC0202592EF5F00A6042C /* Importer.swift */; };
		795BC0232592EF7700A6042C /* ImportParentView.swift in Sources */ = {isa = PBXBuildFile; fileRef = 795BC0222592EF7700A6042C /* ImportParentView.swift */; };
		795BC02525933CA000A6042C /* StringExtensions.swift in Sources */ = {isa = PBXBuildFile; fileRef = 795BC02425933CA000A6042C /* StringExtensions.swift */; };
		795BC027259402FA00A6042C /* ImportModel.swift in Sources */ = {isa = PBXBuildFile; fileRef = 795BC026259402F800A6042C /* ImportModel.swift */; };
		7988693825BA9F570099E8BF /* LibWally.xcframework in Frameworks */ = {isa = PBXBuildFile; fileRef = 7988693625BA9F420099E8BF /* LibWally.xcframework */; };
		7988693925BA9F570099E8BF /* LibWally.xcframework in Embed Frameworks */ = {isa = PBXBuildFile; fileRef = 7988693625BA9F420099E8BF /* LibWally.xcframework */; settings = {ATTRIBUTES = (CodeSignOnCopy, RemoveHeadersOnCopy, ); }; };
		7988693B25BA9FCA0099E8BF /* Key.swift in Sources */ = {isa = PBXBuildFile; fileRef = 7988693A25BA9FCA0099E8BF /* Key.swift */; };
		79F2D3BC25B3DBC8008DE790 /* LocalAuthentication.framework in Frameworks */ = {isa = PBXBuildFile; fileRef = 79F2D3BB25B3DBC8008DE790 /* LocalAuthentication.framework */; };
		79F2D3BE25B3DCA5008DE790 /* Authentication.swift in Sources */ = {isa = PBXBuildFile; fileRef = 79F2D3BD25B3DCA5008DE790 /* Authentication.swift */; };
		79F2D3C025B3EC7C008DE790 /* LockRevealButton.swift in Sources */ = {isa = PBXBuildFile; fileRef = 79F2D3BF25B3EC7C008DE790 /* LockRevealButton.swift */; };
		79F2D3C425B58EE9008DE790 /* LongPressAction.swift in Sources */ = {isa = PBXBuildFile; fileRef = 79F2D3C325B58EE9008DE790 /* LongPressAction.swift */; };
		79F2D3C625B5A2A8008DE790 /* ImageUtils.swift in Sources */ = {isa = PBXBuildFile; fileRef = 79F2D3C525B5A2A8008DE790 /* ImageUtils.swift */; };
/* End PBXBuildFile section */

/* Begin PBXCopyFilesBuildPhase section */
		0374750425810DA300211084 /* Embed Frameworks */ = {
			isa = PBXCopyFilesBuildPhase;
			buildActionMask = 2147483647;
			dstPath = "";
			dstSubfolderSpec = 10;
			files = (
				032DD34A2589C6D900AE1A97 /* SSKR.xcframework in Embed Frameworks */,
				032DD3482589C6D800AE1A97 /* CryptoBase.xcframework in Embed Frameworks */,
				032DD34C2589C6D900AE1A97 /* BIP39.xcframework in Embed Frameworks */,
				7988693925BA9F570099E8BF /* LibWally.xcframework in Embed Frameworks */,
			);
			name = "Embed Frameworks";
			runOnlyForDeploymentPostprocessing = 0;
		};
/* End PBXCopyFilesBuildPhase section */

/* Begin PBXFileReference section */
		032DD3442589C6D800AE1A97 /* CryptoBase.xcframework */ = {isa = PBXFileReference; lastKnownFileType = wrapper.xcframework; name = CryptoBase.xcframework; path = Fehu/Frameworks/CryptoBase.xcframework; sourceTree = "<group>"; };
		032DD3452589C6D800AE1A97 /* SSKR.xcframework */ = {isa = PBXFileReference; lastKnownFileType = wrapper.xcframework; name = SSKR.xcframework; path = Fehu/Frameworks/SSKR.xcframework; sourceTree = "<group>"; };
		032DD3462589C6D800AE1A97 /* BIP39.xcframework */ = {isa = PBXFileReference; lastKnownFileType = wrapper.xcframework; name = BIP39.xcframework; path = Fehu/Frameworks/BIP39.xcframework; sourceTree = "<group>"; };
		0335E68E257CA81200A009D3 /* ValueViewable.swift */ = {isa = PBXFileReference; lastKnownFileType = sourcecode.swift; path = ValueViewable.swift; sourceTree = "<group>"; };
		0335E691257CA83600A009D3 /* DieToken.swift */ = {isa = PBXFileReference; lastKnownFileType = sourcecode.swift; path = DieToken.swift; sourceTree = "<group>"; };
		0335E694257CB09900A009D3 /* KeypadButtonStyle.swift */ = {isa = PBXFileReference; lastKnownFileType = sourcecode.swift; path = KeypadButtonStyle.swift; sourceTree = "<group>"; };
		0335E699257CB20E00A009D3 /* KeypadFunctionButton.swift */ = {isa = PBXFileReference; lastKnownFileType = sourcecode.swift; path = KeypadFunctionButton.swift; sourceTree = "<group>"; };
		0335E69C257CDAF900A009D3 /* KeypadDeleteButton.swift */ = {isa = PBXFileReference; lastKnownFileType = sourcecode.swift; path = KeypadDeleteButton.swift; sourceTree = "<group>"; };
		0335E69F257CDFC400A009D3 /* ByteToken.swift */ = {isa = PBXFileReference; lastKnownFileType = sourcecode.swift; path = ByteToken.swift; sourceTree = "<group>"; };
		0335E6A2257CE08100A009D3 /* ByteKeypad.swift */ = {isa = PBXFileReference; lastKnownFileType = sourcecode.swift; path = ByteKeypad.swift; sourceTree = "<group>"; };
		0335E6A5257DA6C400A009D3 /* BitToken.swift */ = {isa = PBXFileReference; lastKnownFileType = sourcecode.swift; path = BitToken.swift; sourceTree = "<group>"; };
		0335E6A8257DA7E300A009D3 /* BitKeypad.swift */ = {isa = PBXFileReference; lastKnownFileType = sourcecode.swift; path = BitKeypad.swift; sourceTree = "<group>"; };
		0335E6AB257DAB2600A009D3 /* ContextMenuItem.swift */ = {isa = PBXFileReference; lastKnownFileType = sourcecode.swift; path = ContextMenuItem.swift; sourceTree = "<group>"; };
		0335E6B1257DB7A700A009D3 /* DataExtensions.swift */ = {isa = PBXFileReference; lastKnownFileType = sourcecode.swift; path = DataExtensions.swift; sourceTree = "<group>"; };
		033AA653258CB9320008284D /* SSKRGenerator.swift */ = {isa = PBXFileReference; lastKnownFileType = sourcecode.swift; path = SSKRGenerator.swift; sourceTree = "<group>"; };
		034E6B5D25900E9100A9EC91 /* TapToDismiss.swift */ = {isa = PBXFileReference; lastKnownFileType = sourcecode.swift; path = TapToDismiss.swift; sourceTree = "<group>"; };
		034E6B5F25902F9200A9EC91 /* Validation.swift */ = {isa = PBXFileReference; lastKnownFileType = sourcecode.swift; path = Validation.swift; sourceTree = "<group>"; };
		034E6B6925906CDC00A9EC91 /* ColorUtils.swift */ = {isa = PBXFileReference; lastKnownFileType = sourcecode.swift; path = ColorUtils.swift; sourceTree = "<group>"; };
		034E6B6B25906DD200A9EC91 /* NamedColors.json */ = {isa = PBXFileReference; fileEncoding = 4; lastKnownFileType = text.json; path = NamedColors.json; sourceTree = "<group>"; };
		034E6BB62590806200A9EC91 /* LifeHashNameGenerator.swift */ = {isa = PBXFileReference; lastKnownFileType = sourcecode.swift; path = LifeHashNameGenerator.swift; sourceTree = "<group>"; };
		034E6BBB25913C8B00A9EC91 /* Keychain.swift */ = {isa = PBXFileReference; lastKnownFileType = sourcecode.swift; path = Keychain.swift; sourceTree = "<group>"; };
		034E6BBD259158D900A9EC91 /* GeneralError.swift */ = {isa = PBXFileReference; lastKnownFileType = sourcecode.swift; path = GeneralError.swift; sourceTree = "<group>"; };
		034E6BBF2591768000A9EC91 /* FourCharCode.swift */ = {isa = PBXFileReference; lastKnownFileType = sourcecode.swift; path = FourCharCode.swift; sourceTree = "<group>"; };
		034E6BC125917C4100A9EC91 /* UUIDExtensions.swift */ = {isa = PBXFileReference; lastKnownFileType = sourcecode.swift; path = UUIDExtensions.swift; sourceTree = "<group>"; };
		037474BF258074AB00211084 /* FloatingPointExtensions.swift */ = {isa = PBXFileReference; lastKnownFileType = sourcecode.swift; path = FloatingPointExtensions.swift; sourceTree = "<group>"; };
		037474C2258085B600211084 /* EntropyStrength.swift */ = {isa = PBXFileReference; lastKnownFileType = sourcecode.swift; path = EntropyStrength.swift; sourceTree = "<group>"; };
		037474C52580980100211084 /* KeypadRoll1Button.swift */ = {isa = PBXFileReference; lastKnownFileType = sourcecode.swift; path = KeypadRoll1Button.swift; sourceTree = "<group>"; };
		037474C82580A1D500211084 /* Token.swift */ = {isa = PBXFileReference; lastKnownFileType = sourcecode.swift; path = Token.swift; sourceTree = "<group>"; };
		037474CD2580AB0200211084 /* Card.swift */ = {isa = PBXFileReference; lastKnownFileType = sourcecode.swift; path = Card.swift; sourceTree = "<group>"; };
		037474D52580AEFB00211084 /* SecureRandomNumberGenerator.swift */ = {isa = PBXFileReference; lastKnownFileType = sourcecode.swift; path = SecureRandomNumberGenerator.swift; sourceTree = "<group>"; };
		037474D92580AF6C00211084 /* Security.framework */ = {isa = PBXFileReference; lastKnownFileType = wrapper.framework; name = Security.framework; path = Platforms/MacOSX.platform/Developer/SDKs/MacOSX11.1.sdk/System/Library/Frameworks/Security.framework; sourceTree = DEVELOPER_DIR; };
		037474DC2580CB3700211084 /* KeypadFunctionButtons.swift */ = {isa = PBXFileReference; lastKnownFileType = sourcecode.swift; path = KeypadFunctionButtons.swift; sourceTree = "<group>"; };
		037474DF2580CFD400211084 /* NewSeed.swift */ = {isa = PBXFileReference; lastKnownFileType = sourcecode.swift; path = NewSeed.swift; sourceTree = "<group>"; };
		03747567258135F500211084 /* WordToken.swift */ = {isa = PBXFileReference; lastKnownFileType = sourcecode.swift; path = WordToken.swift; sourceTree = "<group>"; };
		0374756C258141B000211084 /* Seed.swift */ = {isa = PBXFileReference; lastKnownFileType = sourcecode.swift; path = Seed.swift; sourceTree = "<group>"; };
		0374756E2581422700211084 /* SeedList.swift */ = {isa = PBXFileReference; lastKnownFileType = sourcecode.swift; path = SeedList.swift; sourceTree = "<group>"; };
		037475702581428B00211084 /* Model.swift */ = {isa = PBXFileReference; lastKnownFileType = sourcecode.swift; path = Model.swift; sourceTree = "<group>"; };
		037475792581D60400211084 /* Save.swift */ = {isa = PBXFileReference; lastKnownFileType = sourcecode.swift; path = Save.swift; sourceTree = "<group>"; };
		0374757B2581D75A00211084 /* FileManagerExtensions.swift */ = {isa = PBXFileReference; lastKnownFileType = sourcecode.swift; path = FileManagerExtensions.swift; sourceTree = "<group>"; };
		03852CAF2582E80F00A116B0 /* SeedDetail.swift */ = {isa = PBXFileReference; lastKnownFileType = sourcecode.swift; path = SeedDetail.swift; sourceTree = "<group>"; };
		03852CB12582FEA700A116B0 /* NameNewSeed.swift */ = {isa = PBXFileReference; lastKnownFileType = sourcecode.swift; path = NameNewSeed.swift; sourceTree = "<group>"; };
		03852CB6258342C700A116B0 /* FieldClearButton.swift */ = {isa = PBXFileReference; lastKnownFileType = sourcecode.swift; path = FieldClearButton.swift; sourceTree = "<group>"; };
		03852CB8258342E400A116B0 /* FieldRandomTitleButton.swift */ = {isa = PBXFileReference; lastKnownFileType = sourcecode.swift; path = FieldRandomTitleButton.swift; sourceTree = "<group>"; };
		03852CBA2583431500A116B0 /* ModelObjectType.swift */ = {isa = PBXFileReference; lastKnownFileType = sourcecode.swift; path = ModelObjectType.swift; sourceTree = "<group>"; };
		03852CBC2583433500A116B0 /* ModelObjectTypeIcon.swift */ = {isa = PBXFileReference; lastKnownFileType = sourcecode.swift; path = ModelObjectTypeIcon.swift; sourceTree = "<group>"; };
		03852CBE2583434E00A116B0 /* ModelObjectIdentity.swift */ = {isa = PBXFileReference; lastKnownFileType = sourcecode.swift; path = ModelObjectIdentity.swift; sourceTree = "<group>"; };
		03852CC12583805C00A116B0 /* FieldStyle.swift */ = {isa = PBXFileReference; lastKnownFileType = sourcecode.swift; path = FieldStyle.swift; sourceTree = "<group>"; };
		03852CC62583951D00A116B0 /* TokenStyle.swift */ = {isa = PBXFileReference; lastKnownFileType = sourcecode.swift; path = TokenStyle.swift; sourceTree = "<group>"; };
		03852CC82583954200A116B0 /* StringTransformable.swift */ = {isa = PBXFileReference; lastKnownFileType = sourcecode.swift; path = StringTransformable.swift; sourceTree = "<group>"; };
		03852CCA2584451200A116B0 /* DeleteConfirmation.swift */ = {isa = PBXFileReference; lastKnownFileType = sourcecode.swift; path = DeleteConfirmation.swift; sourceTree = "<group>"; };
		03852CCC2584829900A116B0 /* SeedProducer.swift */ = {isa = PBXFileReference; lastKnownFileType = sourcecode.swift; path = SeedProducer.swift; sourceTree = "<group>"; };
		03852CCE2584891B00A116B0 /* DeterministicRandom.swift */ = {isa = PBXFileReference; lastKnownFileType = sourcecode.swift; path = DeterministicRandom.swift; sourceTree = "<group>"; };
		03972829257B4D65008B9B29 /* Guardian.app */ = {isa = PBXFileReference; explicitFileType = wrapper.application; includeInIndex = 0; path = Guardian.app; sourceTree = BUILT_PRODUCTS_DIR; };
		0397282C257B4D65008B9B29 /* FehuApp.swift */ = {isa = PBXFileReference; lastKnownFileType = sourcecode.swift; path = FehuApp.swift; sourceTree = "<group>"; };
		0397282E257B4D65008B9B29 /* ContentView.swift */ = {isa = PBXFileReference; lastKnownFileType = sourcecode.swift; path = ContentView.swift; sourceTree = "<group>"; };
		03972830257B4D66008B9B29 /* Assets.xcassets */ = {isa = PBXFileReference; lastKnownFileType = folder.assetcatalog; path = Assets.xcassets; sourceTree = "<group>"; };
		03972833257B4D66008B9B29 /* Preview Assets.xcassets */ = {isa = PBXFileReference; lastKnownFileType = folder.assetcatalog; path = "Preview Assets.xcassets"; sourceTree = "<group>"; };
		03972835257B4D66008B9B29 /* Info.plist */ = {isa = PBXFileReference; lastKnownFileType = text.plist.xml; path = Info.plist; sourceTree = "<group>"; };
		0397283F257B524C008B9B29 /* Fehu.entitlements */ = {isa = PBXFileReference; lastKnownFileType = text.plist.entitlements; path = Fehu.entitlements; sourceTree = "<group>"; };
		03972841257B57B0008B9B29 /* CardKeypad.swift */ = {isa = PBXFileReference; lastKnownFileType = sourcecode.swift; path = CardKeypad.swift; sourceTree = "<group>"; };
		03972848257B7FB7008B9B29 /* CardToken.swift */ = {isa = PBXFileReference; lastKnownFileType = sourcecode.swift; path = CardToken.swift; sourceTree = "<group>"; };
		0397284B257B8885008B9B29 /* TouchEventModifier.swift */ = {isa = PBXFileReference; lastKnownFileType = sourcecode.swift; path = TouchEventModifier.swift; sourceTree = "<group>"; };
		0397284F257B91B3008B9B29 /* KeypadButton.swift */ = {isa = PBXFileReference; lastKnownFileType = sourcecode.swift; path = KeypadButton.swift; sourceTree = "<group>"; };
		03972852257B94BD008B9B29 /* Keypad.swift */ = {isa = PBXFileReference; lastKnownFileType = sourcecode.swift; path = Keypad.swift; sourceTree = "<group>"; };
		03972855257B94D0008B9B29 /* DieKeypad.swift */ = {isa = PBXFileReference; lastKnownFileType = sourcecode.swift; path = DieKeypad.swift; sourceTree = "<group>"; };
		03972858257C5411008B9B29 /* EntropyViewModel.swift */ = {isa = PBXFileReference; lastKnownFileType = sourcecode.swift; path = EntropyViewModel.swift; sourceTree = "<group>"; };
		0397285B257C543E008B9B29 /* EntropyView.swift */ = {isa = PBXFileReference; lastKnownFileType = sourcecode.swift; path = EntropyView.swift; sourceTree = "<group>"; };
		0397285E257C5C75008B9B29 /* ArrayExtensions.swift */ = {isa = PBXFileReference; lastKnownFileType = sourcecode.swift; path = ArrayExtensions.swift; sourceTree = "<group>"; };
		03A22B62258ECA91006C130F /* ImportURModel.swift */ = {isa = PBXFileReference; lastKnownFileType = sourcecode.swift; path = ImportURModel.swift; sourceTree = "<group>"; };
		03F6AB172589F4440025CA34 /* URView.swift */ = {isa = PBXFileReference; lastKnownFileType = sourcecode.swift; path = URView.swift; sourceTree = "<group>"; };
		03F6AB192589F5260025CA34 /* ModelObject.swift */ = {isa = PBXFileReference; lastKnownFileType = sourcecode.swift; path = ModelObject.swift; sourceTree = "<group>"; };
		03F6AB1B258ADFB80025CA34 /* TopBar.swift */ = {isa = PBXFileReference; lastKnownFileType = sourcecode.swift; path = TopBar.swift; sourceTree = "<group>"; };
		03F6AB1D258AFE500025CA34 /* PasteboardCoordinator.swift */ = {isa = PBXFileReference; lastKnownFileType = sourcecode.swift; path = PasteboardCoordinator.swift; sourceTree = "<group>"; };
		03F6AB1F258B01D30025CA34 /* ConfirmationOverlay.swift */ = {isa = PBXFileReference; lastKnownFileType = sourcecode.swift; path = ConfirmationOverlay.swift; sourceTree = "<group>"; };
		03F6AB21258B06F10025CA34 /* BlurView.swift */ = {isa = PBXFileReference; lastKnownFileType = sourcecode.swift; path = BlurView.swift; sourceTree = "<group>"; };
		03F6AB28258B46A70025CA34 /* SSKRSetup.swift */ = {isa = PBXFileReference; lastKnownFileType = sourcecode.swift; path = SSKRSetup.swift; sourceTree = "<group>"; };
		03F6AB2A258BF1160025CA34 /* SSKRDisplay.swift */ = {isa = PBXFileReference; lastKnownFileType = sourcecode.swift; path = SSKRDisplay.swift; sourceTree = "<group>"; };
		03F6AB2C258BF2CA0025CA34 /* SSKRModel.swift */ = {isa = PBXFileReference; lastKnownFileType = sourcecode.swift; path = SSKRModel.swift; sourceTree = "<group>"; };
		03F6AB2E258BF54E0025CA34 /* RevealButton.swift */ = {isa = PBXFileReference; lastKnownFileType = sourcecode.swift; path = RevealButton.swift; sourceTree = "<group>"; };
		7942BEF02594113400906FA4 /* ImportChildView.swift */ = {isa = PBXFileReference; lastKnownFileType = sourcecode.swift; path = ImportChildView.swift; sourceTree = "<group>"; };
		7942BEF2259413CF00906FA4 /* ImportBIP39Model.swift */ = {isa = PBXFileReference; lastKnownFileType = sourcecode.swift; path = ImportBIP39Model.swift; sourceTree = "<group>"; };
		7942BEFB2594262A00906FA4 /* ImportSSKRModel.swift */ = {isa = PBXFileReference; lastKnownFileType = sourcecode.swift; path = ImportSSKRModel.swift; sourceTree = "<group>"; };
		7942BEFD2594275500906FA4 /* SSKRDecoder.swift */ = {isa = PBXFileReference; lastKnownFileType = sourcecode.swift; path = SSKRDecoder.swift; sourceTree = "<group>"; };
		7942BEFF2595511D00906FA4 /* FeedbackGenerator.swift */ = {isa = PBXFileReference; lastKnownFileType = sourcecode.swift; path = FeedbackGenerator.swift; sourceTree = "<group>"; };
		7942BF012595515200906FA4 /* Feedback.swift */ = {isa = PBXFileReference; lastKnownFileType = sourcecode.swift; path = Feedback.swift; sourceTree = "<group>"; };
		7942BF032595518700906FA4 /* Sounds */ = {isa = PBXFileReference; lastKnownFileType = folder; path = Sounds; sourceTree = "<group>"; };
		7942BF0525955CCE00906FA4 /* Scanner.swift */ = {isa = PBXFileReference; lastKnownFileType = sourcecode.swift; path = Scanner.swift; sourceTree = "<group>"; };
		7942BF0725956A1700906FA4 /* AVFoundation.framework */ = {isa = PBXFileReference; lastKnownFileType = wrapper.framework; name = AVFoundation.framework; path = Platforms/MacOSX.platform/Developer/SDKs/MacOSX11.1.sdk/System/Library/Frameworks/AVFoundation.framework; sourceTree = DEVELOPER_DIR; };
		795BC0202592EF5F00A6042C /* Importer.swift */ = {isa = PBXFileReference; lastKnownFileType = sourcecode.swift; path = Importer.swift; sourceTree = "<group>"; };
		795BC0222592EF7700A6042C /* ImportParentView.swift */ = {isa = PBXFileReference; lastKnownFileType = sourcecode.swift; path = ImportParentView.swift; sourceTree = "<group>"; };
		795BC02425933CA000A6042C /* StringExtensions.swift */ = {isa = PBXFileReference; lastKnownFileType = sourcecode.swift; path = StringExtensions.swift; sourceTree = "<group>"; };
		795BC026259402F800A6042C /* ImportModel.swift */ = {isa = PBXFileReference; lastKnownFileType = sourcecode.swift; path = ImportModel.swift; sourceTree = "<group>"; };
		7988693625BA9F420099E8BF /* LibWally.xcframework */ = {isa = PBXFileReference; lastKnownFileType = wrapper.xcframework; name = LibWally.xcframework; path = Fehu/Frameworks/LibWally.xcframework; sourceTree = "<group>"; };
		7988693A25BA9FCA0099E8BF /* Key.swift */ = {isa = PBXFileReference; lastKnownFileType = sourcecode.swift; path = Key.swift; sourceTree = "<group>"; };
		79F2D3BB25B3DBC8008DE790 /* LocalAuthentication.framework */ = {isa = PBXFileReference; lastKnownFileType = wrapper.framework; name = LocalAuthentication.framework; path = Platforms/MacOSX.platform/Developer/SDKs/MacOSX11.1.sdk/System/Library/Frameworks/LocalAuthentication.framework; sourceTree = DEVELOPER_DIR; };
		79F2D3BD25B3DCA5008DE790 /* Authentication.swift */ = {isa = PBXFileReference; lastKnownFileType = sourcecode.swift; path = Authentication.swift; sourceTree = "<group>"; };
		79F2D3BF25B3EC7C008DE790 /* LockRevealButton.swift */ = {isa = PBXFileReference; lastKnownFileType = sourcecode.swift; path = LockRevealButton.swift; sourceTree = "<group>"; };
		79F2D3C325B58EE9008DE790 /* LongPressAction.swift */ = {isa = PBXFileReference; lastKnownFileType = sourcecode.swift; path = LongPressAction.swift; sourceTree = "<group>"; };
		79F2D3C525B5A2A8008DE790 /* ImageUtils.swift */ = {isa = PBXFileReference; lastKnownFileType = sourcecode.swift; path = ImageUtils.swift; sourceTree = "<group>"; };
/* End PBXFileReference section */

/* Begin PBXFrameworksBuildPhase section */
		03972826257B4D65008B9B29 /* Frameworks */ = {
			isa = PBXFrameworksBuildPhase;
			buildActionMask = 2147483647;
			files = (
				0374757825814D2F00211084 /* WolfLorem in Frameworks */,
				032DD3492589C6D900AE1A97 /* SSKR.xcframework in Frameworks */,
				79F2D3BC25B3DBC8008DE790 /* LocalAuthentication.framework in Frameworks */,
				032DD3472589C6D800AE1A97 /* CryptoBase.xcframework in Frameworks */,
				032DD34B2589C6D900AE1A97 /* BIP39.xcframework in Frameworks */,
				03A18D222586BFD500AE5FE4 /* Security.framework in Frameworks */,
				037474EF25810B9800211084 /* URKit in Frameworks */,
				034E6B6825906CC900A9EC91 /* UIImageColors in Frameworks */,
				037474BD2580730D00211084 /* Interpolate in Frameworks */,
				034E6BB525907E6E00A9EC91 /* WolfColor in Frameworks */,
				0374756B258140DD00211084 /* LifeHash in Frameworks */,
				037474F325810BB900211084 /* URUI in Frameworks */,
				03972846257B5C55008B9B29 /* WolfSwiftUI in Frameworks */,
				7942BF0825956A1700906FA4 /* AVFoundation.framework in Frameworks */,
				7988693825BA9F570099E8BF /* LibWally.xcframework in Frameworks */,
			);
			runOnlyForDeploymentPostprocessing = 0;
		};
/* End PBXFrameworksBuildPhase section */

/* Begin PBXGroup section */
		037474CB2580AAD700211084 /* Tokens */ = {
			isa = PBXGroup;
			children = (
				037474C82580A1D500211084 /* Token.swift */,
				03852CC62583951D00A116B0 /* TokenStyle.swift */,
				0335E6A5257DA6C400A009D3 /* BitToken.swift */,
				0335E691257CA83600A009D3 /* DieToken.swift */,
				0335E69F257CDFC400A009D3 /* ByteToken.swift */,
				03972848257B7FB7008B9B29 /* CardToken.swift */,
				03747567258135F500211084 /* WordToken.swift */,
				037474CD2580AB0200211084 /* Card.swift */,
			);
			path = Tokens;
			sourceTree = "<group>";
		};
		037474D02580AB3200211084 /* Entropy */ = {
			isa = PBXGroup;
			children = (
				03972858257C5411008B9B29 /* EntropyViewModel.swift */,
				0397285B257C543E008B9B29 /* EntropyView.swift */,
				037474C2258085B600211084 /* EntropyStrength.swift */,
				03F6AB152589DC5E0025CA34 /* Keypads */,
				037474EC25810AEE00211084 /* KeypadButtons */,
				037474CB2580AAD700211084 /* Tokens */,
			);
			path = Entropy;
			sourceTree = "<group>";
		};
		037474D32580ACC200211084 /* Extensions */ = {
			isa = PBXGroup;
			children = (
				0397285E257C5C75008B9B29 /* ArrayExtensions.swift */,
				0335E6B1257DB7A700A009D3 /* DataExtensions.swift */,
				037474BF258074AB00211084 /* FloatingPointExtensions.swift */,
				0374757B2581D75A00211084 /* FileManagerExtensions.swift */,
				034E6BC125917C4100A9EC91 /* UUIDExtensions.swift */,
				795BC02425933CA000A6042C /* StringExtensions.swift */,
			);
			path = Extensions;
			sourceTree = "<group>";
		};
		037474D82580AF6B00211084 /* Frameworks */ = {
			isa = PBXGroup;
			children = (
				79F2D3BB25B3DBC8008DE790 /* LocalAuthentication.framework */,
				7942BF0725956A1700906FA4 /* AVFoundation.framework */,
				032DD3462589C6D800AE1A97 /* BIP39.xcframework */,
				032DD3442589C6D800AE1A97 /* CryptoBase.xcframework */,
				032DD3452589C6D800AE1A97 /* SSKR.xcframework */,
				7988693625BA9F420099E8BF /* LibWally.xcframework */,
				037474D92580AF6C00211084 /* Security.framework */,
			);
			name = Frameworks;
			sourceTree = "<group>";
		};
		037474EC25810AEE00211084 /* KeypadButtons */ = {
			isa = PBXGroup;
			children = (
				0397284F257B91B3008B9B29 /* KeypadButton.swift */,
				0335E699257CB20E00A009D3 /* KeypadFunctionButton.swift */,
				037474DC2580CB3700211084 /* KeypadFunctionButtons.swift */,
				037474C52580980100211084 /* KeypadRoll1Button.swift */,
				0335E69C257CDAF900A009D3 /* KeypadDeleteButton.swift */,
				0335E694257CB09900A009D3 /* KeypadButtonStyle.swift */,
			);
			path = KeypadButtons;
			sourceTree = "<group>";
		};
		03852CB525833FA400A116B0 /* Seeds */ = {
			isa = PBXGroup;
			children = (
				0374756C258141B000211084 /* Seed.swift */,
				0374756E2581422700211084 /* SeedList.swift */,
				03852CAF2582E80F00A116B0 /* SeedDetail.swift */,
				037474DF2580CFD400211084 /* NewSeed.swift */,
				03852CB12582FEA700A116B0 /* NameNewSeed.swift */,
				03852CCC2584829900A116B0 /* SeedProducer.swift */,
				7988693A25BA9FCA0099E8BF /* Key.swift */,
				03F6AB28258B46A70025CA34 /* SSKRSetup.swift */,
				03F6AB2C258BF2CA0025CA34 /* SSKRModel.swift */,
				03F6AB2A258BF1160025CA34 /* SSKRDisplay.swift */,
				033AA653258CB9320008284D /* SSKRGenerator.swift */,
				7942BEFD2594275500906FA4 /* SSKRDecoder.swift */,
			);
			path = Seeds;
			sourceTree = "<group>";
		};
		03852CC02583437D00A116B0 /* Model */ = {
			isa = PBXGroup;
			children = (
				037475702581428B00211084 /* Model.swift */,
				03F6AB192589F5260025CA34 /* ModelObject.swift */,
				03852CBA2583431500A116B0 /* ModelObjectType.swift */,
				03852CBC2583433500A116B0 /* ModelObjectTypeIcon.swift */,
				03852CBE2583434E00A116B0 /* ModelObjectIdentity.swift */,
				037475792581D60400211084 /* Save.swift */,
			);
			path = Model;
			sourceTree = "<group>";
		};
		03852CC52583948700A116B0 /* Fields */ = {
			isa = PBXGroup;
			children = (
				03852CB6258342C700A116B0 /* FieldClearButton.swift */,
				03852CB8258342E400A116B0 /* FieldRandomTitleButton.swift */,
				03852CC12583805C00A116B0 /* FieldStyle.swift */,
			);
			path = Fields;
			sourceTree = "<group>";
		};
		03972820257B4D65008B9B29 = {
			isa = PBXGroup;
			children = (
				0397282B257B4D65008B9B29 /* Fehu */,
				0397282A257B4D65008B9B29 /* Products */,
				037474D82580AF6B00211084 /* Frameworks */,
			);
			sourceTree = "<group>";
		};
		0397282A257B4D65008B9B29 /* Products */ = {
			isa = PBXGroup;
			children = (
				03972829257B4D65008B9B29 /* Guardian.app */,
			);
			name = Products;
			sourceTree = "<group>";
		};
		0397282B257B4D65008B9B29 /* Fehu */ = {
			isa = PBXGroup;
			children = (
				03A22B61258ECA70006C130F /* Import */,
				0397283F257B524C008B9B29 /* Fehu.entitlements */,
				0397282C257B4D65008B9B29 /* FehuApp.swift */,
				0397282E257B4D65008B9B29 /* ContentView.swift */,
				03F6AB172589F4440025CA34 /* URView.swift */,
				034E6B5F25902F9200A9EC91 /* Validation.swift */,
				034E6BBD259158D900A9EC91 /* GeneralError.swift */,
				79F2D3BD25B3DCA5008DE790 /* Authentication.swift */,
				03852CC02583437D00A116B0 /* Model */,
				03852CB525833FA400A116B0 /* Seeds */,
				03852CC52583948700A116B0 /* Fields */,
				037474D02580AB3200211084 /* Entropy */,
				03F6AB142589DA6C0025CA34 /* Random */,
				037474D32580ACC200211084 /* Extensions */,
				03F6AB162589DCB20025CA34 /* Utils */,
				7942BF032595518700906FA4 /* Sounds */,
				03972830257B4D66008B9B29 /* Assets.xcassets */,
				03972835257B4D66008B9B29 /* Info.plist */,
				03972832257B4D66008B9B29 /* Preview Content */,
			);
			path = Fehu;
			sourceTree = "<group>";
		};
		03972832257B4D66008B9B29 /* Preview Content */ = {
			isa = PBXGroup;
			children = (
				03972833257B4D66008B9B29 /* Preview Assets.xcassets */,
			);
			path = "Preview Content";
			sourceTree = "<group>";
		};
		03A22B61258ECA70006C130F /* Import */ = {
			isa = PBXGroup;
			children = (
				03A22B62258ECA91006C130F /* ImportURModel.swift */,
				7942BEF2259413CF00906FA4 /* ImportBIP39Model.swift */,
				7942BEFB2594262A00906FA4 /* ImportSSKRModel.swift */,
				795BC026259402F800A6042C /* ImportModel.swift */,
				795BC0202592EF5F00A6042C /* Importer.swift */,
				795BC0222592EF7700A6042C /* ImportParentView.swift */,
				7942BEF02594113400906FA4 /* ImportChildView.swift */,
				7942BEFF2595511D00906FA4 /* FeedbackGenerator.swift */,
				7942BF012595515200906FA4 /* Feedback.swift */,
				7942BF0525955CCE00906FA4 /* Scanner.swift */,
			);
			path = Import;
			sourceTree = "<group>";
		};
		03F6AB142589DA6C0025CA34 /* Random */ = {
			isa = PBXGroup;
			children = (
				03852CCE2584891B00A116B0 /* DeterministicRandom.swift */,
				037474D52580AEFB00211084 /* SecureRandomNumberGenerator.swift */,
			);
			path = Random;
			sourceTree = "<group>";
		};
		03F6AB152589DC5E0025CA34 /* Keypads */ = {
			isa = PBXGroup;
			children = (
				03972852257B94BD008B9B29 /* Keypad.swift */,
				0335E6A8257DA7E300A009D3 /* BitKeypad.swift */,
				03972855257B94D0008B9B29 /* DieKeypad.swift */,
				0335E6A2257CE08100A009D3 /* ByteKeypad.swift */,
				03972841257B57B0008B9B29 /* CardKeypad.swift */,
			);
			path = Keypads;
			sourceTree = "<group>";
		};
		03F6AB162589DCB20025CA34 /* Utils */ = {
			isa = PBXGroup;
			children = (
				0335E6AB257DAB2600A009D3 /* ContextMenuItem.swift */,
				03852CCA2584451200A116B0 /* DeleteConfirmation.swift */,
				0335E68E257CA81200A009D3 /* ValueViewable.swift */,
				03852CC82583954200A116B0 /* StringTransformable.swift */,
				0397284B257B8885008B9B29 /* TouchEventModifier.swift */,
				03F6AB1B258ADFB80025CA34 /* TopBar.swift */,
				03F6AB1D258AFE500025CA34 /* PasteboardCoordinator.swift */,
				79F2D3C525B5A2A8008DE790 /* ImageUtils.swift */,
				03F6AB1F258B01D30025CA34 /* ConfirmationOverlay.swift */,
				03F6AB21258B06F10025CA34 /* BlurView.swift */,
				03F6AB2E258BF54E0025CA34 /* RevealButton.swift */,
				79F2D3BF25B3EC7C008DE790 /* LockRevealButton.swift */,
				034E6B5D25900E9100A9EC91 /* TapToDismiss.swift */,
				034E6B6925906CDC00A9EC91 /* ColorUtils.swift */,
				034E6BB62590806200A9EC91 /* LifeHashNameGenerator.swift */,
				034E6BBB25913C8B00A9EC91 /* Keychain.swift */,
				79F2D3C325B58EE9008DE790 /* LongPressAction.swift */,
				034E6BBF2591768000A9EC91 /* FourCharCode.swift */,
				034E6B6B25906DD200A9EC91 /* NamedColors.json */,
			);
			path = Utils;
			sourceTree = "<group>";
		};
/* End PBXGroup section */

/* Begin PBXNativeTarget section */
		03972828257B4D65008B9B29 /* Guardian */ = {
			isa = PBXNativeTarget;
			buildConfigurationList = 03972838257B4D66008B9B29 /* Build configuration list for PBXNativeTarget "Guardian" */;
			buildPhases = (
				03972825257B4D65008B9B29 /* Sources */,
				03972826257B4D65008B9B29 /* Frameworks */,
				03972827257B4D65008B9B29 /* Resources */,
				0374750425810DA300211084 /* Embed Frameworks */,
			);
			buildRules = (
			);
			dependencies = (
			);
			name = Guardian;
			packageProductDependencies = (
				03972845257B5C55008B9B29 /* WolfSwiftUI */,
				037474BC2580730D00211084 /* Interpolate */,
				037474EE25810B9800211084 /* URKit */,
				037474F225810BB900211084 /* URUI */,
				0374756A258140DD00211084 /* LifeHash */,
				0374757725814D2F00211084 /* WolfLorem */,
				034E6B6725906CC900A9EC91 /* UIImageColors */,
				034E6BB425907E6E00A9EC91 /* WolfColor */,
			);
			productName = Fehu;
			productReference = 03972829257B4D65008B9B29 /* Guardian.app */;
			productType = "com.apple.product-type.application";
		};
/* End PBXNativeTarget section */

/* Begin PBXProject section */
		03972821257B4D65008B9B29 /* Project object */ = {
			isa = PBXProject;
			attributes = {
				LastSwiftUpdateCheck = 1220;
				LastUpgradeCheck = 1220;
				TargetAttributes = {
					03972828257B4D65008B9B29 = {
						CreatedOnToolsVersion = 12.2;
					};
				};
			};
			buildConfigurationList = 03972824257B4D65008B9B29 /* Build configuration list for PBXProject "Fehu" */;
			compatibilityVersion = "Xcode 9.3";
			developmentRegion = en;
			hasScannedForEncodings = 0;
			knownRegions = (
				en,
				Base,
			);
			mainGroup = 03972820257B4D65008B9B29;
			packageReferences = (
				03972844257B5C55008B9B29 /* XCRemoteSwiftPackageReference "WolfSwiftUI" */,
				037474BB2580730D00211084 /* XCRemoteSwiftPackageReference "Interpolate" */,
				037474ED25810B9800211084 /* XCRemoteSwiftPackageReference "URKit" */,
				037474F125810BB900211084 /* XCRemoteSwiftPackageReference "URUI" */,
				03747569258140DD00211084 /* XCRemoteSwiftPackageReference "LifeHash" */,
				0374757625814D2F00211084 /* XCRemoteSwiftPackageReference "WolfLorem" */,
				034E6B6625906CC900A9EC91 /* XCRemoteSwiftPackageReference "UIImageColors" */,
				034E6BB325907E6E00A9EC91 /* XCRemoteSwiftPackageReference "WolfColor" */,
			);
			productRefGroup = 0397282A257B4D65008B9B29 /* Products */;
			projectDirPath = "";
			projectRoot = "";
			targets = (
				03972828257B4D65008B9B29 /* Guardian */,
			);
		};
/* End PBXProject section */

/* Begin PBXResourcesBuildPhase section */
		03972827257B4D65008B9B29 /* Resources */ = {
			isa = PBXResourcesBuildPhase;
			buildActionMask = 2147483647;
			files = (
				03972834257B4D66008B9B29 /* Preview Assets.xcassets in Resources */,
				03972831257B4D66008B9B29 /* Assets.xcassets in Resources */,
				7942BF042595518800906FA4 /* Sounds in Resources */,
				034E6B6C25906DD200A9EC91 /* NamedColors.json in Resources */,
			);
			runOnlyForDeploymentPostprocessing = 0;
		};
/* End PBXResourcesBuildPhase section */

/* Begin PBXSourcesBuildPhase section */
		03972825257B4D65008B9B29 /* Sources */ = {
			isa = PBXSourcesBuildPhase;
			buildActionMask = 2147483647;
			files = (
				03852CC22583805C00A116B0 /* FieldStyle.swift in Sources */,
				03A22B63258ECA91006C130F /* ImportURModel.swift in Sources */,
				034E6BC02591768000A9EC91 /* FourCharCode.swift in Sources */,
				0335E69D257CDAF900A009D3 /* KeypadDeleteButton.swift in Sources */,
				03F6AB2F258BF54E0025CA34 /* RevealButton.swift in Sources */,
				034E6BC225917C4100A9EC91 /* UUIDExtensions.swift in Sources */,
				0335E6B2257DB7A700A009D3 /* DataExtensions.swift in Sources */,
				7942BEFC2594262A00906FA4 /* ImportSSKRModel.swift in Sources */,
				79F2D3BE25B3DCA5008DE790 /* Authentication.swift in Sources */,
				034E6BBC25913C8B00A9EC91 /* Keychain.swift in Sources */,
				03852CB9258342E400A116B0 /* FieldRandomTitleButton.swift in Sources */,
				0397284C257B8885008B9B29 /* TouchEventModifier.swift in Sources */,
				03F6AB2D258BF2CA0025CA34 /* SSKRModel.swift in Sources */,
				0397282F257B4D65008B9B29 /* ContentView.swift in Sources */,
				034E6B5E25900E9100A9EC91 /* TapToDismiss.swift in Sources */,
				0335E6A3257CE08100A009D3 /* ByteKeypad.swift in Sources */,
				03F6AB182589F4440025CA34 /* URView.swift in Sources */,
				03852CB22582FEA700A116B0 /* NameNewSeed.swift in Sources */,
				7942BEF12594113400906FA4 /* ImportChildView.swift in Sources */,
				7942BF0625955CCE00906FA4 /* Scanner.swift in Sources */,
				034E6B6025902F9200A9EC91 /* Validation.swift in Sources */,
				0335E692257CA83600A009D3 /* DieToken.swift in Sources */,
				795BC027259402FA00A6042C /* ImportModel.swift in Sources */,
				79F2D3C025B3EC7C008DE790 /* LockRevealButton.swift in Sources */,
				0374756F2581422700211084 /* SeedList.swift in Sources */,
				034E6BBE259158D900A9EC91 /* GeneralError.swift in Sources */,
				0374756D258141B000211084 /* Seed.swift in Sources */,
				03852CB02582E80F00A116B0 /* SeedDetail.swift in Sources */,
				03972842257B57B0008B9B29 /* CardKeypad.swift in Sources */,
				03852CCB2584451200A116B0 /* DeleteConfirmation.swift in Sources */,
				037474DD2580CB3700211084 /* KeypadFunctionButtons.swift in Sources */,
				795BC0212592EF5F00A6042C /* Importer.swift in Sources */,
				03F6AB29258B46A70025CA34 /* SSKRSetup.swift in Sources */,
				03852CBB2583431500A116B0 /* ModelObjectType.swift in Sources */,
				0335E6A9257DA7E300A009D3 /* BitKeypad.swift in Sources */,
				03972849257B7FB7008B9B29 /* CardToken.swift in Sources */,
				03852CC92583954200A116B0 /* StringTransformable.swift in Sources */,
				03852CC72583951D00A116B0 /* TokenStyle.swift in Sources */,
				03972853257B94BD008B9B29 /* Keypad.swift in Sources */,
				037474CE2580AB0200211084 /* Card.swift in Sources */,
				0397285F257C5C75008B9B29 /* ArrayExtensions.swift in Sources */,
				0335E6A6257DA6C400A009D3 /* BitToken.swift in Sources */,
				033AA654258CB9320008284D /* SSKRGenerator.swift in Sources */,
				03747568258135F500211084 /* WordToken.swift in Sources */,
				037474C92580A1D500211084 /* Token.swift in Sources */,
				0335E6A0257CDFC400A009D3 /* ByteToken.swift in Sources */,
				037474C0258074AB00211084 /* FloatingPointExtensions.swift in Sources */,
				79F2D3C625B5A2A8008DE790 /* ImageUtils.swift in Sources */,
				79F2D3C425B58EE9008DE790 /* LongPressAction.swift in Sources */,
				037474E02580CFD400211084 /* NewSeed.swift in Sources */,
				037474D62580AEFB00211084 /* SecureRandomNumberGenerator.swift in Sources */,
				037474C62580980100211084 /* KeypadRoll1Button.swift in Sources */,
				0335E68F257CA81200A009D3 /* ValueViewable.swift in Sources */,
				03F6AB1E258AFE500025CA34 /* PasteboardCoordinator.swift in Sources */,
				03852CBF2583434E00A116B0 /* ModelObjectIdentity.swift in Sources */,
				0397282D257B4D65008B9B29 /* FehuApp.swift in Sources */,
				795BC02525933CA000A6042C /* StringExtensions.swift in Sources */,
				03F6AB2B258BF1160025CA34 /* SSKRDisplay.swift in Sources */,
				7942BEFE2594275600906FA4 /* SSKRDecoder.swift in Sources */,
				03852CCD2584829900A116B0 /* SeedProducer.swift in Sources */,
				03F6AB22258B06F10025CA34 /* BlurView.swift in Sources */,
				037474C3258085B600211084 /* EntropyStrength.swift in Sources */,
				0335E6AC257DAB2600A009D3 /* ContextMenuItem.swift in Sources */,
				03F6AB20258B01D30025CA34 /* ConfirmationOverlay.swift in Sources */,
				0374757A2581D60400211084 /* Save.swift in Sources */,
				037475712581428B00211084 /* Model.swift in Sources */,
				03F6AB1A2589F5260025CA34 /* ModelObject.swift in Sources */,
				795BC0232592EF7700A6042C /* ImportParentView.swift in Sources */,
				0374757C2581D75A00211084 /* FileManagerExtensions.swift in Sources */,
				03972859257C5411008B9B29 /* EntropyViewModel.swift in Sources */,
				03F6AB1C258ADFB80025CA34 /* TopBar.swift in Sources */,
				03852CBD2583433500A116B0 /* ModelObjectTypeIcon.swift in Sources */,
				034E6BB72590806200A9EC91 /* LifeHashNameGenerator.swift in Sources */,
				0397285C257C543E008B9B29 /* EntropyView.swift in Sources */,
				03852CB7258342C700A116B0 /* FieldClearButton.swift in Sources */,
				0335E695257CB09900A009D3 /* KeypadButtonStyle.swift in Sources */,
				7988693B25BA9FCA0099E8BF /* Key.swift in Sources */,
				034E6B6A25906CDC00A9EC91 /* ColorUtils.swift in Sources */,
				7942BF002595511D00906FA4 /* FeedbackGenerator.swift in Sources */,
				03972856257B94D0008B9B29 /* DieKeypad.swift in Sources */,
				03852CCF2584891B00A116B0 /* DeterministicRandom.swift in Sources */,
				03972850257B91B4008B9B29 /* KeypadButton.swift in Sources */,
				7942BF022595515200906FA4 /* Feedback.swift in Sources */,
				0335E69A257CB20E00A009D3 /* KeypadFunctionButton.swift in Sources */,
				7942BEF3259413CF00906FA4 /* ImportBIP39Model.swift in Sources */,
			);
			runOnlyForDeploymentPostprocessing = 0;
		};
/* End PBXSourcesBuildPhase section */

/* Begin XCBuildConfiguration section */
		03972836257B4D66008B9B29 /* Debug */ = {
			isa = XCBuildConfiguration;
			buildSettings = {
				ALWAYS_SEARCH_USER_PATHS = NO;
				CLANG_ANALYZER_NONNULL = YES;
				CLANG_ANALYZER_NUMBER_OBJECT_CONVERSION = YES_AGGRESSIVE;
				CLANG_CXX_LANGUAGE_STANDARD = "gnu++14";
				CLANG_CXX_LIBRARY = "libc++";
				CLANG_ENABLE_MODULES = YES;
				CLANG_ENABLE_OBJC_ARC = YES;
				CLANG_ENABLE_OBJC_WEAK = YES;
				CLANG_WARN_BLOCK_CAPTURE_AUTORELEASING = YES;
				CLANG_WARN_BOOL_CONVERSION = YES;
				CLANG_WARN_COMMA = YES;
				CLANG_WARN_CONSTANT_CONVERSION = YES;
				CLANG_WARN_DEPRECATED_OBJC_IMPLEMENTATIONS = YES;
				CLANG_WARN_DIRECT_OBJC_ISA_USAGE = YES_ERROR;
				CLANG_WARN_DOCUMENTATION_COMMENTS = YES;
				CLANG_WARN_EMPTY_BODY = YES;
				CLANG_WARN_ENUM_CONVERSION = YES;
				CLANG_WARN_INFINITE_RECURSION = YES;
				CLANG_WARN_INT_CONVERSION = YES;
				CLANG_WARN_NON_LITERAL_NULL_CONVERSION = YES;
				CLANG_WARN_OBJC_IMPLICIT_RETAIN_SELF = YES;
				CLANG_WARN_OBJC_LITERAL_CONVERSION = YES;
				CLANG_WARN_OBJC_ROOT_CLASS = YES_ERROR;
				CLANG_WARN_QUOTED_INCLUDE_IN_FRAMEWORK_HEADER = YES;
				CLANG_WARN_RANGE_LOOP_ANALYSIS = YES;
				CLANG_WARN_STRICT_PROTOTYPES = YES;
				CLANG_WARN_SUSPICIOUS_MOVE = YES;
				CLANG_WARN_UNGUARDED_AVAILABILITY = YES_AGGRESSIVE;
				CLANG_WARN_UNREACHABLE_CODE = YES;
				CLANG_WARN__DUPLICATE_METHOD_MATCH = YES;
				COPY_PHASE_STRIP = NO;
				DEBUG_INFORMATION_FORMAT = dwarf;
				ENABLE_STRICT_OBJC_MSGSEND = YES;
				ENABLE_TESTABILITY = YES;
				GCC_C_LANGUAGE_STANDARD = gnu11;
				GCC_DYNAMIC_NO_PIC = NO;
				GCC_NO_COMMON_BLOCKS = YES;
				GCC_OPTIMIZATION_LEVEL = 0;
				GCC_PREPROCESSOR_DEFINITIONS = (
					"DEBUG=1",
					"$(inherited)",
				);
				GCC_WARN_64_TO_32_BIT_CONVERSION = YES;
				GCC_WARN_ABOUT_RETURN_TYPE = YES_ERROR;
				GCC_WARN_UNDECLARED_SELECTOR = YES;
				GCC_WARN_UNINITIALIZED_AUTOS = YES_AGGRESSIVE;
				GCC_WARN_UNUSED_FUNCTION = YES;
				GCC_WARN_UNUSED_VARIABLE = YES;
				IPHONEOS_DEPLOYMENT_TARGET = 14.2;
				MTL_ENABLE_DEBUG_INFO = INCLUDE_SOURCE;
				MTL_FAST_MATH = YES;
				ONLY_ACTIVE_ARCH = YES;
				SDKROOT = iphoneos;
				SWIFT_ACTIVE_COMPILATION_CONDITIONS = DEBUG;
				SWIFT_OPTIMIZATION_LEVEL = "-Onone";
			};
			name = Debug;
		};
		03972837257B4D66008B9B29 /* Release */ = {
			isa = XCBuildConfiguration;
			buildSettings = {
				ALWAYS_SEARCH_USER_PATHS = NO;
				CLANG_ANALYZER_NONNULL = YES;
				CLANG_ANALYZER_NUMBER_OBJECT_CONVERSION = YES_AGGRESSIVE;
				CLANG_CXX_LANGUAGE_STANDARD = "gnu++14";
				CLANG_CXX_LIBRARY = "libc++";
				CLANG_ENABLE_MODULES = YES;
				CLANG_ENABLE_OBJC_ARC = YES;
				CLANG_ENABLE_OBJC_WEAK = YES;
				CLANG_WARN_BLOCK_CAPTURE_AUTORELEASING = YES;
				CLANG_WARN_BOOL_CONVERSION = YES;
				CLANG_WARN_COMMA = YES;
				CLANG_WARN_CONSTANT_CONVERSION = YES;
				CLANG_WARN_DEPRECATED_OBJC_IMPLEMENTATIONS = YES;
				CLANG_WARN_DIRECT_OBJC_ISA_USAGE = YES_ERROR;
				CLANG_WARN_DOCUMENTATION_COMMENTS = YES;
				CLANG_WARN_EMPTY_BODY = YES;
				CLANG_WARN_ENUM_CONVERSION = YES;
				CLANG_WARN_INFINITE_RECURSION = YES;
				CLANG_WARN_INT_CONVERSION = YES;
				CLANG_WARN_NON_LITERAL_NULL_CONVERSION = YES;
				CLANG_WARN_OBJC_IMPLICIT_RETAIN_SELF = YES;
				CLANG_WARN_OBJC_LITERAL_CONVERSION = YES;
				CLANG_WARN_OBJC_ROOT_CLASS = YES_ERROR;
				CLANG_WARN_QUOTED_INCLUDE_IN_FRAMEWORK_HEADER = YES;
				CLANG_WARN_RANGE_LOOP_ANALYSIS = YES;
				CLANG_WARN_STRICT_PROTOTYPES = YES;
				CLANG_WARN_SUSPICIOUS_MOVE = YES;
				CLANG_WARN_UNGUARDED_AVAILABILITY = YES_AGGRESSIVE;
				CLANG_WARN_UNREACHABLE_CODE = YES;
				CLANG_WARN__DUPLICATE_METHOD_MATCH = YES;
				COPY_PHASE_STRIP = NO;
				DEBUG_INFORMATION_FORMAT = "dwarf-with-dsym";
				ENABLE_NS_ASSERTIONS = NO;
				ENABLE_STRICT_OBJC_MSGSEND = YES;
				GCC_C_LANGUAGE_STANDARD = gnu11;
				GCC_NO_COMMON_BLOCKS = YES;
				GCC_WARN_64_TO_32_BIT_CONVERSION = YES;
				GCC_WARN_ABOUT_RETURN_TYPE = YES_ERROR;
				GCC_WARN_UNDECLARED_SELECTOR = YES;
				GCC_WARN_UNINITIALIZED_AUTOS = YES_AGGRESSIVE;
				GCC_WARN_UNUSED_FUNCTION = YES;
				GCC_WARN_UNUSED_VARIABLE = YES;
				IPHONEOS_DEPLOYMENT_TARGET = 14.2;
				MTL_ENABLE_DEBUG_INFO = NO;
				MTL_FAST_MATH = YES;
				SDKROOT = iphoneos;
				SWIFT_COMPILATION_MODE = wholemodule;
				SWIFT_OPTIMIZATION_LEVEL = "-O";
				VALIDATE_PRODUCT = YES;
			};
			name = Release;
		};
		03972839257B4D66008B9B29 /* Debug */ = {
			isa = XCBuildConfiguration;
			buildSettings = {
				ASSETCATALOG_COMPILER_APPICON_NAME = AppIcon;
				ASSETCATALOG_COMPILER_GLOBAL_ACCENT_COLOR_NAME = AccentColor;
				CODE_SIGN_ENTITLEMENTS = Fehu/Fehu.entitlements;
				CODE_SIGN_IDENTITY = "Apple Development";
				"CODE_SIGN_IDENTITY[sdk=macosx*]" = "Apple Development";
				CODE_SIGN_STYLE = Automatic;
				CURRENT_PROJECT_VERSION = 2;
				DEVELOPMENT_ASSET_PATHS = "\"Fehu/Preview Content\"";
				DEVELOPMENT_TEAM = YZHG975W3A;
				"ENABLE_HARDENED_RUNTIME[sdk=macosx*]" = YES;
				ENABLE_PREVIEWS = YES;
				INFOPLIST_FILE = Fehu/Info.plist;
				IPHONEOS_DEPLOYMENT_TARGET = 14.2;
				LD_RUNPATH_SEARCH_PATHS = (
					"$(inherited)",
					"@executable_path/Frameworks",
				);
				MARKETING_VERSION = 1.0;
				PRODUCT_BUNDLE_IDENTIFIER = blockchaincommons.Fehu;
				PRODUCT_NAME = "$(TARGET_NAME)";
				PROVISIONING_PROFILE_SPECIFIER = "";
				"PROVISIONING_PROFILE_SPECIFIER[sdk=macosx*]" = "";
				SUPPORTS_MACCATALYST = YES;
				SUPPORTS_MAC_DESIGNED_FOR_IPHONE_IPAD = YES;
				SWIFT_VERSION = 5.0;
				TARGETED_DEVICE_FAMILY = "1,2";
			};
			name = Debug;
		};
		0397283A257B4D66008B9B29 /* Release */ = {
			isa = XCBuildConfiguration;
			buildSettings = {
				ASSETCATALOG_COMPILER_APPICON_NAME = AppIcon;
				ASSETCATALOG_COMPILER_GLOBAL_ACCENT_COLOR_NAME = AccentColor;
				CODE_SIGN_ENTITLEMENTS = Fehu/Fehu.entitlements;
				CODE_SIGN_IDENTITY = "Apple Development";
				"CODE_SIGN_IDENTITY[sdk=macosx*]" = "Apple Development";
				CODE_SIGN_STYLE = Automatic;
				CURRENT_PROJECT_VERSION = 2;
				DEVELOPMENT_ASSET_PATHS = "\"Fehu/Preview Content\"";
				DEVELOPMENT_TEAM = YZHG975W3A;
				"ENABLE_HARDENED_RUNTIME[sdk=macosx*]" = YES;
				ENABLE_PREVIEWS = YES;
				INFOPLIST_FILE = Fehu/Info.plist;
				IPHONEOS_DEPLOYMENT_TARGET = 14.2;
				LD_RUNPATH_SEARCH_PATHS = (
					"$(inherited)",
					"@executable_path/Frameworks",
				);
				MARKETING_VERSION = 1.0;
				PRODUCT_BUNDLE_IDENTIFIER = blockchaincommons.Fehu;
				PRODUCT_NAME = "$(TARGET_NAME)";
				PROVISIONING_PROFILE_SPECIFIER = "";
				"PROVISIONING_PROFILE_SPECIFIER[sdk=macosx*]" = "";
				SUPPORTS_MACCATALYST = YES;
				SUPPORTS_MAC_DESIGNED_FOR_IPHONE_IPAD = YES;
				SWIFT_VERSION = 5.0;
				TARGETED_DEVICE_FAMILY = "1,2";
			};
			name = Release;
		};
/* End XCBuildConfiguration section */

/* Begin XCConfigurationList section */
		03972824257B4D65008B9B29 /* Build configuration list for PBXProject "Fehu" */ = {
			isa = XCConfigurationList;
			buildConfigurations = (
				03972836257B4D66008B9B29 /* Debug */,
				03972837257B4D66008B9B29 /* Release */,
			);
			defaultConfigurationIsVisible = 0;
			defaultConfigurationName = Release;
		};
		03972838257B4D66008B9B29 /* Build configuration list for PBXNativeTarget "Guardian" */ = {
			isa = XCConfigurationList;
			buildConfigurations = (
				03972839257B4D66008B9B29 /* Debug */,
				0397283A257B4D66008B9B29 /* Release */,
			);
			defaultConfigurationIsVisible = 0;
			defaultConfigurationName = Release;
		};
/* End XCConfigurationList section */

/* Begin XCRemoteSwiftPackageReference section */
		034E6B6625906CC900A9EC91 /* XCRemoteSwiftPackageReference "UIImageColors" */ = {
			isa = XCRemoteSwiftPackageReference;
			repositoryURL = "https://github.com/wolfmcnally/UIImageColors.git";
			requirement = {
				kind = upToNextMajorVersion;
				minimumVersion = 2.1.1;
			};
		};
		034E6BB325907E6E00A9EC91 /* XCRemoteSwiftPackageReference "WolfColor" */ = {
			isa = XCRemoteSwiftPackageReference;
			repositoryURL = "https://github.com/wolfmcnally/WolfColor.git";
			requirement = {
				kind = upToNextMajorVersion;
				minimumVersion = 5.0.1;
			};
		};
		037474BB2580730D00211084 /* XCRemoteSwiftPackageReference "Interpolate" */ = {
			isa = XCRemoteSwiftPackageReference;
			repositoryURL = "https://github.com/wolfmcnally/Interpolate.git";
			requirement = {
				kind = upToNextMajorVersion;
				minimumVersion = 0.1.0;
			};
		};
		037474ED25810B9800211084 /* XCRemoteSwiftPackageReference "URKit" */ = {
			isa = XCRemoteSwiftPackageReference;
			repositoryURL = "https://github.com/BlockchainCommons/URKit.git";
			requirement = {
				kind = upToNextMajorVersion;
				minimumVersion = 2.0.0;
			};
		};
		037474F125810BB900211084 /* XCRemoteSwiftPackageReference "URUI" */ = {
			isa = XCRemoteSwiftPackageReference;
			repositoryURL = "https://github.com/BlockchainCommons/URUI.git";
			requirement = {
				kind = upToNextMajorVersion;
				minimumVersion = 1.0.0;
			};
		};
		03747569258140DD00211084 /* XCRemoteSwiftPackageReference "LifeHash" */ = {
			isa = XCRemoteSwiftPackageReference;
			repositoryURL = "https://github.com/BlockchainCommons/LifeHash.git";
			requirement = {
				kind = upToNextMajorVersion;
				minimumVersion = 6.0.2;
			};
		};
		0374757625814D2F00211084 /* XCRemoteSwiftPackageReference "WolfLorem" */ = {
			isa = XCRemoteSwiftPackageReference;
			repositoryURL = "https://github.com/wolfmcnally/WolfLorem.git";
			requirement = {
				kind = upToNextMajorVersion;
				minimumVersion = 2.0.3;
			};
		};
		03972844257B5C55008B9B29 /* XCRemoteSwiftPackageReference "WolfSwiftUI" */ = {
			isa = XCRemoteSwiftPackageReference;
			repositoryURL = "https://github.com/wolfmcnally/WolfSwiftUI.git";
			requirement = {
				kind = upToNextMajorVersion;
				minimumVersion = 1.1.1;
			};
		};
/* End XCRemoteSwiftPackageReference section */

/* Begin XCSwiftPackageProductDependency section */
		034E6B6725906CC900A9EC91 /* UIImageColors */ = {
			isa = XCSwiftPackageProductDependency;
			package = 034E6B6625906CC900A9EC91 /* XCRemoteSwiftPackageReference "UIImageColors" */;
			productName = UIImageColors;
		};
		034E6BB425907E6E00A9EC91 /* WolfColor */ = {
			isa = XCSwiftPackageProductDependency;
			package = 034E6BB325907E6E00A9EC91 /* XCRemoteSwiftPackageReference "WolfColor" */;
			productName = WolfColor;
		};
		037474BC2580730D00211084 /* Interpolate */ = {
			isa = XCSwiftPackageProductDependency;
			package = 037474BB2580730D00211084 /* XCRemoteSwiftPackageReference "Interpolate" */;
			productName = Interpolate;
		};
		037474EE25810B9800211084 /* URKit */ = {
			isa = XCSwiftPackageProductDependency;
			package = 037474ED25810B9800211084 /* XCRemoteSwiftPackageReference "URKit" */;
			productName = URKit;
		};
		037474F225810BB900211084 /* URUI */ = {
			isa = XCSwiftPackageProductDependency;
			package = 037474F125810BB900211084 /* XCRemoteSwiftPackageReference "URUI" */;
			productName = URUI;
		};
		0374756A258140DD00211084 /* LifeHash */ = {
			isa = XCSwiftPackageProductDependency;
			package = 03747569258140DD00211084 /* XCRemoteSwiftPackageReference "LifeHash" */;
			productName = LifeHash;
		};
		0374757725814D2F00211084 /* WolfLorem */ = {
			isa = XCSwiftPackageProductDependency;
			package = 0374757625814D2F00211084 /* XCRemoteSwiftPackageReference "WolfLorem" */;
			productName = WolfLorem;
		};
		03972845257B5C55008B9B29 /* WolfSwiftUI */ = {
			isa = XCSwiftPackageProductDependency;
			package = 03972844257B5C55008B9B29 /* XCRemoteSwiftPackageReference "WolfSwiftUI" */;
			productName = WolfSwiftUI;
		};
/* End XCSwiftPackageProductDependency section */
	};
	rootObject = 03972821257B4D65008B9B29 /* Project object */;
}
