// !$*UTF8*$!
{
	archiveVersion = 1;
	classes = {
	};
	objectVersion = 52;
	objects = {

/* Begin PBXBuildFile section */
		0335E68F257CA81200A009D3 /* TokenViewable.swift in Sources */ = {isa = PBXBuildFile; fileRef = 0335E68E257CA81200A009D3 /* TokenViewable.swift */; };
		0335E692257CA83600A009D3 /* DieToken.swift in Sources */ = {isa = PBXBuildFile; fileRef = 0335E691257CA83600A009D3 /* DieToken.swift */; };
		0335E695257CB09900A009D3 /* KeypadButtonStyle.swift in Sources */ = {isa = PBXBuildFile; fileRef = 0335E694257CB09900A009D3 /* KeypadButtonStyle.swift */; };
		0335E69A257CB20E00A009D3 /* KeypadFunctionButton.swift in Sources */ = {isa = PBXBuildFile; fileRef = 0335E699257CB20E00A009D3 /* KeypadFunctionButton.swift */; };
		0335E69D257CDAF900A009D3 /* KeypadDeleteButton.swift in Sources */ = {isa = PBXBuildFile; fileRef = 0335E69C257CDAF900A009D3 /* KeypadDeleteButton.swift */; };
		0335E6A0257CDFC400A009D3 /* ByteToken.swift in Sources */ = {isa = PBXBuildFile; fileRef = 0335E69F257CDFC400A009D3 /* ByteToken.swift */; };
		0335E6A3257CE08100A009D3 /* ByteKeypad.swift in Sources */ = {isa = PBXBuildFile; fileRef = 0335E6A2257CE08100A009D3 /* ByteKeypad.swift */; };
		0335E6A6257DA6C400A009D3 /* BitToken.swift in Sources */ = {isa = PBXBuildFile; fileRef = 0335E6A5257DA6C400A009D3 /* BitToken.swift */; };
		0335E6A9257DA7E300A009D3 /* BitKeypad.swift in Sources */ = {isa = PBXBuildFile; fileRef = 0335E6A8257DA7E300A009D3 /* BitKeypad.swift */; };
		033AA654258CB9320008284D /* SSKRGenerator.swift in Sources */ = {isa = PBXBuildFile; fileRef = 033AA653258CB9320008284D /* SSKRGenerator.swift */; };
		037474BD2580730D00211084 /* Interpolate in Frameworks */ = {isa = PBXBuildFile; productRef = 037474BC2580730D00211084 /* Interpolate */; };
		037474C3258085B600211084 /* EntropyStrength.swift in Sources */ = {isa = PBXBuildFile; fileRef = 037474C2258085B600211084 /* EntropyStrength.swift */; };
		037474C62580980100211084 /* KeypadRoll1Button.swift in Sources */ = {isa = PBXBuildFile; fileRef = 037474C52580980100211084 /* KeypadRoll1Button.swift */; };
		037474C92580A1D500211084 /* Token.swift in Sources */ = {isa = PBXBuildFile; fileRef = 037474C82580A1D500211084 /* Token.swift */; };
		037474CE2580AB0200211084 /* Card.swift in Sources */ = {isa = PBXBuildFile; fileRef = 037474CD2580AB0200211084 /* Card.swift */; };
		037474DD2580CB3700211084 /* KeypadFunctionButtons.swift in Sources */ = {isa = PBXBuildFile; fileRef = 037474DC2580CB3700211084 /* KeypadFunctionButtons.swift */; };
		037474E02580CFD400211084 /* AddSeed.swift in Sources */ = {isa = PBXBuildFile; fileRef = 037474DF2580CFD400211084 /* AddSeed.swift */; };
		037474F325810BB900211084 /* URUI in Frameworks */ = {isa = PBXBuildFile; productRef = 037474F225810BB900211084 /* URUI */; };
		03747568258135F500211084 /* WordToken.swift in Sources */ = {isa = PBXBuildFile; fileRef = 03747567258135F500211084 /* WordToken.swift */; };
		0374756B258140DD00211084 /* LifeHash in Frameworks */ = {isa = PBXBuildFile; productRef = 0374756A258140DD00211084 /* LifeHash */; };
		0374756D258141B000211084 /* ModelSeed.swift in Sources */ = {isa = PBXBuildFile; fileRef = 0374756C258141B000211084 /* ModelSeed.swift */; };
		0374756F2581422700211084 /* SeedList.swift in Sources */ = {isa = PBXBuildFile; fileRef = 0374756E2581422700211084 /* SeedList.swift */; };
		037475712581428B00211084 /* Model.swift in Sources */ = {isa = PBXBuildFile; fileRef = 037475702581428B00211084 /* Model.swift */; };
		0374757825814D2F00211084 /* WolfLorem in Frameworks */ = {isa = PBXBuildFile; productRef = 0374757725814D2F00211084 /* WolfLorem */; };
		0374757A2581D60400211084 /* Saveable.swift in Sources */ = {isa = PBXBuildFile; fileRef = 037475792581D60400211084 /* Saveable.swift */; };
		03852CB02582E80F00A116B0 /* SeedDetail.swift in Sources */ = {isa = PBXBuildFile; fileRef = 03852CAF2582E80F00A116B0 /* SeedDetail.swift */; };
		03852CB22582FEA700A116B0 /* SetupNewSeed.swift in Sources */ = {isa = PBXBuildFile; fileRef = 03852CB12582FEA700A116B0 /* SetupNewSeed.swift */; };
		03852CC72583951D00A116B0 /* TokenStyle.swift in Sources */ = {isa = PBXBuildFile; fileRef = 03852CC62583951D00A116B0 /* TokenStyle.swift */; };
		03852CC92583954200A116B0 /* StringTransformable.swift in Sources */ = {isa = PBXBuildFile; fileRef = 03852CC82583954200A116B0 /* StringTransformable.swift */; };
		03852CCD2584829900A116B0 /* SeedProducer.swift in Sources */ = {isa = PBXBuildFile; fileRef = 03852CCC2584829900A116B0 /* SeedProducer.swift */; };
		0397282D257B4D65008B9B29 /* SeedToolApp.swift in Sources */ = {isa = PBXBuildFile; fileRef = 0397282C257B4D65008B9B29 /* SeedToolApp.swift */; };
		0397282F257B4D65008B9B29 /* ContentView.swift in Sources */ = {isa = PBXBuildFile; fileRef = 0397282E257B4D65008B9B29 /* ContentView.swift */; };
		03972831257B4D66008B9B29 /* Assets.xcassets in Resources */ = {isa = PBXBuildFile; fileRef = 03972830257B4D66008B9B29 /* Assets.xcassets */; };
		03972834257B4D66008B9B29 /* Preview Assets.xcassets in Resources */ = {isa = PBXBuildFile; fileRef = 03972833257B4D66008B9B29 /* Preview Assets.xcassets */; };
		03972842257B57B0008B9B29 /* CardKeypad.swift in Sources */ = {isa = PBXBuildFile; fileRef = 03972841257B57B0008B9B29 /* CardKeypad.swift */; };
		03972846257B5C55008B9B29 /* WolfSwiftUI in Frameworks */ = {isa = PBXBuildFile; productRef = 03972845257B5C55008B9B29 /* WolfSwiftUI */; };
		03972849257B7FB7008B9B29 /* CardToken.swift in Sources */ = {isa = PBXBuildFile; fileRef = 03972848257B7FB7008B9B29 /* CardToken.swift */; };
		03972850257B91B4008B9B29 /* KeypadButton.swift in Sources */ = {isa = PBXBuildFile; fileRef = 0397284F257B91B3008B9B29 /* KeypadButton.swift */; };
		03972853257B94BD008B9B29 /* Keypad.swift in Sources */ = {isa = PBXBuildFile; fileRef = 03972852257B94BD008B9B29 /* Keypad.swift */; };
		03972856257B94D0008B9B29 /* DieKeypad.swift in Sources */ = {isa = PBXBuildFile; fileRef = 03972855257B94D0008B9B29 /* DieKeypad.swift */; };
		03972859257C5411008B9B29 /* EntropyViewModel.swift in Sources */ = {isa = PBXBuildFile; fileRef = 03972858257C5411008B9B29 /* EntropyViewModel.swift */; };
		0397285C257C543E008B9B29 /* EntropyView.swift in Sources */ = {isa = PBXBuildFile; fileRef = 0397285B257C543E008B9B29 /* EntropyView.swift */; };
		03A18D222586BFD500AE5FE4 /* Security.framework in Frameworks */ = {isa = PBXBuildFile; fileRef = 037474D92580AF6C00211084 /* Security.framework */; };
		03A22B63258ECA91006C130F /* ImportSeedModel.swift in Sources */ = {isa = PBXBuildFile; fileRef = 03A22B62258ECA91006C130F /* ImportSeedModel.swift */; };
		03F6AB182589F4440025CA34 /* ModelObjectExport.swift in Sources */ = {isa = PBXBuildFile; fileRef = 03F6AB172589F4440025CA34 /* ModelObjectExport.swift */; };
		03F6AB1A2589F5260025CA34 /* ModelObject.swift in Sources */ = {isa = PBXBuildFile; fileRef = 03F6AB192589F5260025CA34 /* ModelObject.swift */; };
		03F6AB2B258BF1160025CA34 /* SSKRDisplay.swift in Sources */ = {isa = PBXBuildFile; fileRef = 03F6AB2A258BF1160025CA34 /* SSKRDisplay.swift */; };
		790B58D426CCC01900CB518D /* SwiftUIFlowLayout in Frameworks */ = {isa = PBXBuildFile; productRef = 790B58D326CCC01900CB518D /* SwiftUIFlowLayout */; };
		790BD27E26AFEDF700B6607C /* AppChapter.swift in Sources */ = {isa = PBXBuildFile; fileRef = 790BD27D26AFEDF700B6607C /* AppChapter.swift */; };
		790D4CE926C63C7200470718 /* BIP39Header.swift in Sources */ = {isa = PBXBuildFile; fileRef = 790D4CE826C63C7200470718 /* BIP39Header.swift */; };
		790DD88D27BF629E00D6495B /* NFC in Frameworks */ = {isa = PBXBuildFile; productRef = 790DD88C27BF629E00D6495B /* NFC */; };
		791575CF27C8B554007EA3AB /* AppDelegate.swift in Sources */ = {isa = PBXBuildFile; fileRef = 791575CE27C8B554007EA3AB /* AppDelegate.swift */; };
		791575D527C8B994007EA3AB /* SceneDelegate.swift in Sources */ = {isa = PBXBuildFile; fileRef = 791575D427C8B994007EA3AB /* SceneDelegate.swift */; };
		791575D927CC5832007EA3AB /* Images.swift in Sources */ = {isa = PBXBuildFile; fileRef = 791575D827CC5832007EA3AB /* Images.swift */; };
		791EA9D92876587400A53548 /* ApproveOutputDescriptorRequest.swift in Sources */ = {isa = PBXBuildFile; fileRef = 791EA9D82876587400A53548 /* ApproveOutputDescriptorRequest.swift */; };
		7924106F283C25A000611B9F /* BCApp in Frameworks */ = {isa = PBXBuildFile; productRef = 7924106E283C25A000611B9F /* BCApp */; };
		79241076283C3B9F00611B9F /* AppUtilsExtensions.swift in Sources */ = {isa = PBXBuildFile; fileRef = 79241075283C3B9F00611B9F /* AppUtilsExtensions.swift */; };
		7925D77925E8C6600069D18C /* MainView.swift in Sources */ = {isa = PBXBuildFile; fileRef = 7925D77825E8C6600069D18C /* MainView.swift */; };
		7925D77B25E8CE610069D18C /* LaunchScreen.storyboard in Resources */ = {isa = PBXBuildFile; fileRef = 7925D77A25E8CE610069D18C /* LaunchScreen.storyboard */; };
		7925D79E25EA201E0069D18C /* SeedSelector.swift in Sources */ = {isa = PBXBuildFile; fileRef = 7925D79D25EA201E0069D18C /* SeedSelector.swift */; };
		7925D7A625ECD3960069D18C /* SeedToolUITests.swift in Sources */ = {isa = PBXBuildFile; fileRef = 7925D7A525ECD3960069D18C /* SeedToolUITests.swift */; };
		7925D7B025ECD3F80069D18C /* SnapshotHelper.swift in Sources */ = {isa = PBXBuildFile; fileRef = 7925D7AF25ECD3F80069D18C /* SnapshotHelper.swift */; };
		793755CE26732529002C8CC0 /* CloudKit.framework in Frameworks */ = {isa = PBXBuildFile; fileRef = 793755CD26732529002C8CC0 /* CloudKit.framework */; };
		793CDBC626CE2C0100FE0482 /* WolfBase in Frameworks */ = {isa = PBXBuildFile; productRef = 793CDBC526CE2C0100FE0482 /* WolfBase */; };
		793DD7FA27CDC5BA0042FB2B /* QRCodeGenerator in Frameworks */ = {isa = PBXBuildFile; productRef = 793DD7F927CDC5BA0042FB2B /* QRCodeGenerator */; };
		793DD7FC27D5883A0042FB2B /* KeyExport.swift in Sources */ = {isa = PBXBuildFile; fileRef = 793DD7FB27D588390042FB2B /* KeyExport.swift */; };
		793DD7FE27D60D160042FB2B /* RequestNote.swift in Sources */ = {isa = PBXBuildFile; fileRef = 793DD7FD27D60D150042FB2B /* RequestNote.swift */; };
		793DD80027D81DB70042FB2B /* OutputPathInfo.swift in Sources */ = {isa = PBXBuildFile; fileRef = 793DD7FF27D81DB70042FB2B /* OutputPathInfo.swift */; };
		793DD80427D87DD30042FB2B /* CoreNFC.framework in Frameworks */ = {isa = PBXBuildFile; fileRef = 793DD80327D87DD30042FB2B /* CoreNFC.framework */; settings = {ATTRIBUTES = (Weak, ); }; };
		793FAA6B25CF2AC7000642BE /* Markdown in Resources */ = {isa = PBXBuildFile; fileRef = 793FAA6A25CF2AC7000642BE /* Markdown */; };
		793FAA6D25CF3507000642BE /* LifeHashHeader.swift in Sources */ = {isa = PBXBuildFile; fileRef = 793FAA6C25CF3507000642BE /* LifeHashHeader.swift */; };
		793FAA6F25CF3C46000642BE /* URHeader.swift in Sources */ = {isa = PBXBuildFile; fileRef = 793FAA6E25CF3C46000642BE /* URHeader.swift */; };
		793FAA7125CF57C9000642BE /* ByteWordsHeader.swift in Sources */ = {isa = PBXBuildFile; fileRef = 793FAA7025CF57C9000642BE /* ByteWordsHeader.swift */; };
		7942BEF12594113400906FA4 /* ImportChildView.swift in Sources */ = {isa = PBXBuildFile; fileRef = 7942BEF02594113400906FA4 /* ImportChildView.swift */; };
		7942BEF3259413CF00906FA4 /* ImportBIP39Model.swift in Sources */ = {isa = PBXBuildFile; fileRef = 7942BEF2259413CF00906FA4 /* ImportBIP39Model.swift */; };
		7942BEFC2594262A00906FA4 /* ImportSSKRModel.swift in Sources */ = {isa = PBXBuildFile; fileRef = 7942BEFB2594262A00906FA4 /* ImportSSKRModel.swift */; };
		7942BF0825956A1700906FA4 /* AVFoundation.framework in Frameworks */ = {isa = PBXBuildFile; fileRef = 7942BF0725956A1700906FA4 /* AVFoundation.framework */; };
		7944E9AB26DDF123007BBECA /* ApprovePSBTSignatureRequest.swift in Sources */ = {isa = PBXBuildFile; fileRef = 7944E9AA26DDF123007BBECA /* ApprovePSBTSignatureRequest.swift */; };
		794990272717688E0081F7A5 /* ApproveSeedRequest.swift in Sources */ = {isa = PBXBuildFile; fileRef = 794990262717688E0081F7A5 /* ApproveSeedRequest.swift */; };
		79499029271768A10081F7A5 /* ApproveKeyRequest.swift in Sources */ = {isa = PBXBuildFile; fileRef = 79499028271768A10081F7A5 /* ApproveKeyRequest.swift */; };
		794FDDEF25C66676006ECAEA /* Settings.swift in Sources */ = {isa = PBXBuildFile; fileRef = 794FDDEE25C66676006ECAEA /* Settings.swift */; };
		794FDDF125C66D5E006ECAEA /* SettingsPanel.swift in Sources */ = {isa = PBXBuildFile; fileRef = 794FDDF025C66D5E006ECAEA /* SettingsPanel.swift */; };
		79560CB325E0C21100D0A561 /* ApproveRequest.swift in Sources */ = {isa = PBXBuildFile; fileRef = 79560CB225E0C21100D0A561 /* ApproveRequest.swift */; };
		795BC0212592EF5F00A6042C /* Importer.swift in Sources */ = {isa = PBXBuildFile; fileRef = 795BC0202592EF5F00A6042C /* Importer.swift */; };
		795BC0232592EF7700A6042C /* ImportParentView.swift in Sources */ = {isa = PBXBuildFile; fileRef = 795BC0222592EF7700A6042C /* ImportParentView.swift */; };
		795BC027259402FA00A6042C /* ImportModel.swift in Sources */ = {isa = PBXBuildFile; fileRef = 795BC026259402F800A6042C /* ImportModel.swift */; };
		795F8C3726F32A12009D90FB /* ModelAddress.swift in Sources */ = {isa = PBXBuildFile; fileRef = 795F8C3626F32A12009D90FB /* ModelAddress.swift */; };
		795F8C3B26F49513009D90FB /* AddressBackupPage.swift in Sources */ = {isa = PBXBuildFile; fileRef = 795F8C3A26F49513009D90FB /* AddressBackupPage.swift */; };
		796CE40427575C84008C6239 /* BCFoundation in Frameworks */ = {isa = PBXBuildFile; productRef = 796CE40327575C84008C6239 /* BCFoundation */; };
		796CE40727577DCB008C6239 /* CryptoSwift in Frameworks */ = {isa = PBXBuildFile; productRef = 796CE40627577DCB008C6239 /* CryptoSwift */; };
		7973140E26D373C700B3D0A7 /* WolfOrdinal in Frameworks */ = {isa = PBXBuildFile; productRef = 7973140D26D373C700B3D0A7 /* WolfOrdinal */; };
		7984C97F27B6007400B52080 /* SSKRSharesView.swift in Sources */ = {isa = PBXBuildFile; fileRef = 7984C97E27B6007400B52080 /* SSKRSharesView.swift */; };
		7984C98127B6335F00B52080 /* SSKRShareExportView.swift in Sources */ = {isa = PBXBuildFile; fileRef = 7984C98027B6335F00B52080 /* SSKRShareExportView.swift */; };
		7986561026A40BC9001579D4 /* SSKRPreset.swift in Sources */ = {isa = PBXBuildFile; fileRef = 7986560F26A40BC9001579D4 /* SSKRPreset.swift */; };
		7986561226A4274A001579D4 /* SSKRModel.swift in Sources */ = {isa = PBXBuildFile; fileRef = 7986561126A4274A001579D4 /* SSKRModel.swift */; };
		7986561426A42ABC001579D4 /* SSKRSetup.swift in Sources */ = {isa = PBXBuildFile; fileRef = 7986561326A42ABC001579D4 /* SSKRSetup.swift */; };
		7988693B25BA9FCA0099E8BF /* ModelHDKey.swift in Sources */ = {isa = PBXBuildFile; fileRef = 7988693A25BA9FCA0099E8BF /* ModelHDKey.swift */; };
		7988695425BD4B180099E8BF /* KeyDerivation.swift in Sources */ = {isa = PBXBuildFile; fileRef = 7988695325BD4B180099E8BF /* KeyDerivation.swift */; };
		799707D825CE8085008B1FDA /* BlockchainCommonsLogo.swift in Sources */ = {isa = PBXBuildFile; fileRef = 799707D725CE8085008B1FDA /* BlockchainCommonsLogo.swift */; };
		79AE84DF25CE8EB700B6A668 /* AppLogo.swift in Sources */ = {isa = PBXBuildFile; fileRef = 79AE84DE25CE8EB700B6A668 /* AppLogo.swift */; };
		79C071DD27B2351C001F2F40 /* SSKRPrintSetup.swift in Sources */ = {isa = PBXBuildFile; fileRef = 79C071DC27B2351C001F2F40 /* SSKRPrintSetup.swift */; };
		79C071DF27B23E9D001F2F40 /* SSKRShareCoupon.swift in Sources */ = {isa = PBXBuildFile; fileRef = 79C071DE27B23E9D001F2F40 /* SSKRShareCoupon.swift */; };
		79C071E127B2F0DD001F2F40 /* SSKRSummaryPage.swift in Sources */ = {isa = PBXBuildFile; fileRef = 79C071E027B2F0DD001F2F40 /* SSKRSummaryPage.swift */; };
		79C6299F28794164007D9346 /* AssetExtensions.swift in Sources */ = {isa = PBXBuildFile; fileRef = 79C6299E28794164007D9346 /* AssetExtensions.swift */; };
		79C73B19261FEB2100B47D85 /* SSKRSharePage.swift in Sources */ = {isa = PBXBuildFile; fileRef = 79C73B18261FEB2100B47D85 /* SSKRSharePage.swift */; };
		79CBB262284AE79100EBE0DE /* NoSeedSelected.swift in Sources */ = {isa = PBXBuildFile; fileRef = 79CBB261284AE79100EBE0DE /* NoSeedSelected.swift */; };
		79CC47AB2675A9B000C433AE /* Cloud.swift in Sources */ = {isa = PBXBuildFile; fileRef = 79CC47AA2675A9B000C433AE /* Cloud.swift */; };
		79CDDB8825C0E47400E801F2 /* KeyExportDerivationPreset.swift in Sources */ = {isa = PBXBuildFile; fileRef = 79CDDB8725C0E47400E801F2 /* KeyExportDerivationPreset.swift */; };
		79CDDB8A25C0E49300E801F2 /* KeyExportModel.swift in Sources */ = {isa = PBXBuildFile; fileRef = 79CDDB8925C0E49300E801F2 /* KeyExportModel.swift */; };
		79DDBA6B25D5311E0028EDF4 /* SwiftUIPrint in Frameworks */ = {isa = PBXBuildFile; productRef = 79DDBA6A25D5311E0028EDF4 /* SwiftUIPrint */; };
		79E27B7F25CBB17400B5AD74 /* SeedBackupPage.swift in Sources */ = {isa = PBXBuildFile; fileRef = 79E27B7E25CBB17400B5AD74 /* SeedBackupPage.swift */; };
		79E27B8125CBB1D400B5AD74 /* PrintSetup.swift in Sources */ = {isa = PBXBuildFile; fileRef = 79E27B8025CBB1D400B5AD74 /* PrintSetup.swift */; };
		79E27B8B25CD05B700B5AD74 /* ImportByteWordsModel.swift in Sources */ = {isa = PBXBuildFile; fileRef = 79E27B8A25CD05B700B5AD74 /* ImportByteWordsModel.swift */; };
		79EB1EB026BE93B3009CBCFD /* Base58Swift in Frameworks */ = {isa = PBXBuildFile; productRef = 79EB1EAF26BE93B3009CBCFD /* Base58Swift */; };
		79F2D3BC25B3DBC8008DE790 /* LocalAuthentication.framework in Frameworks */ = {isa = PBXBuildFile; fileRef = 79F2D3BB25B3DBC8008DE790 /* LocalAuthentication.framework */; };
		79F38EFE25D6412B0056409C /* BackupPage.swift in Sources */ = {isa = PBXBuildFile; fileRef = 79F38EFD25D6412B0056409C /* BackupPage.swift */; };
		79F38F0025D642CE0056409C /* KeyBackupPage.swift in Sources */ = {isa = PBXBuildFile; fileRef = 79F38EFF25D642CE0056409C /* KeyBackupPage.swift */; };
		79F63EBD26F709C70075CC97 /* ModelPrivateKey.swift in Sources */ = {isa = PBXBuildFile; fileRef = 79F63EBC26F709C70075CC97 /* ModelPrivateKey.swift */; };
		79F63EBF26F70BEC0075CC97 /* PrivateKeyBackupPage.swift in Sources */ = {isa = PBXBuildFile; fileRef = 79F63EBE26F70BEC0075CC97 /* PrivateKeyBackupPage.swift */; };
/* End PBXBuildFile section */

/* Begin PBXContainerItemProxy section */
		7925D7A825ECD3960069D18C /* PBXContainerItemProxy */ = {
			isa = PBXContainerItemProxy;
			containerPortal = 03972821257B4D65008B9B29 /* Project object */;
			proxyType = 1;
			remoteGlobalIDString = 03972828257B4D65008B9B29;
			remoteInfo = SeedTool;
		};
/* End PBXContainerItemProxy section */

/* Begin PBXCopyFilesBuildPhase section */
		0374750425810DA300211084 /* Embed Frameworks */ = {
			isa = PBXCopyFilesBuildPhase;
			buildActionMask = 2147483647;
			dstPath = "";
			dstSubfolderSpec = 10;
			files = (
			);
			name = "Embed Frameworks";
			runOnlyForDeploymentPostprocessing = 0;
		};
/* End PBXCopyFilesBuildPhase section */

/* Begin PBXFileReference section */
		0335E68E257CA81200A009D3 /* TokenViewable.swift */ = {isa = PBXFileReference; lastKnownFileType = sourcecode.swift; path = TokenViewable.swift; sourceTree = "<group>"; };
		0335E691257CA83600A009D3 /* DieToken.swift */ = {isa = PBXFileReference; lastKnownFileType = sourcecode.swift; path = DieToken.swift; sourceTree = "<group>"; };
		0335E694257CB09900A009D3 /* KeypadButtonStyle.swift */ = {isa = PBXFileReference; lastKnownFileType = sourcecode.swift; path = KeypadButtonStyle.swift; sourceTree = "<group>"; };
		0335E699257CB20E00A009D3 /* KeypadFunctionButton.swift */ = {isa = PBXFileReference; lastKnownFileType = sourcecode.swift; path = KeypadFunctionButton.swift; sourceTree = "<group>"; };
		0335E69C257CDAF900A009D3 /* KeypadDeleteButton.swift */ = {isa = PBXFileReference; lastKnownFileType = sourcecode.swift; path = KeypadDeleteButton.swift; sourceTree = "<group>"; };
		0335E69F257CDFC400A009D3 /* ByteToken.swift */ = {isa = PBXFileReference; lastKnownFileType = sourcecode.swift; path = ByteToken.swift; sourceTree = "<group>"; };
		0335E6A2257CE08100A009D3 /* ByteKeypad.swift */ = {isa = PBXFileReference; lastKnownFileType = sourcecode.swift; path = ByteKeypad.swift; sourceTree = "<group>"; };
		0335E6A5257DA6C400A009D3 /* BitToken.swift */ = {isa = PBXFileReference; lastKnownFileType = sourcecode.swift; path = BitToken.swift; sourceTree = "<group>"; };
		0335E6A8257DA7E300A009D3 /* BitKeypad.swift */ = {isa = PBXFileReference; lastKnownFileType = sourcecode.swift; path = BitKeypad.swift; sourceTree = "<group>"; };
		033AA653258CB9320008284D /* SSKRGenerator.swift */ = {isa = PBXFileReference; lastKnownFileType = sourcecode.swift; path = SSKRGenerator.swift; sourceTree = "<group>"; };
		037474C2258085B600211084 /* EntropyStrength.swift */ = {isa = PBXFileReference; lastKnownFileType = sourcecode.swift; path = EntropyStrength.swift; sourceTree = "<group>"; };
		037474C52580980100211084 /* KeypadRoll1Button.swift */ = {isa = PBXFileReference; lastKnownFileType = sourcecode.swift; path = KeypadRoll1Button.swift; sourceTree = "<group>"; };
		037474C82580A1D500211084 /* Token.swift */ = {isa = PBXFileReference; lastKnownFileType = sourcecode.swift; path = Token.swift; sourceTree = "<group>"; };
		037474CD2580AB0200211084 /* Card.swift */ = {isa = PBXFileReference; lastKnownFileType = sourcecode.swift; path = Card.swift; sourceTree = "<group>"; };
		037474D92580AF6C00211084 /* Security.framework */ = {isa = PBXFileReference; lastKnownFileType = wrapper.framework; name = Security.framework; path = Platforms/MacOSX.platform/Developer/SDKs/MacOSX11.1.sdk/System/Library/Frameworks/Security.framework; sourceTree = DEVELOPER_DIR; };
		037474DC2580CB3700211084 /* KeypadFunctionButtons.swift */ = {isa = PBXFileReference; lastKnownFileType = sourcecode.swift; path = KeypadFunctionButtons.swift; sourceTree = "<group>"; };
		037474DF2580CFD400211084 /* AddSeed.swift */ = {isa = PBXFileReference; lastKnownFileType = sourcecode.swift; path = AddSeed.swift; sourceTree = "<group>"; };
		03747567258135F500211084 /* WordToken.swift */ = {isa = PBXFileReference; lastKnownFileType = sourcecode.swift; path = WordToken.swift; sourceTree = "<group>"; };
		0374756C258141B000211084 /* ModelSeed.swift */ = {isa = PBXFileReference; lastKnownFileType = sourcecode.swift; path = ModelSeed.swift; sourceTree = "<group>"; };
		0374756E2581422700211084 /* SeedList.swift */ = {isa = PBXFileReference; lastKnownFileType = sourcecode.swift; path = SeedList.swift; sourceTree = "<group>"; };
		037475702581428B00211084 /* Model.swift */ = {isa = PBXFileReference; lastKnownFileType = sourcecode.swift; path = Model.swift; sourceTree = "<group>"; };
		037475792581D60400211084 /* Saveable.swift */ = {isa = PBXFileReference; lastKnownFileType = sourcecode.swift; path = Saveable.swift; sourceTree = "<group>"; };
		03852CAF2582E80F00A116B0 /* SeedDetail.swift */ = {isa = PBXFileReference; lastKnownFileType = sourcecode.swift; path = SeedDetail.swift; sourceTree = "<group>"; };
		03852CB12582FEA700A116B0 /* SetupNewSeed.swift */ = {isa = PBXFileReference; lastKnownFileType = sourcecode.swift; path = SetupNewSeed.swift; sourceTree = "<group>"; };
		03852CC62583951D00A116B0 /* TokenStyle.swift */ = {isa = PBXFileReference; lastKnownFileType = sourcecode.swift; path = TokenStyle.swift; sourceTree = "<group>"; };
		03852CC82583954200A116B0 /* StringTransformable.swift */ = {isa = PBXFileReference; lastKnownFileType = sourcecode.swift; path = StringTransformable.swift; sourceTree = "<group>"; };
		03852CCC2584829900A116B0 /* SeedProducer.swift */ = {isa = PBXFileReference; lastKnownFileType = sourcecode.swift; path = SeedProducer.swift; sourceTree = "<group>"; };
		03972829257B4D65008B9B29 /* SeedTool.app */ = {isa = PBXFileReference; explicitFileType = wrapper.application; includeInIndex = 0; path = SeedTool.app; sourceTree = BUILT_PRODUCTS_DIR; };
		0397282C257B4D65008B9B29 /* SeedToolApp.swift */ = {isa = PBXFileReference; lastKnownFileType = sourcecode.swift; path = SeedToolApp.swift; sourceTree = "<group>"; };
		0397282E257B4D65008B9B29 /* ContentView.swift */ = {isa = PBXFileReference; lastKnownFileType = sourcecode.swift; path = ContentView.swift; sourceTree = "<group>"; };
		03972830257B4D66008B9B29 /* Assets.xcassets */ = {isa = PBXFileReference; lastKnownFileType = folder.assetcatalog; path = Assets.xcassets; sourceTree = "<group>"; };
		03972833257B4D66008B9B29 /* Preview Assets.xcassets */ = {isa = PBXFileReference; lastKnownFileType = folder.assetcatalog; path = "Preview Assets.xcassets"; sourceTree = "<group>"; };
		03972835257B4D66008B9B29 /* Info.plist */ = {isa = PBXFileReference; lastKnownFileType = text.plist.xml; path = Info.plist; sourceTree = "<group>"; };
		0397283F257B524C008B9B29 /* SeedTool.entitlements */ = {isa = PBXFileReference; lastKnownFileType = text.plist.entitlements; path = SeedTool.entitlements; sourceTree = "<group>"; };
		03972841257B57B0008B9B29 /* CardKeypad.swift */ = {isa = PBXFileReference; lastKnownFileType = sourcecode.swift; path = CardKeypad.swift; sourceTree = "<group>"; };
		03972848257B7FB7008B9B29 /* CardToken.swift */ = {isa = PBXFileReference; lastKnownFileType = sourcecode.swift; path = CardToken.swift; sourceTree = "<group>"; };
		0397284F257B91B3008B9B29 /* KeypadButton.swift */ = {isa = PBXFileReference; lastKnownFileType = sourcecode.swift; path = KeypadButton.swift; sourceTree = "<group>"; };
		03972852257B94BD008B9B29 /* Keypad.swift */ = {isa = PBXFileReference; lastKnownFileType = sourcecode.swift; path = Keypad.swift; sourceTree = "<group>"; };
		03972855257B94D0008B9B29 /* DieKeypad.swift */ = {isa = PBXFileReference; lastKnownFileType = sourcecode.swift; path = DieKeypad.swift; sourceTree = "<group>"; };
		03972858257C5411008B9B29 /* EntropyViewModel.swift */ = {isa = PBXFileReference; lastKnownFileType = sourcecode.swift; path = EntropyViewModel.swift; sourceTree = "<group>"; };
		0397285B257C543E008B9B29 /* EntropyView.swift */ = {isa = PBXFileReference; lastKnownFileType = sourcecode.swift; path = EntropyView.swift; sourceTree = "<group>"; };
		03A22B62258ECA91006C130F /* ImportSeedModel.swift */ = {isa = PBXFileReference; lastKnownFileType = sourcecode.swift; path = ImportSeedModel.swift; sourceTree = "<group>"; };
		03F6AB172589F4440025CA34 /* ModelObjectExport.swift */ = {isa = PBXFileReference; lastKnownFileType = sourcecode.swift; path = ModelObjectExport.swift; sourceTree = "<group>"; };
		03F6AB192589F5260025CA34 /* ModelObject.swift */ = {isa = PBXFileReference; lastKnownFileType = sourcecode.swift; path = ModelObject.swift; sourceTree = "<group>"; };
		03F6AB2A258BF1160025CA34 /* SSKRDisplay.swift */ = {isa = PBXFileReference; lastKnownFileType = sourcecode.swift; path = SSKRDisplay.swift; sourceTree = "<group>"; };
		790BD27D26AFEDF700B6607C /* AppChapter.swift */ = {isa = PBXFileReference; lastKnownFileType = sourcecode.swift; path = AppChapter.swift; sourceTree = "<group>"; };
		790D4CE826C63C7200470718 /* BIP39Header.swift */ = {isa = PBXFileReference; lastKnownFileType = sourcecode.swift; path = BIP39Header.swift; sourceTree = "<group>"; };
		791575CE27C8B554007EA3AB /* AppDelegate.swift */ = {isa = PBXFileReference; lastKnownFileType = sourcecode.swift; path = AppDelegate.swift; sourceTree = "<group>"; };
		791575D427C8B994007EA3AB /* SceneDelegate.swift */ = {isa = PBXFileReference; fileEncoding = 4; lastKnownFileType = sourcecode.swift; path = SceneDelegate.swift; sourceTree = "<group>"; };
		791575D827CC5832007EA3AB /* Images.swift */ = {isa = PBXFileReference; lastKnownFileType = sourcecode.swift; path = Images.swift; sourceTree = "<group>"; };
		791EA9D82876587400A53548 /* ApproveOutputDescriptorRequest.swift */ = {isa = PBXFileReference; lastKnownFileType = sourcecode.swift; path = ApproveOutputDescriptorRequest.swift; sourceTree = "<group>"; };
		79241075283C3B9F00611B9F /* AppUtilsExtensions.swift */ = {isa = PBXFileReference; lastKnownFileType = sourcecode.swift; path = AppUtilsExtensions.swift; sourceTree = "<group>"; };
		7925D77825E8C6600069D18C /* MainView.swift */ = {isa = PBXFileReference; lastKnownFileType = sourcecode.swift; path = MainView.swift; sourceTree = "<group>"; };
		7925D77A25E8CE610069D18C /* LaunchScreen.storyboard */ = {isa = PBXFileReference; lastKnownFileType = file.storyboard; path = LaunchScreen.storyboard; sourceTree = "<group>"; };
		7925D79D25EA201E0069D18C /* SeedSelector.swift */ = {isa = PBXFileReference; lastKnownFileType = sourcecode.swift; path = SeedSelector.swift; sourceTree = "<group>"; };
		7925D7A325ECD3960069D18C /* SeedToolUITests.xctest */ = {isa = PBXFileReference; explicitFileType = wrapper.cfbundle; includeInIndex = 0; path = SeedToolUITests.xctest; sourceTree = BUILT_PRODUCTS_DIR; };
		7925D7A525ECD3960069D18C /* SeedToolUITests.swift */ = {isa = PBXFileReference; lastKnownFileType = sourcecode.swift; path = SeedToolUITests.swift; sourceTree = "<group>"; };
		7925D7A725ECD3960069D18C /* Info.plist */ = {isa = PBXFileReference; lastKnownFileType = text.plist.xml; path = Info.plist; sourceTree = "<group>"; };
		7925D7AF25ECD3F80069D18C /* SnapshotHelper.swift */ = {isa = PBXFileReference; fileEncoding = 4; lastKnownFileType = sourcecode.swift; path = SnapshotHelper.swift; sourceTree = "<group>"; };
		793755CD26732529002C8CC0 /* CloudKit.framework */ = {isa = PBXFileReference; lastKnownFileType = wrapper.framework; name = CloudKit.framework; path = System/Library/Frameworks/CloudKit.framework; sourceTree = SDKROOT; };
		793DD7FB27D588390042FB2B /* KeyExport.swift */ = {isa = PBXFileReference; lastKnownFileType = sourcecode.swift; path = KeyExport.swift; sourceTree = "<group>"; };
		793DD7FD27D60D150042FB2B /* RequestNote.swift */ = {isa = PBXFileReference; lastKnownFileType = sourcecode.swift; path = RequestNote.swift; sourceTree = "<group>"; };
		793DD7FF27D81DB70042FB2B /* OutputPathInfo.swift */ = {isa = PBXFileReference; lastKnownFileType = sourcecode.swift; path = OutputPathInfo.swift; sourceTree = "<group>"; };
		793DD80327D87DD30042FB2B /* CoreNFC.framework */ = {isa = PBXFileReference; lastKnownFileType = wrapper.framework; name = CoreNFC.framework; path = Platforms/MacOSX.platform/Developer/SDKs/MacOSX12.1.sdk/System/iOSSupport/System/Library/Frameworks/CoreNFC.framework; sourceTree = DEVELOPER_DIR; };
		793FAA6A25CF2AC7000642BE /* Markdown */ = {isa = PBXFileReference; lastKnownFileType = folder; path = Markdown; sourceTree = "<group>"; };
		793FAA6C25CF3507000642BE /* LifeHashHeader.swift */ = {isa = PBXFileReference; lastKnownFileType = sourcecode.swift; path = LifeHashHeader.swift; sourceTree = "<group>"; };
		793FAA6E25CF3C46000642BE /* URHeader.swift */ = {isa = PBXFileReference; lastKnownFileType = sourcecode.swift; path = URHeader.swift; sourceTree = "<group>"; };
		793FAA7025CF57C9000642BE /* ByteWordsHeader.swift */ = {isa = PBXFileReference; lastKnownFileType = sourcecode.swift; path = ByteWordsHeader.swift; sourceTree = "<group>"; };
		7942BEF02594113400906FA4 /* ImportChildView.swift */ = {isa = PBXFileReference; lastKnownFileType = sourcecode.swift; path = ImportChildView.swift; sourceTree = "<group>"; };
		7942BEF2259413CF00906FA4 /* ImportBIP39Model.swift */ = {isa = PBXFileReference; lastKnownFileType = sourcecode.swift; path = ImportBIP39Model.swift; sourceTree = "<group>"; };
		7942BEFB2594262A00906FA4 /* ImportSSKRModel.swift */ = {isa = PBXFileReference; lastKnownFileType = sourcecode.swift; path = ImportSSKRModel.swift; sourceTree = "<group>"; };
		7942BF0725956A1700906FA4 /* AVFoundation.framework */ = {isa = PBXFileReference; lastKnownFileType = wrapper.framework; name = AVFoundation.framework; path = Platforms/MacOSX.platform/Developer/SDKs/MacOSX11.1.sdk/System/Library/Frameworks/AVFoundation.framework; sourceTree = DEVELOPER_DIR; };
		7944E9AA26DDF123007BBECA /* ApprovePSBTSignatureRequest.swift */ = {isa = PBXFileReference; lastKnownFileType = sourcecode.swift; path = ApprovePSBTSignatureRequest.swift; sourceTree = "<group>"; };
		794990262717688E0081F7A5 /* ApproveSeedRequest.swift */ = {isa = PBXFileReference; lastKnownFileType = sourcecode.swift; path = ApproveSeedRequest.swift; sourceTree = "<group>"; };
		79499028271768A10081F7A5 /* ApproveKeyRequest.swift */ = {isa = PBXFileReference; lastKnownFileType = sourcecode.swift; path = ApproveKeyRequest.swift; sourceTree = "<group>"; };
		794FDDEE25C66676006ECAEA /* Settings.swift */ = {isa = PBXFileReference; lastKnownFileType = sourcecode.swift; path = Settings.swift; sourceTree = "<group>"; };
		794FDDF025C66D5E006ECAEA /* SettingsPanel.swift */ = {isa = PBXFileReference; lastKnownFileType = sourcecode.swift; path = SettingsPanel.swift; sourceTree = "<group>"; };
		79560CB225E0C21100D0A561 /* ApproveRequest.swift */ = {isa = PBXFileReference; lastKnownFileType = sourcecode.swift; path = ApproveRequest.swift; sourceTree = "<group>"; };
		795BC0202592EF5F00A6042C /* Importer.swift */ = {isa = PBXFileReference; lastKnownFileType = sourcecode.swift; path = Importer.swift; sourceTree = "<group>"; };
		795BC0222592EF7700A6042C /* ImportParentView.swift */ = {isa = PBXFileReference; lastKnownFileType = sourcecode.swift; path = ImportParentView.swift; sourceTree = "<group>"; };
		795BC026259402F800A6042C /* ImportModel.swift */ = {isa = PBXFileReference; lastKnownFileType = sourcecode.swift; path = ImportModel.swift; sourceTree = "<group>"; };
		795F8C3626F32A12009D90FB /* ModelAddress.swift */ = {isa = PBXFileReference; lastKnownFileType = sourcecode.swift; path = ModelAddress.swift; sourceTree = "<group>"; };
		795F8C3A26F49513009D90FB /* AddressBackupPage.swift */ = {isa = PBXFileReference; lastKnownFileType = sourcecode.swift; path = AddressBackupPage.swift; sourceTree = "<group>"; };
		7984C97E27B6007400B52080 /* SSKRSharesView.swift */ = {isa = PBXFileReference; lastKnownFileType = sourcecode.swift; path = SSKRSharesView.swift; sourceTree = "<group>"; };
		7984C98027B6335F00B52080 /* SSKRShareExportView.swift */ = {isa = PBXFileReference; lastKnownFileType = sourcecode.swift; path = SSKRShareExportView.swift; sourceTree = "<group>"; };
		7986560F26A40BC9001579D4 /* SSKRPreset.swift */ = {isa = PBXFileReference; lastKnownFileType = sourcecode.swift; path = SSKRPreset.swift; sourceTree = "<group>"; };
		7986561126A4274A001579D4 /* SSKRModel.swift */ = {isa = PBXFileReference; lastKnownFileType = sourcecode.swift; path = SSKRModel.swift; sourceTree = "<group>"; };
		7986561326A42ABC001579D4 /* SSKRSetup.swift */ = {isa = PBXFileReference; lastKnownFileType = sourcecode.swift; path = SSKRSetup.swift; sourceTree = "<group>"; };
		7988693A25BA9FCA0099E8BF /* ModelHDKey.swift */ = {isa = PBXFileReference; lastKnownFileType = sourcecode.swift; path = ModelHDKey.swift; sourceTree = "<group>"; };
		7988695325BD4B180099E8BF /* KeyDerivation.swift */ = {isa = PBXFileReference; lastKnownFileType = sourcecode.swift; path = KeyDerivation.swift; sourceTree = "<group>"; };
		799707D725CE8085008B1FDA /* BlockchainCommonsLogo.swift */ = {isa = PBXFileReference; lastKnownFileType = sourcecode.swift; path = BlockchainCommonsLogo.swift; sourceTree = "<group>"; };
		79AE84DE25CE8EB700B6A668 /* AppLogo.swift */ = {isa = PBXFileReference; lastKnownFileType = sourcecode.swift; path = AppLogo.swift; sourceTree = "<group>"; };
		79B577EB25F377EB00ED73DC /* fastlane */ = {isa = PBXFileReference; lastKnownFileType = folder; path = fastlane; sourceTree = "<group>"; };
		79C071DC27B2351C001F2F40 /* SSKRPrintSetup.swift */ = {isa = PBXFileReference; lastKnownFileType = sourcecode.swift; path = SSKRPrintSetup.swift; sourceTree = "<group>"; };
		79C071DE27B23E9D001F2F40 /* SSKRShareCoupon.swift */ = {isa = PBXFileReference; lastKnownFileType = sourcecode.swift; path = SSKRShareCoupon.swift; sourceTree = "<group>"; };
		79C071E027B2F0DD001F2F40 /* SSKRSummaryPage.swift */ = {isa = PBXFileReference; lastKnownFileType = sourcecode.swift; path = SSKRSummaryPage.swift; sourceTree = "<group>"; };
		79C6299E28794164007D9346 /* AssetExtensions.swift */ = {isa = PBXFileReference; fileEncoding = 4; lastKnownFileType = sourcecode.swift; path = AssetExtensions.swift; sourceTree = "<group>"; };
		79C73B18261FEB2100B47D85 /* SSKRSharePage.swift */ = {isa = PBXFileReference; lastKnownFileType = sourcecode.swift; path = SSKRSharePage.swift; sourceTree = "<group>"; };
		79CBB261284AE79100EBE0DE /* NoSeedSelected.swift */ = {isa = PBXFileReference; lastKnownFileType = sourcecode.swift; path = NoSeedSelected.swift; sourceTree = "<group>"; };
		79CC47AA2675A9B000C433AE /* Cloud.swift */ = {isa = PBXFileReference; lastKnownFileType = sourcecode.swift; path = Cloud.swift; sourceTree = "<group>"; };
		79CDDB8725C0E47400E801F2 /* KeyExportDerivationPreset.swift */ = {isa = PBXFileReference; lastKnownFileType = sourcecode.swift; path = KeyExportDerivationPreset.swift; sourceTree = "<group>"; };
		79CDDB8925C0E49300E801F2 /* KeyExportModel.swift */ = {isa = PBXFileReference; lastKnownFileType = sourcecode.swift; path = KeyExportModel.swift; sourceTree = "<group>"; };
		79CDDB9325C1710800E801F2 /* README.md */ = {isa = PBXFileReference; lastKnownFileType = net.daringfireball.markdown; path = README.md; sourceTree = "<group>"; };
		79E27B7E25CBB17400B5AD74 /* SeedBackupPage.swift */ = {isa = PBXFileReference; lastKnownFileType = sourcecode.swift; path = SeedBackupPage.swift; sourceTree = "<group>"; };
		79E27B8025CBB1D400B5AD74 /* PrintSetup.swift */ = {isa = PBXFileReference; lastKnownFileType = sourcecode.swift; path = PrintSetup.swift; sourceTree = "<group>"; };
		79E27B8A25CD05B700B5AD74 /* ImportByteWordsModel.swift */ = {isa = PBXFileReference; lastKnownFileType = sourcecode.swift; path = ImportByteWordsModel.swift; sourceTree = "<group>"; };
		79F2D3BB25B3DBC8008DE790 /* LocalAuthentication.framework */ = {isa = PBXFileReference; lastKnownFileType = wrapper.framework; name = LocalAuthentication.framework; path = Platforms/MacOSX.platform/Developer/SDKs/MacOSX11.1.sdk/System/Library/Frameworks/LocalAuthentication.framework; sourceTree = DEVELOPER_DIR; };
		79F38EFD25D6412B0056409C /* BackupPage.swift */ = {isa = PBXFileReference; lastKnownFileType = sourcecode.swift; path = BackupPage.swift; sourceTree = "<group>"; };
		79F38EFF25D642CE0056409C /* KeyBackupPage.swift */ = {isa = PBXFileReference; lastKnownFileType = sourcecode.swift; path = KeyBackupPage.swift; sourceTree = "<group>"; };
		79F63EBC26F709C70075CC97 /* ModelPrivateKey.swift */ = {isa = PBXFileReference; lastKnownFileType = sourcecode.swift; path = ModelPrivateKey.swift; sourceTree = "<group>"; };
		79F63EBE26F70BEC0075CC97 /* PrivateKeyBackupPage.swift */ = {isa = PBXFileReference; lastKnownFileType = sourcecode.swift; path = PrivateKeyBackupPage.swift; sourceTree = "<group>"; };
/* End PBXFileReference section */

/* Begin PBXFrameworksBuildPhase section */
		03972826257B4D65008B9B29 /* Frameworks */ = {
			isa = PBXFrameworksBuildPhase;
			buildActionMask = 2147483647;
			files = (
				793DD80427D87DD30042FB2B /* CoreNFC.framework in Frameworks */,
				0374757825814D2F00211084 /* WolfLorem in Frameworks */,
				793CDBC626CE2C0100FE0482 /* WolfBase in Frameworks */,
				7924106F283C25A000611B9F /* BCApp in Frameworks */,
				796CE40427575C84008C6239 /* BCFoundation in Frameworks */,
				790DD88D27BF629E00D6495B /* NFC in Frameworks */,
				793755CE26732529002C8CC0 /* CloudKit.framework in Frameworks */,
				79F2D3BC25B3DBC8008DE790 /* LocalAuthentication.framework in Frameworks */,
				793DD7FA27CDC5BA0042FB2B /* QRCodeGenerator in Frameworks */,
				796CE40727577DCB008C6239 /* CryptoSwift in Frameworks */,
				03A18D222586BFD500AE5FE4 /* Security.framework in Frameworks */,
				037474BD2580730D00211084 /* Interpolate in Frameworks */,
				790B58D426CCC01900CB518D /* SwiftUIFlowLayout in Frameworks */,
				7973140E26D373C700B3D0A7 /* WolfOrdinal in Frameworks */,
				0374756B258140DD00211084 /* LifeHash in Frameworks */,
				79DDBA6B25D5311E0028EDF4 /* SwiftUIPrint in Frameworks */,
				037474F325810BB900211084 /* URUI in Frameworks */,
				03972846257B5C55008B9B29 /* WolfSwiftUI in Frameworks */,
				79EB1EB026BE93B3009CBCFD /* Base58Swift in Frameworks */,
				7942BF0825956A1700906FA4 /* AVFoundation.framework in Frameworks */,
			);
			runOnlyForDeploymentPostprocessing = 0;
		};
		7925D7A025ECD3960069D18C /* Frameworks */ = {
			isa = PBXFrameworksBuildPhase;
			buildActionMask = 2147483647;
			files = (
			);
			runOnlyForDeploymentPostprocessing = 0;
		};
/* End PBXFrameworksBuildPhase section */

/* Begin PBXGroup section */
		037474CB2580AAD700211084 /* Tokens */ = {
			isa = PBXGroup;
			children = (
				0335E68E257CA81200A009D3 /* TokenViewable.swift */,
				03852CC82583954200A116B0 /* StringTransformable.swift */,
				037474C82580A1D500211084 /* Token.swift */,
				03852CC62583951D00A116B0 /* TokenStyle.swift */,
				0335E6A5257DA6C400A009D3 /* BitToken.swift */,
				0335E691257CA83600A009D3 /* DieToken.swift */,
				0335E69F257CDFC400A009D3 /* ByteToken.swift */,
				03972848257B7FB7008B9B29 /* CardToken.swift */,
				03747567258135F500211084 /* WordToken.swift */,
				037474CD2580AB0200211084 /* Card.swift */,
			);
			path = Tokens;
			sourceTree = "<group>";
		};
		037474D02580AB3200211084 /* Entropy */ = {
			isa = PBXGroup;
			children = (
				03972858257C5411008B9B29 /* EntropyViewModel.swift */,
				0397285B257C543E008B9B29 /* EntropyView.swift */,
				037474C2258085B600211084 /* EntropyStrength.swift */,
				03F6AB152589DC5E0025CA34 /* Keypads */,
				037474EC25810AEE00211084 /* KeypadButtons */,
				037474CB2580AAD700211084 /* Tokens */,
			);
			path = Entropy;
			sourceTree = "<group>";
		};
		037474D32580ACC200211084 /* Extensions */ = {
			isa = PBXGroup;
			children = (
				79241075283C3B9F00611B9F /* AppUtilsExtensions.swift */,
			);
			path = Extensions;
			sourceTree = "<group>";
		};
		037474D82580AF6B00211084 /* Frameworks */ = {
			isa = PBXGroup;
			children = (
				793DD80327D87DD30042FB2B /* CoreNFC.framework */,
				793755CD26732529002C8CC0 /* CloudKit.framework */,
				79F2D3BB25B3DBC8008DE790 /* LocalAuthentication.framework */,
				7942BF0725956A1700906FA4 /* AVFoundation.framework */,
				037474D92580AF6C00211084 /* Security.framework */,
			);
			name = Frameworks;
			sourceTree = "<group>";
		};
		037474EC25810AEE00211084 /* KeypadButtons */ = {
			isa = PBXGroup;
			children = (
				0397284F257B91B3008B9B29 /* KeypadButton.swift */,
				0335E699257CB20E00A009D3 /* KeypadFunctionButton.swift */,
				037474DC2580CB3700211084 /* KeypadFunctionButtons.swift */,
				037474C52580980100211084 /* KeypadRoll1Button.swift */,
				0335E69C257CDAF900A009D3 /* KeypadDeleteButton.swift */,
				0335E694257CB09900A009D3 /* KeypadButtonStyle.swift */,
			);
			path = KeypadButtons;
			sourceTree = "<group>";
		};
		03852CB525833FA400A116B0 /* Seeds */ = {
			isa = PBXGroup;
			children = (
				0374756C258141B000211084 /* ModelSeed.swift */,
				0374756E2581422700211084 /* SeedList.swift */,
				79CBB261284AE79100EBE0DE /* NoSeedSelected.swift */,
				7925D79D25EA201E0069D18C /* SeedSelector.swift */,
				03852CAF2582E80F00A116B0 /* SeedDetail.swift */,
				037474DF2580CFD400211084 /* AddSeed.swift */,
				03852CB12582FEA700A116B0 /* SetupNewSeed.swift */,
				03852CCC2584829900A116B0 /* SeedProducer.swift */,
				79E27B7E25CBB17400B5AD74 /* SeedBackupPage.swift */,
			);
			path = Seeds;
			sourceTree = "<group>";
		};
		03852CC02583437D00A116B0 /* Model */ = {
			isa = PBXGroup;
			children = (
				037475702581428B00211084 /* Model.swift */,
				03F6AB192589F5260025CA34 /* ModelObject.swift */,
				79E27B8025CBB1D400B5AD74 /* PrintSetup.swift */,
				79F38EFD25D6412B0056409C /* BackupPage.swift */,
				037475792581D60400211084 /* Saveable.swift */,
				79CC47AA2675A9B000C433AE /* Cloud.swift */,
			);
			path = Model;
			sourceTree = "<group>";
		};
		03972820257B4D65008B9B29 = {
			isa = PBXGroup;
			children = (
				79CDDB9325C1710800E801F2 /* README.md */,
				79B577EB25F377EB00ED73DC /* fastlane */,
				0397282B257B4D65008B9B29 /* SeedTool */,
				7925D7A425ECD3960069D18C /* SeedToolUITests */,
				0397282A257B4D65008B9B29 /* Products */,
				037474D82580AF6B00211084 /* Frameworks */,
			);
			sourceTree = "<group>";
		};
		0397282A257B4D65008B9B29 /* Products */ = {
			isa = PBXGroup;
			children = (
				03972829257B4D65008B9B29 /* SeedTool.app */,
				7925D7A325ECD3960069D18C /* SeedToolUITests.xctest */,
			);
			name = Products;
			sourceTree = "<group>";
		};
		0397282B257B4D65008B9B29 /* SeedTool */ = {
			isa = PBXGroup;
			children = (
				0397283F257B524C008B9B29 /* SeedTool.entitlements */,
				03972830257B4D66008B9B29 /* Assets.xcassets */,
				03972835257B4D66008B9B29 /* Info.plist */,
				7925D77A25E8CE610069D18C /* LaunchScreen.storyboard */,
				0397282C257B4D65008B9B29 /* SeedToolApp.swift */,
				791575CE27C8B554007EA3AB /* AppDelegate.swift */,
				791575D427C8B994007EA3AB /* SceneDelegate.swift */,
				0397282E257B4D65008B9B29 /* ContentView.swift */,
				7925D77825E8C6600069D18C /* MainView.swift */,
				03F6AB172589F4440025CA34 /* ModelObjectExport.swift */,
				791575D827CC5832007EA3AB /* Images.swift */,
				794FDDEE25C66676006ECAEA /* Settings.swift */,
				794FDDF025C66D5E006ECAEA /* SettingsPanel.swift */,
				7984C97D27B5B42300B52080 /* SSKR */,
				799707D925CE80B0008B1FDA /* UserGuide */,
				793FAA6A25CF2AC7000642BE /* Markdown */,
				03A22B61258ECA70006C130F /* Import */,
				79C1697325DDED5B0007F25C /* Transactions */,
				03852CC02583437D00A116B0 /* Model */,
				03852CB525833FA400A116B0 /* Seeds */,
				7988693C25BAAA2E0099E8BF /* Keys */,
				795F8C3526F329F5009D90FB /* Addresses */,
				037474D02580AB3200211084 /* Entropy */,
				037474D32580ACC200211084 /* Extensions */,
				03972832257B4D66008B9B29 /* Preview Content */,
			);
			path = SeedTool;
			sourceTree = "<group>";
		};
		03972832257B4D66008B9B29 /* Preview Content */ = {
			isa = PBXGroup;
			children = (
				03972833257B4D66008B9B29 /* Preview Assets.xcassets */,
			);
			path = "Preview Content";
			sourceTree = "<group>";
		};
		03A22B61258ECA70006C130F /* Import */ = {
			isa = PBXGroup;
			children = (
				03A22B62258ECA91006C130F /* ImportSeedModel.swift */,
				7942BEF2259413CF00906FA4 /* ImportBIP39Model.swift */,
				79E27B8A25CD05B700B5AD74 /* ImportByteWordsModel.swift */,
				7942BEFB2594262A00906FA4 /* ImportSSKRModel.swift */,
				795BC026259402F800A6042C /* ImportModel.swift */,
				795BC0202592EF5F00A6042C /* Importer.swift */,
				795BC0222592EF7700A6042C /* ImportParentView.swift */,
				7942BEF02594113400906FA4 /* ImportChildView.swift */,
			);
			path = Import;
			sourceTree = "<group>";
		};
		03F6AB152589DC5E0025CA34 /* Keypads */ = {
			isa = PBXGroup;
			children = (
				03972852257B94BD008B9B29 /* Keypad.swift */,
				0335E6A8257DA7E300A009D3 /* BitKeypad.swift */,
				03972855257B94D0008B9B29 /* DieKeypad.swift */,
				0335E6A2257CE08100A009D3 /* ByteKeypad.swift */,
				03972841257B57B0008B9B29 /* CardKeypad.swift */,
			);
			path = Keypads;
			sourceTree = "<group>";
		};
		7925D7A425ECD3960069D18C /* SeedToolUITests */ = {
			isa = PBXGroup;
			children = (
				7925D7A525ECD3960069D18C /* SeedToolUITests.swift */,
				7925D7AF25ECD3F80069D18C /* SnapshotHelper.swift */,
				7925D7A725ECD3960069D18C /* Info.plist */,
			);
			path = SeedToolUITests;
			sourceTree = "<group>";
		};
		795F8C3526F329F5009D90FB /* Addresses */ = {
			isa = PBXGroup;
			children = (
				795F8C3626F32A12009D90FB /* ModelAddress.swift */,
				79F63EBC26F709C70075CC97 /* ModelPrivateKey.swift */,
				795F8C3A26F49513009D90FB /* AddressBackupPage.swift */,
				79F63EBE26F70BEC0075CC97 /* PrivateKeyBackupPage.swift */,
			);
			path = Addresses;
			sourceTree = "<group>";
		};
		7984C97D27B5B42300B52080 /* SSKR */ = {
			isa = PBXGroup;
			children = (
				7986561326A42ABC001579D4 /* SSKRSetup.swift */,
				7986561126A4274A001579D4 /* SSKRModel.swift */,
				7986560F26A40BC9001579D4 /* SSKRPreset.swift */,
				03F6AB2A258BF1160025CA34 /* SSKRDisplay.swift */,
				79C071DC27B2351C001F2F40 /* SSKRPrintSetup.swift */,
				033AA653258CB9320008284D /* SSKRGenerator.swift */,
				79C73B18261FEB2100B47D85 /* SSKRSharePage.swift */,
				7984C97E27B6007400B52080 /* SSKRSharesView.swift */,
				7984C98027B6335F00B52080 /* SSKRShareExportView.swift */,
				79C071E027B2F0DD001F2F40 /* SSKRSummaryPage.swift */,
				79C071DE27B23E9D001F2F40 /* SSKRShareCoupon.swift */,
			);
			path = SSKR;
			sourceTree = "<group>";
		};
		7988693C25BAAA2E0099E8BF /* Keys */ = {
			isa = PBXGroup;
			children = (
				79C6299E28794164007D9346 /* AssetExtensions.swift */,
				7988693A25BA9FCA0099E8BF /* ModelHDKey.swift */,
				7988695325BD4B180099E8BF /* KeyDerivation.swift */,
				793DD7FB27D588390042FB2B /* KeyExport.swift */,
				79CDDB8925C0E49300E801F2 /* KeyExportModel.swift */,
				79CDDB8725C0E47400E801F2 /* KeyExportDerivationPreset.swift */,
				79F38EFF25D642CE0056409C /* KeyBackupPage.swift */,
			);
			path = Keys;
			sourceTree = "<group>";
		};
		799707D925CE80B0008B1FDA /* UserGuide */ = {
			isa = PBXGroup;
			children = (
				799707D725CE8085008B1FDA /* BlockchainCommonsLogo.swift */,
				79AE84DE25CE8EB700B6A668 /* AppLogo.swift */,
				790BD27D26AFEDF700B6607C /* AppChapter.swift */,
				793FAA6C25CF3507000642BE /* LifeHashHeader.swift */,
				793FAA6E25CF3C46000642BE /* URHeader.swift */,
				793FAA7025CF57C9000642BE /* ByteWordsHeader.swift */,
				790D4CE826C63C7200470718 /* BIP39Header.swift */,
			);
			path = UserGuide;
			sourceTree = "<group>";
		};
		79C1697325DDED5B0007F25C /* Transactions */ = {
			isa = PBXGroup;
			children = (
				79560CB225E0C21100D0A561 /* ApproveRequest.swift */,
				794990262717688E0081F7A5 /* ApproveSeedRequest.swift */,
				791EA9D82876587400A53548 /* ApproveOutputDescriptorRequest.swift */,
				79499028271768A10081F7A5 /* ApproveKeyRequest.swift */,
				7944E9AA26DDF123007BBECA /* ApprovePSBTSignatureRequest.swift */,
				793DD7FF27D81DB70042FB2B /* OutputPathInfo.swift */,
				793DD7FD27D60D150042FB2B /* RequestNote.swift */,
			);
			path = Transactions;
			sourceTree = "<group>";
		};
/* End PBXGroup section */

/* Begin PBXNativeTarget section */
		03972828257B4D65008B9B29 /* SeedTool */ = {
			isa = PBXNativeTarget;
			buildConfigurationList = 03972838257B4D66008B9B29 /* Build configuration list for PBXNativeTarget "SeedTool" */;
			buildPhases = (
				03972825257B4D65008B9B29 /* Sources */,
				03972826257B4D65008B9B29 /* Frameworks */,
				03972827257B4D65008B9B29 /* Resources */,
				0374750425810DA300211084 /* Embed Frameworks */,
			);
			buildRules = (
			);
			dependencies = (
			);
			name = SeedTool;
			packageProductDependencies = (
				03972845257B5C55008B9B29 /* WolfSwiftUI */,
				037474BC2580730D00211084 /* Interpolate */,
				037474F225810BB900211084 /* URUI */,
				0374756A258140DD00211084 /* LifeHash */,
				0374757725814D2F00211084 /* WolfLorem */,
				79DDBA6A25D5311E0028EDF4 /* SwiftUIPrint */,
				79EB1EAF26BE93B3009CBCFD /* Base58Swift */,
				790B58D326CCC01900CB518D /* SwiftUIFlowLayout */,
				793CDBC526CE2C0100FE0482 /* WolfBase */,
				7973140D26D373C700B3D0A7 /* WolfOrdinal */,
				796CE40327575C84008C6239 /* BCFoundation */,
				796CE40627577DCB008C6239 /* CryptoSwift */,
				790DD88C27BF629E00D6495B /* NFC */,
				793DD7F927CDC5BA0042FB2B /* QRCodeGenerator */,
				7924106E283C25A000611B9F /* BCApp */,
			);
			productName = SeedTool;
			productReference = 03972829257B4D65008B9B29 /* SeedTool.app */;
			productType = "com.apple.product-type.application";
		};
		7925D7A225ECD3960069D18C /* SeedToolUITests */ = {
			isa = PBXNativeTarget;
			buildConfigurationList = 7925D7AC25ECD3960069D18C /* Build configuration list for PBXNativeTarget "SeedToolUITests" */;
			buildPhases = (
				7925D79F25ECD3960069D18C /* Sources */,
				7925D7A025ECD3960069D18C /* Frameworks */,
				7925D7A125ECD3960069D18C /* Resources */,
			);
			buildRules = (
			);
			dependencies = (
				7925D7A925ECD3960069D18C /* PBXTargetDependency */,
			);
			name = SeedToolUITests;
			productName = SeedToolUITests;
			productReference = 7925D7A325ECD3960069D18C /* SeedToolUITests.xctest */;
			productType = "com.apple.product-type.bundle.ui-testing";
		};
/* End PBXNativeTarget section */

/* Begin PBXProject section */
		03972821257B4D65008B9B29 /* Project object */ = {
			isa = PBXProject;
			attributes = {
				LastSwiftUpdateCheck = 1240;
				LastUpgradeCheck = 1220;
				TargetAttributes = {
					03972828257B4D65008B9B29 = {
						CreatedOnToolsVersion = 12.2;
					};
					7925D7A225ECD3960069D18C = {
						CreatedOnToolsVersion = 12.4;
						TestTargetID = 03972828257B4D65008B9B29;
					};
				};
			};
			buildConfigurationList = 03972824257B4D65008B9B29 /* Build configuration list for PBXProject "SeedTool" */;
			compatibilityVersion = "Xcode 9.3";
			developmentRegion = en;
			hasScannedForEncodings = 0;
			knownRegions = (
				en,
				Base,
			);
			mainGroup = 03972820257B4D65008B9B29;
			packageReferences = (
				03972844257B5C55008B9B29 /* XCRemoteSwiftPackageReference "WolfSwiftUI" */,
				037474BB2580730D00211084 /* XCRemoteSwiftPackageReference "Interpolate" */,
				037474F125810BB900211084 /* XCRemoteSwiftPackageReference "URUI" */,
				03747569258140DD00211084 /* XCRemoteSwiftPackageReference "LifeHash" */,
				0374757625814D2F00211084 /* XCRemoteSwiftPackageReference "WolfLorem" */,
				79DDBA6925D5311E0028EDF4 /* XCRemoteSwiftPackageReference "SwiftUIPrint" */,
				79EB1EAE26BE93B3009CBCFD /* XCRemoteSwiftPackageReference "Base58Swift" */,
				790B58D226CCC01900CB518D /* XCRemoteSwiftPackageReference "swiftui-flow-layout" */,
				793CDBC426CE2C0100FE0482 /* XCRemoteSwiftPackageReference "WolfBase" */,
				7973140C26D373C700B3D0A7 /* XCRemoteSwiftPackageReference "WolfOrdinal" */,
				796CE40227575C84008C6239 /* XCRemoteSwiftPackageReference "BCSwiftFoundation" */,
				796CE40527577DCB008C6239 /* XCRemoteSwiftPackageReference "CryptoSwift" */,
				790DD88B27BF629E00D6495B /* XCRemoteSwiftPackageReference "BCSwiftNFC" */,
				793DD7F827CDC5BA0042FB2B /* XCRemoteSwiftPackageReference "QRCodeGenerator" */,
				7924106D283C25A000611B9F /* XCRemoteSwiftPackageReference "BCSwiftApp" */,
			);
			productRefGroup = 0397282A257B4D65008B9B29 /* Products */;
			projectDirPath = "";
			projectRoot = "";
			targets = (
				03972828257B4D65008B9B29 /* SeedTool */,
				7925D7A225ECD3960069D18C /* SeedToolUITests */,
			);
		};
/* End PBXProject section */

/* Begin PBXResourcesBuildPhase section */
		03972827257B4D65008B9B29 /* Resources */ = {
			isa = PBXResourcesBuildPhase;
			buildActionMask = 2147483647;
			files = (
				03972834257B4D66008B9B29 /* Preview Assets.xcassets in Resources */,
				03972831257B4D66008B9B29 /* Assets.xcassets in Resources */,
				7925D77B25E8CE610069D18C /* LaunchScreen.storyboard in Resources */,
				793FAA6B25CF2AC7000642BE /* Markdown in Resources */,
			);
			runOnlyForDeploymentPostprocessing = 0;
		};
		7925D7A125ECD3960069D18C /* Resources */ = {
			isa = PBXResourcesBuildPhase;
			buildActionMask = 2147483647;
			files = (
			);
			runOnlyForDeploymentPostprocessing = 0;
		};
/* End PBXResourcesBuildPhase section */

/* Begin PBXSourcesBuildPhase section */
		03972825257B4D65008B9B29 /* Sources */ = {
			isa = PBXSourcesBuildPhase;
			buildActionMask = 2147483647;
			files = (
				79CBB262284AE79100EBE0DE /* NoSeedSelected.swift in Sources */,
				03A22B63258ECA91006C130F /* ImportSeedModel.swift in Sources */,
				0335E69D257CDAF900A009D3 /* KeypadDeleteButton.swift in Sources */,
				7942BEFC2594262A00906FA4 /* ImportSSKRModel.swift in Sources */,
				7944E9AB26DDF123007BBECA /* ApprovePSBTSignatureRequest.swift in Sources */,
				0397282F257B4D65008B9B29 /* ContentView.swift in Sources */,
				793DD7FC27D5883A0042FB2B /* KeyExport.swift in Sources */,
				0335E6A3257CE08100A009D3 /* ByteKeypad.swift in Sources */,
				793FAA6F25CF3C46000642BE /* URHeader.swift in Sources */,
				03F6AB182589F4440025CA34 /* ModelObjectExport.swift in Sources */,
				79E27B8125CBB1D400B5AD74 /* PrintSetup.swift in Sources */,
				03852CB22582FEA700A116B0 /* SetupNewSeed.swift in Sources */,
				795F8C3B26F49513009D90FB /* AddressBackupPage.swift in Sources */,
				7942BEF12594113400906FA4 /* ImportChildView.swift in Sources */,
				79CDDB8A25C0E49300E801F2 /* KeyExportModel.swift in Sources */,
				79C071DD27B2351C001F2F40 /* SSKRPrintSetup.swift in Sources */,
				0335E692257CA83600A009D3 /* DieToken.swift in Sources */,
				79F63EBF26F70BEC0075CC97 /* PrivateKeyBackupPage.swift in Sources */,
				79241076283C3B9F00611B9F /* AppUtilsExtensions.swift in Sources */,
				79CDDB8825C0E47400E801F2 /* KeyExportDerivationPreset.swift in Sources */,
				795BC027259402FA00A6042C /* ImportModel.swift in Sources */,
				0374756F2581422700211084 /* SeedList.swift in Sources */,
				7986561426A42ABC001579D4 /* SSKRSetup.swift in Sources */,
				0374756D258141B000211084 /* ModelSeed.swift in Sources */,
				03852CB02582E80F00A116B0 /* SeedDetail.swift in Sources */,
				03972842257B57B0008B9B29 /* CardKeypad.swift in Sources */,
				79499029271768A10081F7A5 /* ApproveKeyRequest.swift in Sources */,
				037474DD2580CB3700211084 /* KeypadFunctionButtons.swift in Sources */,
				795BC0212592EF5F00A6042C /* Importer.swift in Sources */,
				791575CF27C8B554007EA3AB /* AppDelegate.swift in Sources */,
				799707D825CE8085008B1FDA /* BlockchainCommonsLogo.swift in Sources */,
				795F8C3726F32A12009D90FB /* ModelAddress.swift in Sources */,
				0335E6A9257DA7E300A009D3 /* BitKeypad.swift in Sources */,
				03972849257B7FB7008B9B29 /* CardToken.swift in Sources */,
				794FDDEF25C66676006ECAEA /* Settings.swift in Sources */,
				03852CC92583954200A116B0 /* StringTransformable.swift in Sources */,
				03852CC72583951D00A116B0 /* TokenStyle.swift in Sources */,
				79C6299F28794164007D9346 /* AssetExtensions.swift in Sources */,
				03972853257B94BD008B9B29 /* Keypad.swift in Sources */,
				037474CE2580AB0200211084 /* Card.swift in Sources */,
				0335E6A6257DA6C400A009D3 /* BitToken.swift in Sources */,
				033AA654258CB9320008284D /* SSKRGenerator.swift in Sources */,
				03747568258135F500211084 /* WordToken.swift in Sources */,
				794FDDF125C66D5E006ECAEA /* SettingsPanel.swift in Sources */,
				037474C92580A1D500211084 /* Token.swift in Sources */,
				791EA9D92876587400A53548 /* ApproveOutputDescriptorRequest.swift in Sources */,
				79C071DF27B23E9D001F2F40 /* SSKRShareCoupon.swift in Sources */,
				0335E6A0257CDFC400A009D3 /* ByteToken.swift in Sources */,
				79C73B19261FEB2100B47D85 /* SSKRSharePage.swift in Sources */,
				7988695425BD4B180099E8BF /* KeyDerivation.swift in Sources */,
				037474E02580CFD400211084 /* AddSeed.swift in Sources */,
				79E27B8B25CD05B700B5AD74 /* ImportByteWordsModel.swift in Sources */,
				037474C62580980100211084 /* KeypadRoll1Button.swift in Sources */,
				0335E68F257CA81200A009D3 /* TokenViewable.swift in Sources */,
				0397282D257B4D65008B9B29 /* SeedToolApp.swift in Sources */,
				79AE84DF25CE8EB700B6A668 /* AppLogo.swift in Sources */,
				03F6AB2B258BF1160025CA34 /* SSKRDisplay.swift in Sources */,
				7984C97F27B6007400B52080 /* SSKRSharesView.swift in Sources */,
				03852CCD2584829900A116B0 /* SeedProducer.swift in Sources */,
				037474C3258085B600211084 /* EntropyStrength.swift in Sources */,
				793DD7FE27D60D160042FB2B /* RequestNote.swift in Sources */,
				79F38EFE25D6412B0056409C /* BackupPage.swift in Sources */,
				0374757A2581D60400211084 /* Saveable.swift in Sources */,
				037475712581428B00211084 /* Model.swift in Sources */,
				7925D79E25EA201E0069D18C /* SeedSelector.swift in Sources */,
				79CC47AB2675A9B000C433AE /* Cloud.swift in Sources */,
				03F6AB1A2589F5260025CA34 /* ModelObject.swift in Sources */,
				7984C98127B6335F00B52080 /* SSKRShareExportView.swift in Sources */,
				795BC0232592EF7700A6042C /* ImportParentView.swift in Sources */,
				793FAA7125CF57C9000642BE /* ByteWordsHeader.swift in Sources */,
				7986561026A40BC9001579D4 /* SSKRPreset.swift in Sources */,
				03972859257C5411008B9B29 /* EntropyViewModel.swift in Sources */,
				79E27B7F25CBB17400B5AD74 /* SeedBackupPage.swift in Sources */,
				794990272717688E0081F7A5 /* ApproveSeedRequest.swift in Sources */,
				7986561226A4274A001579D4 /* SSKRModel.swift in Sources */,
				7925D77925E8C6600069D18C /* MainView.swift in Sources */,
				79F63EBD26F709C70075CC97 /* ModelPrivateKey.swift in Sources */,
				79F38F0025D642CE0056409C /* KeyBackupPage.swift in Sources */,
				0397285C257C543E008B9B29 /* EntropyView.swift in Sources */,
				0335E695257CB09900A009D3 /* KeypadButtonStyle.swift in Sources */,
				790BD27E26AFEDF700B6607C /* AppChapter.swift in Sources */,
				7988693B25BA9FCA0099E8BF /* ModelHDKey.swift in Sources */,
				79C071E127B2F0DD001F2F40 /* SSKRSummaryPage.swift in Sources */,
				791575D927CC5832007EA3AB /* Images.swift in Sources */,
				03972856257B94D0008B9B29 /* DieKeypad.swift in Sources */,
				791575D527C8B994007EA3AB /* SceneDelegate.swift in Sources */,
				790D4CE926C63C7200470718 /* BIP39Header.swift in Sources */,
				79560CB325E0C21100D0A561 /* ApproveRequest.swift in Sources */,
				03972850257B91B4008B9B29 /* KeypadButton.swift in Sources */,
				793FAA6D25CF3507000642BE /* LifeHashHeader.swift in Sources */,
				0335E69A257CB20E00A009D3 /* KeypadFunctionButton.swift in Sources */,
				7942BEF3259413CF00906FA4 /* ImportBIP39Model.swift in Sources */,
				793DD80027D81DB70042FB2B /* OutputPathInfo.swift in Sources */,
			);
			runOnlyForDeploymentPostprocessing = 0;
		};
		7925D79F25ECD3960069D18C /* Sources */ = {
			isa = PBXSourcesBuildPhase;
			buildActionMask = 2147483647;
			files = (
				7925D7A625ECD3960069D18C /* SeedToolUITests.swift in Sources */,
				7925D7B025ECD3F80069D18C /* SnapshotHelper.swift in Sources */,
			);
			runOnlyForDeploymentPostprocessing = 0;
		};
/* End PBXSourcesBuildPhase section */

/* Begin PBXTargetDependency section */
		7925D7A925ECD3960069D18C /* PBXTargetDependency */ = {
			isa = PBXTargetDependency;
			target = 03972828257B4D65008B9B29 /* SeedTool */;
			targetProxy = 7925D7A825ECD3960069D18C /* PBXContainerItemProxy */;
		};
/* End PBXTargetDependency section */

/* Begin XCBuildConfiguration section */
		03972836257B4D66008B9B29 /* Debug */ = {
			isa = XCBuildConfiguration;
			buildSettings = {
				ALWAYS_SEARCH_USER_PATHS = NO;
				CLANG_ANALYZER_NONNULL = YES;
				CLANG_ANALYZER_NUMBER_OBJECT_CONVERSION = YES_AGGRESSIVE;
				CLANG_CXX_LANGUAGE_STANDARD = "gnu++14";
				CLANG_CXX_LIBRARY = "libc++";
				CLANG_ENABLE_MODULES = YES;
				CLANG_ENABLE_OBJC_ARC = YES;
				CLANG_ENABLE_OBJC_WEAK = YES;
				CLANG_WARN_BLOCK_CAPTURE_AUTORELEASING = YES;
				CLANG_WARN_BOOL_CONVERSION = YES;
				CLANG_WARN_COMMA = YES;
				CLANG_WARN_CONSTANT_CONVERSION = YES;
				CLANG_WARN_DEPRECATED_OBJC_IMPLEMENTATIONS = YES;
				CLANG_WARN_DIRECT_OBJC_ISA_USAGE = YES_ERROR;
				CLANG_WARN_DOCUMENTATION_COMMENTS = YES;
				CLANG_WARN_EMPTY_BODY = YES;
				CLANG_WARN_ENUM_CONVERSION = YES;
				CLANG_WARN_INFINITE_RECURSION = YES;
				CLANG_WARN_INT_CONVERSION = YES;
				CLANG_WARN_NON_LITERAL_NULL_CONVERSION = YES;
				CLANG_WARN_OBJC_IMPLICIT_RETAIN_SELF = YES;
				CLANG_WARN_OBJC_LITERAL_CONVERSION = YES;
				CLANG_WARN_OBJC_ROOT_CLASS = YES_ERROR;
				CLANG_WARN_QUOTED_INCLUDE_IN_FRAMEWORK_HEADER = YES;
				CLANG_WARN_RANGE_LOOP_ANALYSIS = YES;
				CLANG_WARN_STRICT_PROTOTYPES = YES;
				CLANG_WARN_SUSPICIOUS_MOVE = YES;
				CLANG_WARN_UNGUARDED_AVAILABILITY = YES_AGGRESSIVE;
				CLANG_WARN_UNREACHABLE_CODE = YES;
				CLANG_WARN__DUPLICATE_METHOD_MATCH = YES;
				COPY_PHASE_STRIP = NO;
				DEBUG_INFORMATION_FORMAT = dwarf;
				ENABLE_STRICT_OBJC_MSGSEND = YES;
				ENABLE_TESTABILITY = YES;
				GCC_C_LANGUAGE_STANDARD = gnu11;
				GCC_DYNAMIC_NO_PIC = NO;
				GCC_NO_COMMON_BLOCKS = YES;
				GCC_OPTIMIZATION_LEVEL = 0;
				GCC_PREPROCESSOR_DEFINITIONS = (
					"DEBUG=1",
					"$(inherited)",
				);
				GCC_WARN_64_TO_32_BIT_CONVERSION = YES;
				GCC_WARN_ABOUT_RETURN_TYPE = YES_ERROR;
				GCC_WARN_UNDECLARED_SELECTOR = YES;
				GCC_WARN_UNINITIALIZED_AUTOS = YES_AGGRESSIVE;
				GCC_WARN_UNUSED_FUNCTION = YES;
				GCC_WARN_UNUSED_VARIABLE = YES;
				IPHONEOS_DEPLOYMENT_TARGET = 15.0;
				MTL_ENABLE_DEBUG_INFO = INCLUDE_SOURCE;
				MTL_FAST_MATH = YES;
				ONLY_ACTIVE_ARCH = YES;
				SDKROOT = iphoneos;
				SWIFT_ACTIVE_COMPILATION_CONDITIONS = DEBUG;
				SWIFT_OPTIMIZATION_LEVEL = "-Onone";
			};
			name = Debug;
		};
		03972837257B4D66008B9B29 /* Release */ = {
			isa = XCBuildConfiguration;
			buildSettings = {
				ALWAYS_SEARCH_USER_PATHS = NO;
				CLANG_ANALYZER_NONNULL = YES;
				CLANG_ANALYZER_NUMBER_OBJECT_CONVERSION = YES_AGGRESSIVE;
				CLANG_CXX_LANGUAGE_STANDARD = "gnu++14";
				CLANG_CXX_LIBRARY = "libc++";
				CLANG_ENABLE_MODULES = YES;
				CLANG_ENABLE_OBJC_ARC = YES;
				CLANG_ENABLE_OBJC_WEAK = YES;
				CLANG_WARN_BLOCK_CAPTURE_AUTORELEASING = YES;
				CLANG_WARN_BOOL_CONVERSION = YES;
				CLANG_WARN_COMMA = YES;
				CLANG_WARN_CONSTANT_CONVERSION = YES;
				CLANG_WARN_DEPRECATED_OBJC_IMPLEMENTATIONS = YES;
				CLANG_WARN_DIRECT_OBJC_ISA_USAGE = YES_ERROR;
				CLANG_WARN_DOCUMENTATION_COMMENTS = YES;
				CLANG_WARN_EMPTY_BODY = YES;
				CLANG_WARN_ENUM_CONVERSION = YES;
				CLANG_WARN_INFINITE_RECURSION = YES;
				CLANG_WARN_INT_CONVERSION = YES;
				CLANG_WARN_NON_LITERAL_NULL_CONVERSION = YES;
				CLANG_WARN_OBJC_IMPLICIT_RETAIN_SELF = YES;
				CLANG_WARN_OBJC_LITERAL_CONVERSION = YES;
				CLANG_WARN_OBJC_ROOT_CLASS = YES_ERROR;
				CLANG_WARN_QUOTED_INCLUDE_IN_FRAMEWORK_HEADER = YES;
				CLANG_WARN_RANGE_LOOP_ANALYSIS = YES;
				CLANG_WARN_STRICT_PROTOTYPES = YES;
				CLANG_WARN_SUSPICIOUS_MOVE = YES;
				CLANG_WARN_UNGUARDED_AVAILABILITY = YES_AGGRESSIVE;
				CLANG_WARN_UNREACHABLE_CODE = YES;
				CLANG_WARN__DUPLICATE_METHOD_MATCH = YES;
				COPY_PHASE_STRIP = NO;
				DEBUG_INFORMATION_FORMAT = "dwarf-with-dsym";
				ENABLE_NS_ASSERTIONS = NO;
				ENABLE_STRICT_OBJC_MSGSEND = YES;
				GCC_C_LANGUAGE_STANDARD = gnu11;
				GCC_NO_COMMON_BLOCKS = YES;
				GCC_WARN_64_TO_32_BIT_CONVERSION = YES;
				GCC_WARN_ABOUT_RETURN_TYPE = YES_ERROR;
				GCC_WARN_UNDECLARED_SELECTOR = YES;
				GCC_WARN_UNINITIALIZED_AUTOS = YES_AGGRESSIVE;
				GCC_WARN_UNUSED_FUNCTION = YES;
				GCC_WARN_UNUSED_VARIABLE = YES;
				IPHONEOS_DEPLOYMENT_TARGET = 15.0;
				MTL_ENABLE_DEBUG_INFO = NO;
				MTL_FAST_MATH = YES;
				SDKROOT = iphoneos;
				SWIFT_COMPILATION_MODE = wholemodule;
				SWIFT_OPTIMIZATION_LEVEL = "-O";
				VALIDATE_PRODUCT = YES;
			};
			name = Release;
		};
		03972839257B4D66008B9B29 /* Debug */ = {
			isa = XCBuildConfiguration;
			buildSettings = {
				ASSETCATALOG_COMPILER_APPICON_NAME = AppIcon;
				ASSETCATALOG_COMPILER_GLOBAL_ACCENT_COLOR_NAME = AccentColor;
				CODE_SIGN_ENTITLEMENTS = SeedTool/SeedTool.entitlements;
				CODE_SIGN_IDENTITY = "Apple Development";
				"CODE_SIGN_IDENTITY[sdk=macosx*]" = "Apple Development";
				CODE_SIGN_STYLE = Automatic;
				CURRENT_PROJECT_VERSION = 62;
				DEVELOPMENT_ASSET_PATHS = "\"SeedTool/Preview Content\"";
				DEVELOPMENT_TEAM = YZHG975W3A;
				"ENABLE_HARDENED_RUNTIME[sdk=macosx*]" = YES;
				ENABLE_PREVIEWS = YES;
				INFOPLIST_FILE = SeedTool/Info.plist;
				IPHONEOS_DEPLOYMENT_TARGET = 15.1.1;
				LD_RUNPATH_SEARCH_PATHS = (
					"$(inherited)",
					"@executable_path/Frameworks",
				);
				MARKETING_VERSION = 1.6;
				PRODUCT_BUNDLE_IDENTIFIER = blockchaincommons.Fehu;
				PRODUCT_NAME = "$(TARGET_NAME)";
				PROVISIONING_PROFILE_SPECIFIER = "";
				"PROVISIONING_PROFILE_SPECIFIER[sdk=macosx*]" = "";
				SUPPORTS_MACCATALYST = YES;
				SUPPORTS_MAC_DESIGNED_FOR_IPHONE_IPAD = NO;
				SWIFT_VERSION = 5.0;
				TARGETED_DEVICE_FAMILY = "1,2";
				VERSIONING_SYSTEM = "apple-generic";
			};
			name = Debug;
		};
		0397283A257B4D66008B9B29 /* Release */ = {
			isa = XCBuildConfiguration;
			buildSettings = {
				ASSETCATALOG_COMPILER_APPICON_NAME = AppIcon;
				ASSETCATALOG_COMPILER_GLOBAL_ACCENT_COLOR_NAME = AccentColor;
				CODE_SIGN_ENTITLEMENTS = SeedTool/SeedTool.entitlements;
				CODE_SIGN_IDENTITY = "Apple Development";
				"CODE_SIGN_IDENTITY[sdk=macosx*]" = "Apple Development";
				CODE_SIGN_STYLE = Automatic;
				CURRENT_PROJECT_VERSION = 62;
				DEVELOPMENT_ASSET_PATHS = "\"SeedTool/Preview Content\"";
				DEVELOPMENT_TEAM = YZHG975W3A;
				"ENABLE_HARDENED_RUNTIME[sdk=macosx*]" = YES;
				ENABLE_PREVIEWS = YES;
				INFOPLIST_FILE = SeedTool/Info.plist;
				IPHONEOS_DEPLOYMENT_TARGET = 15.1.1;
				LD_RUNPATH_SEARCH_PATHS = (
					"$(inherited)",
					"@executable_path/Frameworks",
				);
				MARKETING_VERSION = 1.6;
				PRODUCT_BUNDLE_IDENTIFIER = blockchaincommons.Fehu;
				PRODUCT_NAME = "$(TARGET_NAME)";
				PROVISIONING_PROFILE_SPECIFIER = "";
				"PROVISIONING_PROFILE_SPECIFIER[sdk=macosx*]" = "";
				SUPPORTS_MACCATALYST = YES;
				SUPPORTS_MAC_DESIGNED_FOR_IPHONE_IPAD = NO;
				SWIFT_VERSION = 5.0;
				TARGETED_DEVICE_FAMILY = "1,2";
				VERSIONING_SYSTEM = "apple-generic";
			};
			name = Release;
		};
		7925D7AA25ECD3960069D18C /* Debug */ = {
			isa = XCBuildConfiguration;
			buildSettings = {
				CODE_SIGN_STYLE = Automatic;
				DEVELOPMENT_TEAM = 92TUA8H52D;
				INFOPLIST_FILE = SeedToolUITests/Info.plist;
				IPHONEOS_DEPLOYMENT_TARGET = 14.4;
				LD_RUNPATH_SEARCH_PATHS = (
					"$(inherited)",
					"@executable_path/Frameworks",
					"@loader_path/Frameworks",
				);
				PRODUCT_BUNDLE_IDENTIFIER = blockchaincommons.SeedToolUITests;
				PRODUCT_NAME = "$(TARGET_NAME)";
				SWIFT_VERSION = 5.0;
				TARGETED_DEVICE_FAMILY = "1,2";
				TEST_TARGET_NAME = SeedTool;
			};
			name = Debug;
		};
		7925D7AB25ECD3960069D18C /* Release */ = {
			isa = XCBuildConfiguration;
			buildSettings = {
				CODE_SIGN_STYLE = Automatic;
				DEVELOPMENT_TEAM = 92TUA8H52D;
				INFOPLIST_FILE = SeedToolUITests/Info.plist;
				IPHONEOS_DEPLOYMENT_TARGET = 14.4;
				LD_RUNPATH_SEARCH_PATHS = (
					"$(inherited)",
					"@executable_path/Frameworks",
					"@loader_path/Frameworks",
				);
				PRODUCT_BUNDLE_IDENTIFIER = blockchaincommons.SeedToolUITests;
				PRODUCT_NAME = "$(TARGET_NAME)";
				SWIFT_VERSION = 5.0;
				TARGETED_DEVICE_FAMILY = "1,2";
				TEST_TARGET_NAME = SeedTool;
			};
			name = Release;
		};
/* End XCBuildConfiguration section */

/* Begin XCConfigurationList section */
		03972824257B4D65008B9B29 /* Build configuration list for PBXProject "SeedTool" */ = {
			isa = XCConfigurationList;
			buildConfigurations = (
				03972836257B4D66008B9B29 /* Debug */,
				03972837257B4D66008B9B29 /* Release */,
			);
			defaultConfigurationIsVisible = 0;
			defaultConfigurationName = Release;
		};
		03972838257B4D66008B9B29 /* Build configuration list for PBXNativeTarget "SeedTool" */ = {
			isa = XCConfigurationList;
			buildConfigurations = (
				03972839257B4D66008B9B29 /* Debug */,
				0397283A257B4D66008B9B29 /* Release */,
			);
			defaultConfigurationIsVisible = 0;
			defaultConfigurationName = Release;
		};
		7925D7AC25ECD3960069D18C /* Build configuration list for PBXNativeTarget "SeedToolUITests" */ = {
			isa = XCConfigurationList;
			buildConfigurations = (
				7925D7AA25ECD3960069D18C /* Debug */,
				7925D7AB25ECD3960069D18C /* Release */,
			);
			defaultConfigurationIsVisible = 0;
			defaultConfigurationName = Release;
		};
/* End XCConfigurationList section */

/* Begin XCRemoteSwiftPackageReference section */
		037474BB2580730D00211084 /* XCRemoteSwiftPackageReference "Interpolate" */ = {
			isa = XCRemoteSwiftPackageReference;
			repositoryURL = "https://github.com/wolfmcnally/Interpolate.git";
			requirement = {
				kind = upToNextMajorVersion;
				minimumVersion = 2.0.0;
			};
		};
		037474F125810BB900211084 /* XCRemoteSwiftPackageReference "URUI" */ = {
			isa = XCRemoteSwiftPackageReference;
			repositoryURL = "https://github.com/BlockchainCommons/URUI.git";
			requirement = {
				kind = upToNextMajorVersion;
				minimumVersion = 4.0.0;
			};
		};
		03747569258140DD00211084 /* XCRemoteSwiftPackageReference "LifeHash" */ = {
			isa = XCRemoteSwiftPackageReference;
			repositoryURL = "https://github.com/BlockchainCommons/LifeHash.git";
			requirement = {
				kind = upToNextMajorVersion;
				minimumVersion = 6.0.2;
			};
		};
		0374757625814D2F00211084 /* XCRemoteSwiftPackageReference "WolfLorem" */ = {
			isa = XCRemoteSwiftPackageReference;
			repositoryURL = "https://github.com/wolfmcnally/WolfLorem.git";
			requirement = {
				kind = upToNextMajorVersion;
				minimumVersion = 2.0.3;
			};
		};
		03972844257B5C55008B9B29 /* XCRemoteSwiftPackageReference "WolfSwiftUI" */ = {
			isa = XCRemoteSwiftPackageReference;
			repositoryURL = "https://github.com/wolfmcnally/WolfSwiftUI.git";
			requirement = {
				kind = upToNextMajorVersion;
				minimumVersion = 2.0.0;
			};
		};
		790B58D226CCC01900CB518D /* XCRemoteSwiftPackageReference "swiftui-flow-layout" */ = {
			isa = XCRemoteSwiftPackageReference;
			repositoryURL = "https://github.com/globulus/swiftui-flow-layout.git";
			requirement = {
				kind = upToNextMajorVersion;
				minimumVersion = 1.0.0;
			};
		};
		790DD88B27BF629E00D6495B /* XCRemoteSwiftPackageReference "BCSwiftNFC" */ = {
			isa = XCRemoteSwiftPackageReference;
			repositoryURL = "https://github.com/BlockchainCommons/BCSwiftNFC.git";
			requirement = {
				kind = upToNextMajorVersion;
				minimumVersion = 2.0.0;
			};
		};
		7924106D283C25A000611B9F /* XCRemoteSwiftPackageReference "BCSwiftApp" */ = {
			isa = XCRemoteSwiftPackageReference;
			repositoryURL = "https://github.com/BlockchainCommons/BCSwiftApp.git";
			requirement = {
				kind = upToNextMajorVersion;
				minimumVersion = 2.0.0;
			};
		};
		793CDBC426CE2C0100FE0482 /* XCRemoteSwiftPackageReference "WolfBase" */ = {
			isa = XCRemoteSwiftPackageReference;
			repositoryURL = "https://github.com/wolfmcnally/WolfBase.git";
			requirement = {
				kind = upToNextMajorVersion;
				minimumVersion = 5.0.0;
			};
		};
		793DD7F827CDC5BA0042FB2B /* XCRemoteSwiftPackageReference "QRCodeGenerator" */ = {
			isa = XCRemoteSwiftPackageReference;
			repositoryURL = "https://github.com/BlockchainCommons/QRCodeGenerator.git";
			requirement = {
				kind = upToNextMajorVersion;
				minimumVersion = 1.0.0;
			};
		};
		796CE40227575C84008C6239 /* XCRemoteSwiftPackageReference "BCSwiftFoundation" */ = {
			isa = XCRemoteSwiftPackageReference;
			repositoryURL = "https://github.com/BlockchainCommons/BCSwiftFoundation";
			requirement = {
				kind = upToNextMajorVersion;
				minimumVersion = 4.0.0;
			};
		};
		796CE40527577DCB008C6239 /* XCRemoteSwiftPackageReference "CryptoSwift" */ = {
			isa = XCRemoteSwiftPackageReference;
			repositoryURL = "https://github.com/krzyzanowskim/CryptoSwift.git";
			requirement = {
				kind = upToNextMajorVersion;
				minimumVersion = 1.0.0;
			};
		};
		7973140C26D373C700B3D0A7 /* XCRemoteSwiftPackageReference "WolfOrdinal" */ = {
			isa = XCRemoteSwiftPackageReference;
			repositoryURL = "https://github.com/wolfmcnally/WolfOrdinal.git";
			requirement = {
				kind = upToNextMajorVersion;
				minimumVersion = 2.0.0;
			};
		};
		79DDBA6925D5311E0028EDF4 /* XCRemoteSwiftPackageReference "SwiftUIPrint" */ = {
			isa = XCRemoteSwiftPackageReference;
			repositoryURL = "https://github.com/wolfmcnally/SwiftUIPrint";
			requirement = {
				kind = upToNextMajorVersion;
				minimumVersion = 2.0.0;
			};
		};
		79EB1EAE26BE93B3009CBCFD /* XCRemoteSwiftPackageReference "Base58Swift" */ = {
			isa = XCRemoteSwiftPackageReference;
			repositoryURL = "https://github.com/keefertaylor/Base58Swift";
			requirement = {
				kind = upToNextMajorVersion;
				minimumVersion = 2.1.14;
			};
		};
/* End XCRemoteSwiftPackageReference section */

/* Begin XCSwiftPackageProductDependency section */
		037474BC2580730D00211084 /* Interpolate */ = {
			isa = XCSwiftPackageProductDependency;
			package = 037474BB2580730D00211084 /* XCRemoteSwiftPackageReference "Interpolate" */;
			productName = Interpolate;
		};
		037474F225810BB900211084 /* URUI */ = {
			isa = XCSwiftPackageProductDependency;
			package = 037474F125810BB900211084 /* XCRemoteSwiftPackageReference "URUI" */;
			productName = URUI;
		};
		0374756A258140DD00211084 /* LifeHash */ = {
			isa = XCSwiftPackageProductDependency;
			package = 03747569258140DD00211084 /* XCRemoteSwiftPackageReference "LifeHash" */;
			productName = LifeHash;
		};
		0374757725814D2F00211084 /* WolfLorem */ = {
			isa = XCSwiftPackageProductDependency;
			package = 0374757625814D2F00211084 /* XCRemoteSwiftPackageReference "WolfLorem" */;
			productName = WolfLorem;
		};
		03972845257B5C55008B9B29 /* WolfSwiftUI */ = {
			isa = XCSwiftPackageProductDependency;
			package = 03972844257B5C55008B9B29 /* XCRemoteSwiftPackageReference "WolfSwiftUI" */;
			productName = WolfSwiftUI;
		};
		790B58D326CCC01900CB518D /* SwiftUIFlowLayout */ = {
			isa = XCSwiftPackageProductDependency;
			package = 790B58D226CCC01900CB518D /* XCRemoteSwiftPackageReference "swiftui-flow-layout" */;
			productName = SwiftUIFlowLayout;
		};
		790DD88C27BF629E00D6495B /* NFC */ = {
			isa = XCSwiftPackageProductDependency;
			package = 790DD88B27BF629E00D6495B /* XCRemoteSwiftPackageReference "BCSwiftNFC" */;
			productName = NFC;
		};
		7924106E283C25A000611B9F /* BCApp */ = {
			isa = XCSwiftPackageProductDependency;
			package = 7924106D283C25A000611B9F /* XCRemoteSwiftPackageReference "BCSwiftApp" */;
			productName = BCApp;
		};
		793CDBC526CE2C0100FE0482 /* WolfBase */ = {
			isa = XCSwiftPackageProductDependency;
			package = 793CDBC426CE2C0100FE0482 /* XCRemoteSwiftPackageReference "WolfBase" */;
			productName = WolfBase;
		};
		793DD7F927CDC5BA0042FB2B /* QRCodeGenerator */ = {
			isa = XCSwiftPackageProductDependency;
			package = 793DD7F827CDC5BA0042FB2B /* XCRemoteSwiftPackageReference "QRCodeGenerator" */;
			productName = QRCodeGenerator;
		};
		796CE40327575C84008C6239 /* BCFoundation */ = {
			isa = XCSwiftPackageProductDependency;
			package = 796CE40227575C84008C6239 /* XCRemoteSwiftPackageReference "BCSwiftFoundation" */;
			productName = BCFoundation;
		};
		796CE40627577DCB008C6239 /* CryptoSwift */ = {
			isa = XCSwiftPackageProductDependency;
			package = 796CE40527577DCB008C6239 /* XCRemoteSwiftPackageReference "CryptoSwift" */;
			productName = CryptoSwift;
		};
		7973140D26D373C700B3D0A7 /* WolfOrdinal */ = {
			isa = XCSwiftPackageProductDependency;
			package = 7973140C26D373C700B3D0A7 /* XCRemoteSwiftPackageReference "WolfOrdinal" */;
			productName = WolfOrdinal;
		};
		79DDBA6A25D5311E0028EDF4 /* SwiftUIPrint */ = {
			isa = XCSwiftPackageProductDependency;
			package = 79DDBA6925D5311E0028EDF4 /* XCRemoteSwiftPackageReference "SwiftUIPrint" */;
			productName = SwiftUIPrint;
		};
		79EB1EAF26BE93B3009CBCFD /* Base58Swift */ = {
			isa = XCSwiftPackageProductDependency;
			package = 79EB1EAE26BE93B3009CBCFD /* XCRemoteSwiftPackageReference "Base58Swift" */;
			productName = Base58Swift;
		};
/* End XCSwiftPackageProductDependency section */
	};
	rootObject = 03972821257B4D65008B9B29 /* Project object */;
}
