{
  "object": {
    "pins": [
      {
        "package": "Interpolate",
        "repositoryURL": "https://github.com/wolfmcnally/Interpolate.git",
        "state": {
          "branch": null,
          "revision": "cad65277245007680c8701cf08f3bdd0c357ff21",
          "version": "0.1.0"
        }
      },
      {
        "package": "LifeHash",
        "repositoryURL": "https://github.com/BlockchainCommons/LifeHash.git",
        "state": {
          "branch": null,
          "revision": "73229c279377cdd17cede1670e89ddc427d88497",
          "version": "4.2.0"
        }
      },
      {
        "package": "swift-numerics",
        "repositoryURL": "https://github.com/apple/swift-numerics",
        "state": {
          "branch": null,
          "revision": "6b24333510e9044cf4716a07bed65eeed6bc6393",
          "version": "0.0.8"
        }
      },
      {
        "package": "URKit",
        "repositoryURL": "https://github.com/BlockchainCommons/URKit.git",
        "state": {
          "branch": null,
          "revision": "d8bd505b2e6b3a85ed7cf1c5b4b2499b7f9958f8",
          "version": "2.0.0"
        }
      },
      {
        "package": "URUI",
        "repositoryURL": "https://github.com/BlockchainCommons/URUI.git",
        "state": {
          "branch": null,
          "revision": "f1701c016e9f78c3f1d3a9f7656ef85df594a549",
          "version": "1.0.0"
        }
      },
      {
        "package": "WolfLorem",
        "repositoryURL": "https://github.com/wolfmcnally/WolfLorem.git",
        "state": {
          "branch": null,
          "revision": "31282c368b5f04e2933315c37549f7df685e65eb",
          "version": "2.1.0"
        }
      },
      {
        "package": "WolfSwiftUI",
        "repositoryURL": "https://github.com/wolfmcnally/WolfSwiftUI.git",
        "state": {
          "branch": null,
          "revision": "8306402b7e98b69cc3cf453ca82788e986157ccb",
          "version": "1.1.1"
        }
      }
    ]
  },
  "version": 1
}
