{
  "originHash" : "e15468bb193957983e0f3e7426cbfdab9e4ce6d0fdcc567dbea4964015f2409b",
  "pins" : [
    {
      "identity" : "attributedtext",
      "kind" : "remoteSourceControl",
      "location" : "https://github.com/gonzalezreal/AttributedText",
      "state" : {
        "revision" : "0e811cb14de367bbd58a94d12259687e5ee08bea",
        "version" : "1.0.1"
      }
    },
    {
      "identity" : "base58swift",
      "kind" : "remoteSourceControl",
      "location" : "https://github.com/keefertaylor/Base58Swift",
      "state" : {
        "revision" : "1c13ea6b07f1584660526f8bde3d4cc150e91acd",
        "version" : "2.1.14"
      }
    },
    {
      "identity" : "bc-lifehash",
      "kind" : "remoteSourceControl",
      "location" : "https://github.com/BlockchainCommons/bc-lifehash",
      "state" : {
        "revision" : "9f1d125749b763b932619e682588bb7f26933d29",
        "version" : "0.4.1"
      }
    },
    {
      "identity" : "bcswiftapp",
      "kind" : "remoteSourceControl",
      "location" : "https://github.com/BlockchainCommons/BCSwiftApp.git",
      "state" : {
        "revision" : "9d01e3be2670fc78fb7a910f78219286a05859d3",
        "version" : "11.0.1"
      }
    },
    {
      "identity" : "bcswiftcrypto",
      "kind" : "remoteSourceControl",
      "location" : "https://github.com/BlockchainCommons/BCSwiftCrypto.git",
      "state" : {
        "revision" : "758e1fb13ccff79778acfaec885b680bb966ec3d",
        "version" : "6.0.0"
      }
    },
    {
      "identity" : "bcswiftdcbor",
      "kind" : "remoteSourceControl",
      "location" : "https://github.com/BlockchainCommons/BCSwiftDCBOR",
      "state" : {
        "revision" : "21efa67ada2f22a6c277e1961f1059bb376e9b1a",
        "version" : "2.0.2"
      }
    },
    {
      "identity" : "bcswiftenvelope",
      "kind" : "remoteSourceControl",
      "location" : "https://github.com/BlockchainCommons/BCSwiftEnvelope.git",
      "state" : {
        "revision" : "5987080e165ea26c35381054b30308f009165395",
        "version" : "5.0.0"
      }
    },
    {
      "identity" : "bcswiftfloat16",
      "kind" : "remoteSourceControl",
      "location" : "https://github.com/blockchaincommons/BCSwiftFloat16.git",
      "state" : {
        "revision" : "a27f3935a7b1db715713eda67369b02feade2ded",
        "version" : "2.0.0"
      }
    },
    {
      "identity" : "bcswiftfoundation",
      "kind" : "remoteSourceControl",
      "location" : "https://github.com/BlockchainCommons/BCSwiftFoundation",
      "state" : {
        "revision" : "fd0b9e7cf21425ce9812d21d06f407f95d27d6be",
        "version" : "13.0.0"
      }
    },
    {
      "identity" : "bcswiftkeys",
      "kind" : "remoteSourceControl",
      "location" : "https://github.com/BlockchainCommons/BCSwiftKeys",
      "state" : {
        "revision" : "a345d0d5243b6940fe43aa7ab326816ffe0394ce",
        "version" : "0.2.0"
      }
    },
    {
      "identity" : "bcswiftknownvalues",
      "kind" : "remoteSourceControl",
      "location" : "https://github.com/BlockchainCommons/BCSwiftKnownValues.git",
      "state" : {
        "revision" : "d0776e86ff9c5f0da5b5f564a35921539138d444",
        "version" : "0.2.4"
      }
    },
    {
      "identity" : "bcswiftnfc",
      "kind" : "remoteSourceControl",
      "location" : "https://github.com/BlockchainCommons/BCSwiftNFC.git",
      "state" : {
        "revision" : "c28884a7e2f5bf9147acb0e21eac659c3bebb36f",
        "version" : "5.0.0"
      }
    },
    {
      "identity" : "bcswiftrandom",
      "kind" : "remoteSourceControl",
      "location" : "https://github.com/BlockchainCommons/BCSwiftRandom",
      "state" : {
        "revision" : "f24bcb01e79ce82b6d10fc2f70f12bb8b3e6d23f",
        "version" : "2.0.0"
      }
    },
    {
      "identity" : "bcswiftsecurecomponents",
      "kind" : "remoteSourceControl",
      "location" : "https://github.com/BlockchainCommons/BCSwiftSecureComponents.git",
      "state" : {
        "revision" : "2f5b5f9a725ad73aaf1c8a603d9bcce93d29237e",
        "version" : "9.0.0"
      }
    },
    {
      "identity" : "bcswifttags",
      "kind" : "remoteSourceControl",
      "location" : "https://github.com/BlockchainCommons/BCSwiftTags.git",
      "state" : {
        "revision" : "ced8d92c7cc53375cdf9806c59251fe0161f02ec",
        "version" : "0.2.3"
      }
    },
    {
      "identity" : "bigint",
      "kind" : "remoteSourceControl",
      "location" : "https://github.com/attaswift/BigInt.git",
      "state" : {
        "revision" : "0ed110f7555c34ff468e72e1686e59721f2b0da6",
        "version" : "5.3.0"
      }
    },
    {
      "identity" : "blake2.swift",
      "kind" : "remoteSourceControl",
      "location" : "https://github.com/tesseract-one/Blake2.swift.git",
      "state" : {
        "revision" : "29c55c8fe42d6661e5a32cc5bbbad1fff64fd01e",
        "version" : "0.2.0"
      }
    },
    {
      "identity" : "combine-schedulers",
      "kind" : "remoteSourceControl",
      "location" : "https://github.com/pointfreeco/combine-schedulers",
      "state" : {
        "revision" : "0625932976b3ae23949f6b816d13bd97f3b40b7c",
        "version" : "0.10.0"
      }
    },
    {
      "identity" : "cryptoswift",
      "kind" : "remoteSourceControl",
      "location" : "https://github.com/krzyzanowskim/CryptoSwift.git",
      "state" : {
        "revision" : "7892a123f7e8d0fe62f9f03728b17bbd4f94df5c",
        "version" : "1.8.1"
      }
    },
    {
      "identity" : "flexer",
      "kind" : "remoteSourceControl",
      "location" : "https://github.com/ChimeHQ/Flexer.git",
      "state" : {
        "revision" : "6a3ab33a479bf9e3a057b29e3708569c1dc9460f",
        "version" : "0.2.0"
      }
    },
    {
      "identity" : "graph",
      "kind" : "remoteSourceControl",
      "location" : "https://github.com/WolfMcNally/Graph.git",
      "state" : {
        "revision" : "15c61ae9ef8da4957dcbe20e8892210006d8c010",
        "version" : "2.0.0"
      }
    },
    {
      "identity" : "graphdot",
      "kind" : "remoteSourceControl",
      "location" : "https://github.com/WolfMcNally/GraphDot.git",
      "state" : {
        "revision" : "1154f3cf7b8822c140748c631144a4dc2b13f8ec",
        "version" : "2.0.0"
      }
    },
    {
      "identity" : "graphmermaid",
      "kind" : "remoteSourceControl",
      "location" : "https://github.com/WolfMcNally/GraphMermaid.git",
      "state" : {
        "revision" : "5320e43d3fdffd458fbcd13b3afae6b6bae719bd",
        "version" : "2.0.0"
      }
    },
    {
      "identity" : "lifehash",
      "kind" : "remoteSourceControl",
      "location" : "https://github.com/BlockchainCommons/LifeHash.git",
      "state" : {
        "revision" : "cc2cecf370634177ea7708a4c2f82c4563cb6e77",
        "version" : "8.0.0"
      }
    },
    {
      "identity" : "lrucache",
      "kind" : "remoteSourceControl",
      "location" : "https://github.com/nicklockwood/LRUCache.git",
      "state" : {
        "revision" : "542f0449556327415409ededc9c43a4bd0a397dc",
        "version" : "1.0.7"
      }
    },
    {
      "identity" : "markdownui",
      "kind" : "remoteSourceControl",
      "location" : "https://github.com/gonzalezreal/MarkdownUI.git",
      "state" : {
        "revision" : "6a33c60ad430772d69ac5278e35474d6b3e5d30a",
        "version" : "1.1.1"
      }
    },
    {
      "identity" : "networkimage",
      "kind" : "remoteSourceControl",
      "location" : "https://github.com/gonzalezreal/NetworkImage",
      "state" : {
        "revision" : "c97f83e771c95186af80ef6118f158852a9e54be",
        "version" : "4.0.1"
      }
    },
    {
      "identity" : "qrcodegenerator",
      "kind" : "remoteSourceControl",
      "location" : "https://github.com/BlockchainCommons/QRCodeGenerator.git",
      "state" : {
        "revision" : "57f800f5dcb90942bb49ce0f8458726d1424dc64",
        "version" : "3.0.1"
      }
    },
    {
      "identity" : "secp256k1-zkp.swift",
      "kind" : "remoteSourceControl",
      "location" : "https://github.com/BlockchainCommons/secp256k1-zkp.swift.git",
      "state" : {
        "revision" : "e8f21c7d8d4dd7ac778e51427b908194f3fd9d82",
        "version" : "0.5.1"
      }
    },
    {
      "identity" : "swift-algorithms",
      "kind" : "remoteSourceControl",
      "location" : "https://github.com/apple/swift-algorithms.git",
      "state" : {
        "revision" : "f6919dfc309e7f1b56224378b11e28bab5bccc42",
        "version" : "1.2.0"
      }
    },
    {
      "identity" : "swift-collections",
      "kind" : "remoteSourceControl",
      "location" : "https://github.com/apple/swift-collections",
      "state" : {
        "revision" : "671108c96644956dddcd89dd59c203dcdb36cec7",
        "version" : "1.1.4"
      }
    },
    {
      "identity" : "swift-numberkit",
      "kind" : "remoteSourceControl",
      "location" : "https://github.com/objecthub/swift-numberkit.git",
      "state" : {
        "revision" : "33af3f9011e45dcd8ee696492d30dbcd5a8a67f3",
        "version" : "2.6.0"
      }
    },
    {
      "identity" : "swift-numerics",
      "kind" : "remoteSourceControl",
      "location" : "https://github.com/apple/swift-numerics",
      "state" : {
        "revision" : "0a5bc04095a675662cf24757cc0640aa2204253b",
        "version" : "1.0.2"
      }
    },
    {
      "identity" : "swiftcommonmark",
      "kind" : "remoteSourceControl",
      "location" : "https://github.com/gonzalezreal/SwiftCommonMark",
      "state" : {
        "revision" : "ed252beaddecce28ea6363f800c773d6169011b8",
        "version" : "1.0.0"
      }
    },
    {
      "identity" : "swiftsortedcollections",
      "kind" : "remoteSourceControl",
      "location" : "https://github.com/wolfmcnally/SwiftSortedCollections.git",
      "state" : {
        "revision" : "dd6c8e0eaef987e55a35c056d185144a7c71fc19",
        "version" : "0.1.0"
      }
    },
    {
      "identity" : "swiftui-flow-layout",
      "kind" : "remoteSourceControl",
      "location" : "https://github.com/globulus/swiftui-flow-layout.git",
      "state" : {
        "revision" : "de7da3440c3b87ba94adfa98c698828d7746a76d",
        "version" : "1.0.5"
      }
    },
    {
      "identity" : "swiftuiprint",
      "kind" : "remoteSourceControl",
      "location" : "https://github.com/wolfmcnally/SwiftUIPrint",
      "state" : {
        "revision" : "78b52fa14fcd01712b46abed47eeb7384fc4ed9e",
        "version" : "4.0.0"
      }
    },
    {
      "identity" : "treedistance",
      "kind" : "remoteSourceControl",
      "location" : "https://github.com/WolfMcNally/TreeDistance.git",
      "state" : {
        "revision" : "492936ff9b98d8558b5bf50a41be6034fac71e4f",
        "version" : "2.0.0"
      }
    },
    {
      "identity" : "uiimagecolors",
      "kind" : "remoteSourceControl",
      "location" : "https://github.com/wolfmcnally/UIImageColors.git",
      "state" : {
        "revision" : "b369dddfd6af980db771e01f9858bbc7fd45f7e6",
        "version" : "3.0.0"
      }
    },
    {
      "identity" : "urkit",
      "kind" : "remoteSourceControl",
      "location" : "https://github.com/BlockchainCommons/URKit.git",
      "state" : {
        "revision" : "c7cf16b03ce061c2d461fb4c635cc27c9e1d00e3",
        "version" : "15.0.0"
      }
    },
    {
      "identity" : "urui",
      "kind" : "remoteSourceControl",
      "location" : "https://github.com/BlockchainCommons/URUI.git",
      "state" : {
        "revision" : "c1b0ac2d0ba77741f00f439d311e7c85ee26a70a",
        "version" : "12.0.0"
      }
    },
    {
      "identity" : "wolfbase",
      "kind" : "remoteSourceControl",
      "location" : "https://github.com/WolfMcNally/WolfBase",
      "state" : {
        "revision" : "495afcaa7656b46663ddc6d3289c969c26367505",
        "version" : "7.0.1"
      }
    },
    {
      "identity" : "wolflorem",
      "kind" : "remoteSourceControl",
      "location" : "https://github.com/wolfmcnally/WolfLorem.git",
      "state" : {
        "revision" : "89883574604db6c3f1e262e50abcdd713402dcd4",
        "version" : "4.0.0"
      }
    },
    {
      "identity" : "wolfordinal",
      "kind" : "remoteSourceControl",
      "location" : "https://github.com/wolfmcnally/WolfOrdinal.git",
      "state" : {
        "revision" : "c453b152e084da129481042aea7c26a5e9af6e86",
        "version" : "4.0.0"
      }
    },
    {
      "identity" : "wolfswiftui",
      "kind" : "remoteSourceControl",
      "location" : "https://github.com/wolfmcnally/WolfSwiftUI.git",
      "state" : {
        "revision" : "5310ed32ed53cc3a69e95d3ae603d149699fa51e",
        "version" : "4.0.0"
      }
    },
    {
      "identity" : "xctest-dynamic-overlay",
      "kind" : "remoteSourceControl",
      "location" : "https://github.com/pointfreeco/xctest-dynamic-overlay",
      "state" : {
        "revision" : "4af50b38daf0037cfbab15514a241224c3f62f98",
        "version" : "0.8.5"
      }
    }
  ],
  "version" : 3
}
